{
    "version": 3,
    "terraform_version": "0.11.13",
    "serial": 6,
    "lineage": "010b4d2b-cb2f-b422-eed4-1036d0709a0e",
    "modules": [
        {
            "path": [
                "root"
            ],
            "outputs": {
                "client_certificate": {
                    "sensitive": false,
                    "type": "string",
                    "value": "LS0tLS1CRUdJTiBDRVJUSUZJQ0FURS0tLS0tCk1JSUMyekNDQWNPZ0F3SUJBZ0lSQU5pdU5UVmVGVllzQ3creTVSTTFSY1F3RFFZSktvWklodmNOQVFFTEJRQXcKTHpFdE1Dc0dBMVVFQXhNa05USmlZVGRoT1RRdE5ETmxZaTAwTW1JNExUZ3dPREF0TURGbU4yTXhNVEJsTWpJNQpNQjRYRFRFNU1ETXhPREEzTlRReE1Wb1hEVEkwTURNeE5qQTNOVFF4TVZvd0VURVBNQTBHQTFVRUF4TUdZMnhwClpXNTBNSUlCSWpBTkJna3Foa2lHOXcwQkFRRUZBQU9DQVE4QU1JSUJDZ0tDQVFFQW9nRnVkU09pbUJoTGl4SjAKQ29TeHc4QkxkNUlHTkh0WHpzR3pnUGRGUXE3T0FzNmptUldhbXAwM0JHWGxMNUl1ZmhENDlFdW8xSmFhb0tDaAppK2JBN05EbEIxYmpNN3ZCV0lRNDNGZ2xpNzU1ekZUbVhqeDJUT1RtYzl5bHQySG1iN1dVZGZMMXQ1Q2gxOXE4CnNmVWZaN2VTV0ZTQWswUjlSRnZINkI3ZHM5am9TVmE2Q2JJR3NFOEVxYUhCcFRsZXJNVE5KbmNRVEtGcVVpYXgKTEVaaXNNZTdYNW9SV0FMQ091MEdhOFdzbjZsNUhOQ0hXV3NsNlkrb3JmUnRXaDNaS2FTZ05MMy9rVnNsVHdmdgo4THd2YmVWdnptRjAwRnVXbUJ3eW5iUjk0Q1VRTjZ1bDFUMnBlL3VrQm5keVZHVVhDS1M3OEFlZUNIbXlweTFkCjVCa1Fmd0lEQVFBQm94QXdEakFNQmdOVkhSTUJBZjhFQWpBQU1BMEdDU3FHU0liM0RRRUJDd1VBQTRJQkFRQWUKUUVBbFJXU0o5U3hjK3FDdnJWTDhIWEF0S0dXMlhRSkQyeXdsN1BocGdTR3ZINGFSN0RYNGVlcUNmK0Y3UmFkcApTY1hWN3RPbGNUa2pOcnNmUGVrSk0yRi8zVnJQd0hIT3dEdGxvS0oxL3lhaVlZMkRLaHNNNFJadXZwSENVeCtzCmZ4UnhERXQ5djc0TU5RZVVKMFBCZTNFS0ZZd3NmSkp1RWNyaXk3M2I4L1ZVOU8wUGVTWDF6VEpJSzlCZGllTEcKM1lQYkk3T1RQQVhaVU4xMERtcVQ5USsycTdvczBjeW1vaWhDMVBsN3dsUWZSREdSYXZDMCtHOEZrcDdFZ09aQQp4dEs2S0piUkdjMEgzVWkrSlo5RGdRWTUrUkZlK2NSYXV5M05nNHhOVjN4b3JuUllvM0JGcUlUYktxRDd5eURYCm04K2ZoT0VRTS8vcmNOaDVWM2xRCi0tLS0tRU5EIENFUlRJRklDQVRFLS0tLS0K"
                },
                "client_key": {
                    "sensitive": false,
                    "type": "string",
                    "value": "LS0tLS1CRUdJTiBSU0EgUFJJVkFURSBLRVktLS0tLQpNSUlFb3dJQkFBS0NBUUVBb2dGdWRTT2ltQmhMaXhKMENvU3h3OEJMZDVJR05IdFh6c0d6Z1BkRlFxN09BczZqCm1SV2FtcDAzQkdYbEw1SXVmaEQ0OUV1bzFKYWFvS0NoaStiQTdORGxCMWJqTTd2QldJUTQzRmdsaTc1NXpGVG0KWGp4MlRPVG1jOXlsdDJIbWI3V1VkZkwxdDVDaDE5cThzZlVmWjdlU1dGU0FrMFI5UkZ2SDZCN2RzOWpvU1ZhNgpDYklHc0U4RXFhSEJwVGxlck1UTkpuY1FUS0ZxVWlheExFWmlzTWU3WDVvUldBTENPdTBHYThXc242bDVITkNICldXc2w2WStvcmZSdFdoM1pLYVNnTkwzL2tWc2xUd2Z2OEx3dmJlVnZ6bUYwMEZ1V21Cd3luYlI5NENVUU42dWwKMVQycGUvdWtCbmR5VkdVWENLUzc4QWVlQ0hteXB5MWQ1QmtRZndJREFRQUJBb0lCQUJxVlpZeXZOa1VDNTVLQQppcTRYTEJ4VTk0MDlWdXRSdWd6aFdCVTNmaFA5SHl6eXY0R2xPK05YSE9vSjFsdkIvd01Nd2UxRVpRWE5XTDQyCjNZdFphQnIwQkVENkR2bzBPdnZOWm84eG42ZVlyOS9KcHF1Yi9FV040Z3J0RC94UmdrQ2VhU2dab0J4cERVV2cKVFFwZWtMS3lPcjluemxsY0Nib24zVnZIaE5XMzVSODZSQm1XNUJDMDlzUnlxNk80dHVNVGRIL2VLd0RnbjRwbApkaHFPNVNaMDRQcjJnMXdIdTIyQzNtQ0lJYzVMWlpVdkt0cm80dzhmVTVMZmtMNmpoUFBTVWVMRVVmREwvS0g4CjNiSG5rcFpsWm1iblRFeHNBTEFvenA3S1p5b0Njcmc3Vy9BdHE5SnlHN0lTdU41aHBYaGZoK1FmdGxVcWorc1UKeW1sT1djRUNnWUVBMks1ZjhUR3U0NFZFQ01LbC95SDRlbjFaMHBDc00ySGVjZllvbHJlWElQQzZGcEVCeXdqdQpGa1JaSVFpZ2NvT0t4MDRoakJiblZRckhwN2Z1dDZLMFhUSEp6NGx6SURqcitneW9IOTE2cm95UWlHQjVqWmhJCjdCT2tITSs3NEpocko5V3ZuMEVLVjI5VDlZNHd0QXRxV0ZlUGd2MWI1RDZEdGJreUk4bGQ5aEVDZ1lFQXYyY3QKdmlLTDFaN20wQkU2SUlpVDBGWTJTTk1sWlpTOUp0bW8zb09jUkc2TFFMdnhsV3lTdFhTa2Q1Q1ozU29pNHg0ZwpoK1lEc3BjR0JmU1JIeDdjMm4xM1hVaWpwZ3MyVmdPS2JuUzdPeUhMMExaSHp5S0x3bzZHMzVZTmE4MnBzL0tmClV4bDRmNE91b1JaSTNRUFdVNTJ1aFY3WndRRTNDNW9mZUd5QnpZOENnWUJIdWNFc21DT3FVT3pxY1hSOWRnTkkKbU1Iby85YmcwMTdOSG96bEJ6VFJ4SjMwNWw5UGxFOHJzOGhGTlJQWGxFK1dGZmpvNUpRREJLUitrbFpGRjJqWgpDS2dqT1A2UkJnYW5LUlZtSnV4N1p6QlkxSWFvSm1iTkx0cytaazFzMVVkelVqcm1YcU5MdWlCeXduVEF4SjZaClM3TEh5NUpsaFlRWDNZd0phSmpmNFFLQmdRQ3FKL25jYkMzUUxVR1llNWduVUFQSVZMeFJwWlE3YUMxNEdrd3IKOU9pNVZXVHFtYXE5WWhaU3htMW45ZDh6Wk1BN0ZJOXJBU3NNVzRKNVRPQ3V2K3NyT2hzaGpQQWZMeHlRL3ZqVQpGV1pWdlVmS05pSkVuTHVPck5KdWRxRmIweXdvMDJxY242b21BbFQrMUNiV2hSREdxUWw3ZThVdDlmeVBqZWFvClVoNWJOUUtCZ0g4QUFXSlpCZmRYb09tTzdqRXErTzhPYUk0S214TGFCdHdaYUpoa3d1bWxENkxqZnV3akxzWkEKNHhnSFNoY1hGbm10R0J1M0VWQmZJL3ZqZFJkcEtlblE1amhSaUg2Y0FpV0E3VVlsK0hURGQrY0JWYmFUT28zUgpvQzBYUkhYdVFtVExsVTF4T0R3Nnp4ZG9aUno4UzRHYjZMaGhJUTVvMGQzRzZEc3B4NC9XCi0tLS0tRU5EIFJTQSBQUklWQVRFIEtFWS0tLS0tCg=="
                },
                "cluster_ca_certificate": {
                    "sensitive": false,
                    "type": "string",
                    "value": "LS0tLS1CRUdJTiBDRVJUSUZJQ0FURS0tLS0tCk1JSURDekNDQWZPZ0F3SUJBZ0lRWTdJZkRJQXY4aDRsV0Y5U2g4Z1prVEFOQmdrcWhraUc5dzBCQVFzRkFEQXYKTVMwd0t3WURWUVFERXlRMU1tSmhOMkU1TkMwME0yVmlMVFF5WWpndE9EQTRNQzB3TVdZM1l6RXhNR1V5TWprdwpIaGNOTVRrd016RTRNRFkxTkRFeFdoY05NalF3TXpFMk1EYzFOREV4V2pBdk1TMHdLd1lEVlFRREV5UTFNbUpoCk4yRTVOQzAwTTJWaUxUUXlZamd0T0RBNE1DMHdNV1kzWXpFeE1HVXlNamt3Z2dFaU1BMEdDU3FHU0liM0RRRUIKQVFVQUE0SUJEd0F3Z2dFS0FvSUJBUUMvU0FOdldId3IvUi92Yzl5bjczNU1wbVBJNG0weXI4dnFPUTk3TEdSMApKRU0xYkM2UWN6eTZreHJFUGxyYjgveUFpZTdLNWU2MWNQV3R1OG9kM3p4THFJTUNySVppWURLOTVCMFRhbnAvCklsVUo1MUpNM29OOFBhUmk4MkFPQmdGTGN6TnlFNlhraUNidHRXT2I2VTJDaUhWbmxMZlZLa2ZhcHRlSStxSUUKa3Fjb1lvblo0WHpoa3N6TDNYT3RoSkVUWDVsMU5tUTEzU1g4OWZ1MzEza3lSSUFuMHVqV3RqN3RvYXpZTm5FegpnV1hnMTE2ZVZtT2U3Z1did0tRSk1TVnRkaytOVmNCMEN3UStCWkJBWm5vY014emMyckp1NE5Sd0xrRTdtSmtMCkhaM0hXbGkzVit1WlczWjVjQytmMElzOVJFSFV5THdhZEJnTFQ4UVdEaDg5QWdNQkFBR2pJekFoTUE0R0ExVWQKRHdFQi93UUVBd0lDQkRBUEJnTlZIUk1CQWY4RUJUQURBUUgvTUEwR0NTcUdTSWIzRFFFQkN3VUFBNElCQVFBYQp2R21kTi81WWJkSEg5UnoyL3FlYXIrZ1k3amZiODZTVmhWd1JWZXBGemkwOURneS9Ra3hJQzVLN1kyOTN2WDJ5CnZwVFprOE5QWkZRT2FMN3ZEbGdUQUhZdGRBRy9vUlZWMy8wUld3Wll5SWNUemp4cE9Vck9Yb2hmWmI0TXJBQjYKQmpjQmZMNlF4aUkwUzlEdE0zYjRnNHQ2eDcwTHpwMTlxSGd3dnBFTDh2WFViQkZPNXJHZUV6VDN6eEhlWVdDSgpHN0RqUzdVTzgzYkpsMWZicEVNeHY4UkE0NmR2UkdIZkVHdi9mVDkybzVpT1hYbStCdXNwY2NzNW81RFRjcDA2Cm5CZ2VwbEtrVlNCQ2FqclFyQlAwU09kNmtTZ2lQM3F2TmEvcndUNTZzMUpPSlVnazN3eHZzT2tMd1hWM0F0cGwKOHY2OUdsNGoxdnZDQTFld0I3d0oKLS0tLS1FTkQgQ0VSVElGSUNBVEUtLS0tLQo="
                }
            },
            "resources": {
                "google_cloudbuild_trigger.cd-trigger": {
                    "type": "google_cloudbuild_trigger",
                    "depends_on": [],
                    "primary": {
                        "id": "ca-rpa-dev/74886892-10e3-4846-9925-5a280d9580c0",
                        "attributes": {
                            "build.#": "0",
                            "create_time": "2019-03-18T06:40:27.735851434Z",
                            "description": "",
                            "disabled": "",
                            "filename": "cloudbuild.yaml",
                            "id": "ca-rpa-dev/74886892-10e3-4846-9925-5a280d9580c0",
                            "ignored_files.#": "0",
                            "included_files.#": "0",
                            "project": "ca-rpa-dev",
                            "substitutions.%": "0",
                            "trigger_id": "74886892-10e3-4846-9925-5a280d9580c0",
                            "trigger_template.#": "1",
                            "trigger_template.0.branch_name": "dev",
                            "trigger_template.0.commit_sha": "",
                            "trigger_template.0.dir": "",
                            "trigger_template.0.project_id": "ca-rpa-dev",
                            "trigger_template.0.repo_name": "terraform-env-repo-dev",
                            "trigger_template.0.tag_name": ""
                        },
                        "meta": {
                            "e2bfb730-ecaa-11e6-8f88-34363bc7c4c0": {
                                "create": 240000000000,
                                "delete": 240000000000,
                                "update": 240000000000
                            },
                            "schema_version": "1"
                        },
                        "tainted": false
                    },
                    "deposed": [],
                    "provider": "provider.google"
                },
                "google_cloudbuild_trigger.ci-trigger": {
                    "type": "google_cloudbuild_trigger",
                    "depends_on": [],
                    "primary": {
                        "id": "ca-rpa-dev/45ed3ddf-7d98-4532-b01e-26f2ee3f3401",
                        "attributes": {
                            "build.#": "0",
                            "create_time": "2019-03-18T06:40:28.515833599Z",
                            "description": "",
                            "disabled": "",
                            "filename": "cloudbuild.yaml",
                            "id": "ca-rpa-dev/45ed3ddf-7d98-4532-b01e-26f2ee3f3401",
                            "ignored_files.#": "0",
                            "included_files.#": "0",
                            "project": "ca-rpa-dev",
                            "substitutions.%": "0",
                            "trigger_id": "45ed3ddf-7d98-4532-b01e-26f2ee3f3401",
                            "trigger_template.#": "1",
                            "trigger_template.0.branch_name": "master",
                            "trigger_template.0.commit_sha": "",
                            "trigger_template.0.dir": "",
                            "trigger_template.0.project_id": "ca-rpa-dev",
                            "trigger_template.0.repo_name": "terraform-app1-repo-dev",
                            "trigger_template.0.tag_name": ""
                        },
                        "meta": {
                            "e2bfb730-ecaa-11e6-8f88-34363bc7c4c0": {
                                "create": 240000000000,
                                "delete": 240000000000,
                                "update": 240000000000
                            },
                            "schema_version": "1"
                        },
                        "tainted": false
                    },
                    "deposed": [],
                    "provider": "provider.google"
                },
                "google_compute_network.terraform-network-dev": {
                    "type": "google_compute_network",
                    "depends_on": [],
                    "primary": {
                        "id": "terraform-network-dev",
                        "attributes": {
                            "auto_create_subnetworks": "true",
                            "description": "",
                            "gateway_ipv4": "",
                            "id": "terraform-network-dev",
                            "ipv4_range": "",
                            "name": "terraform-network-dev",
                            "project": "ca-rpa-dev",
                            "routing_mode": "REGIONAL",
                            "self_link": "https://www.googleapis.com/compute/v1/projects/ca-rpa-dev/global/networks/terraform-network-dev"
                        },
                        "meta": {
                            "e2bfb730-ecaa-11e6-8f88-34363bc7c4c0": {
                                "create": 240000000000,
                                "delete": 240000000000,
                                "update": 240000000000
                            }
                        },
                        "tainted": false
                    },
                    "deposed": [],
                    "provider": "provider.google"
                },
                "google_compute_router.terraform-router-dev": {
                    "type": "google_compute_router",
                    "depends_on": [
                        "google_compute_network.terraform-network-dev",
                        "google_compute_subnetwork.terrform-subnet1-dev"
                    ],
                    "primary": {
                        "id": "asia-northeast1/terraform-router-dev",
                        "attributes": {
                            "bgp.#": "0",
                            "creation_timestamp": "2019-03-17T23:41:23.555-07:00",
                            "description": "",
                            "id": "asia-northeast1/terraform-router-dev",
                            "name": "terraform-router-dev",
                            "network": "https://www.googleapis.com/compute/v1/projects/ca-rpa-dev/global/networks/terraform-network-dev",
                            "project": "ca-rpa-dev",
                            "region": "asia-northeast1",
                            "self_link": "https://www.googleapis.com/compute/v1/projects/ca-rpa-dev/regions/asia-northeast1/routers/terraform-router-dev"
                        },
                        "meta": {
                            "e2bfb730-ecaa-11e6-8f88-34363bc7c4c0": {
                                "create": 240000000000,
                                "delete": 240000000000,
                                "update": 240000000000
                            }
                        },
                        "tainted": false
                    },
                    "deposed": [],
                    "provider": "provider.google"
                },
                "google_compute_router_nat.terraform-nat": {
                    "type": "google_compute_router_nat",
                    "depends_on": [
                        "google_compute_router.terraform-router-dev"
                    ],
                    "primary": {
                        "id": "asia-northeast1/terraform-router-dev/terraform-nat",
                        "attributes": {
                            "icmp_idle_timeout_sec": "0",
                            "id": "asia-northeast1/terraform-router-dev/terraform-nat",
                            "min_ports_per_vm": "0",
                            "name": "terraform-nat",
                            "nat_ip_allocate_option": "AUTO_ONLY",
                            "nat_ips.#": "0",
                            "project": "ca-rpa-dev",
                            "region": "asia-northeast1",
                            "router": "terraform-router-dev",
                            "source_subnetwork_ip_ranges_to_nat": "ALL_SUBNETWORKS_ALL_IP_RANGES",
                            "subnetwork.#": "0",
                            "tcp_established_idle_timeout_sec": "0",
                            "tcp_transitory_idle_timeout_sec": "0",
                            "udp_idle_timeout_sec": "0"
                        },
                        "meta": {
                            "e2bfb730-ecaa-11e6-8f88-34363bc7c4c0": {
                                "create": 600000000000,
                                "delete": 600000000000
                            }
                        },
                        "tainted": false
                    },
                    "deposed": [],
                    "provider": "provider.google"
                },
                "google_compute_subnetwork.terrform-subnet1-dev": {
                    "type": "google_compute_subnetwork",
                    "depends_on": [
                        "google_compute_network.terraform-network-dev"
                    ],
                    "primary": {
                        "id": "asia-northeast1/terrform-subnet1-dev",
                        "attributes": {
                            "creation_timestamp": "2019-03-17T23:41:06.022-07:00",
                            "description": "",
                            "enable_flow_logs": "false",
                            "fingerprint": "s8zBcjw7V7A=",
                            "gateway_address": "192.168.10.1",
                            "id": "asia-northeast1/terrform-subnet1-dev",
                            "ip_cidr_range": "192.168.10.0/24",
                            "name": "terrform-subnet1-dev",
                            "network": "https://www.googleapis.com/compute/v1/projects/ca-rpa-dev/global/networks/terraform-network-dev",
                            "private_ip_google_access": "false",
                            "project": "ca-rpa-dev",
                            "region": "asia-northeast1",
                            "secondary_ip_range.#": "2",
                            "secondary_ip_range.0.ip_cidr_range": "10.70.0.0/20",
                            "secondary_ip_range.0.range_name": "gke-rpa-dev-cluster-services-6db5f4a6",
                            "secondary_ip_range.1.ip_cidr_range": "10.4.0.0/14",
                            "secondary_ip_range.1.range_name": "gke-rpa-dev-cluster-pods-6db5f4a6",
                            "self_link": "https://www.googleapis.com/compute/v1/projects/ca-rpa-dev/regions/asia-northeast1/subnetworks/terrform-subnet1-dev"
                        },
                        "meta": {
                            "e2bfb730-ecaa-11e6-8f88-34363bc7c4c0": {
                                "create": 360000000000,
                                "delete": 360000000000,
                                "update": 360000000000
                            }
                        },
                        "tainted": false
                    },
                    "deposed": [],
                    "provider": "provider.google"
                },
                "google_container_cluster.primary": {
                    "type": "google_container_cluster",
                    "depends_on": [
                        "google_compute_network.terraform-network-dev",
                        "google_compute_subnetwork.terrform-subnet1-dev"
                    ],
                    "primary": {
                        "id": "rpa-dev-cluster",
                        "attributes": {
                            "additional_zones.#": "3",
                            "additional_zones.2275771321": "asia-northeast1-b",
                            "additional_zones.2663297784": "asia-northeast1-c",
                            "additional_zones.2894647418": "asia-northeast1-a",
                            "addons_config.#": "1",
                            "addons_config.0.horizontal_pod_autoscaling.#": "0",
                            "addons_config.0.http_load_balancing.#": "0",
                            "addons_config.0.kubernetes_dashboard.#": "1",
                            "addons_config.0.kubernetes_dashboard.0.disabled": "true",
                            "addons_config.0.network_policy_config.#": "1",
                            "addons_config.0.network_policy_config.0.disabled": "true",
                            "cluster_autoscaling.#": "0",
                            "cluster_ipv4_cidr": "10.4.0.0/14",
                            "description": "",
                            "enable_kubernetes_alpha": "false",
                            "enable_legacy_abac": "false",
                            "endpoint": "34.85.96.191",
                            "id": "rpa-dev-cluster",
                            "initial_node_count": "1",
                            "instance_group_urls.#": "0",
                            "ip_allocation_policy.#": "1",
                            "ip_allocation_policy.0.cluster_ipv4_cidr_block": "10.4.0.0/14",
                            "ip_allocation_policy.0.cluster_secondary_range_name": "gke-rpa-dev-cluster-pods-5b3feb48",
                            "ip_allocation_policy.0.create_subnetwork": "false",
                            "ip_allocation_policy.0.node_ipv4_cidr_block": "",
                            "ip_allocation_policy.0.services_ipv4_cidr_block": "10.70.0.0/20",
                            "ip_allocation_policy.0.services_secondary_range_name": "gke-rpa-dev-cluster-services-5b3feb48",
                            "ip_allocation_policy.0.subnetwork_name": "",
                            "ip_allocation_policy.0.use_ip_aliases": "true",
                            "logging_service": "logging.googleapis.com",
                            "maintenance_policy.#": "0",
                            "master_auth.#": "1",
                            "master_auth.0.client_certificate": "LS0tLS1CRUdJTiBDRVJUSUZJQ0FURS0tLS0tCk1JSUMyekNDQWNPZ0F3SUJBZ0lSQU5pdU5UVmVGVllzQ3creTVSTTFSY1F3RFFZSktvWklodmNOQVFFTEJRQXcKTHpFdE1Dc0dBMVVFQXhNa05USmlZVGRoT1RRdE5ETmxZaTAwTW1JNExUZ3dPREF0TURGbU4yTXhNVEJsTWpJNQpNQjRYRFRFNU1ETXhPREEzTlRReE1Wb1hEVEkwTURNeE5qQTNOVFF4TVZvd0VURVBNQTBHQTFVRUF4TUdZMnhwClpXNTBNSUlCSWpBTkJna3Foa2lHOXcwQkFRRUZBQU9DQVE4QU1JSUJDZ0tDQVFFQW9nRnVkU09pbUJoTGl4SjAKQ29TeHc4QkxkNUlHTkh0WHpzR3pnUGRGUXE3T0FzNmptUldhbXAwM0JHWGxMNUl1ZmhENDlFdW8xSmFhb0tDaAppK2JBN05EbEIxYmpNN3ZCV0lRNDNGZ2xpNzU1ekZUbVhqeDJUT1RtYzl5bHQySG1iN1dVZGZMMXQ1Q2gxOXE4CnNmVWZaN2VTV0ZTQWswUjlSRnZINkI3ZHM5am9TVmE2Q2JJR3NFOEVxYUhCcFRsZXJNVE5KbmNRVEtGcVVpYXgKTEVaaXNNZTdYNW9SV0FMQ091MEdhOFdzbjZsNUhOQ0hXV3NsNlkrb3JmUnRXaDNaS2FTZ05MMy9rVnNsVHdmdgo4THd2YmVWdnptRjAwRnVXbUJ3eW5iUjk0Q1VRTjZ1bDFUMnBlL3VrQm5keVZHVVhDS1M3OEFlZUNIbXlweTFkCjVCa1Fmd0lEQVFBQm94QXdEakFNQmdOVkhSTUJBZjhFQWpBQU1BMEdDU3FHU0liM0RRRUJDd1VBQTRJQkFRQWUKUUVBbFJXU0o5U3hjK3FDdnJWTDhIWEF0S0dXMlhRSkQyeXdsN1BocGdTR3ZINGFSN0RYNGVlcUNmK0Y3UmFkcApTY1hWN3RPbGNUa2pOcnNmUGVrSk0yRi8zVnJQd0hIT3dEdGxvS0oxL3lhaVlZMkRLaHNNNFJadXZwSENVeCtzCmZ4UnhERXQ5djc0TU5RZVVKMFBCZTNFS0ZZd3NmSkp1RWNyaXk3M2I4L1ZVOU8wUGVTWDF6VEpJSzlCZGllTEcKM1lQYkk3T1RQQVhaVU4xMERtcVQ5USsycTdvczBjeW1vaWhDMVBsN3dsUWZSREdSYXZDMCtHOEZrcDdFZ09aQQp4dEs2S0piUkdjMEgzVWkrSlo5RGdRWTUrUkZlK2NSYXV5M05nNHhOVjN4b3JuUllvM0JGcUlUYktxRDd5eURYCm04K2ZoT0VRTS8vcmNOaDVWM2xRCi0tLS0tRU5EIENFUlRJRklDQVRFLS0tLS0K",
                            "master_auth.0.client_certificate_config.#": "0",
                            "master_auth.0.client_key": "LS0tLS1CRUdJTiBSU0EgUFJJVkFURSBLRVktLS0tLQpNSUlFb3dJQkFBS0NBUUVBb2dGdWRTT2ltQmhMaXhKMENvU3h3OEJMZDVJR05IdFh6c0d6Z1BkRlFxN09BczZqCm1SV2FtcDAzQkdYbEw1SXVmaEQ0OUV1bzFKYWFvS0NoaStiQTdORGxCMWJqTTd2QldJUTQzRmdsaTc1NXpGVG0KWGp4MlRPVG1jOXlsdDJIbWI3V1VkZkwxdDVDaDE5cThzZlVmWjdlU1dGU0FrMFI5UkZ2SDZCN2RzOWpvU1ZhNgpDYklHc0U4RXFhSEJwVGxlck1UTkpuY1FUS0ZxVWlheExFWmlzTWU3WDVvUldBTENPdTBHYThXc242bDVITkNICldXc2w2WStvcmZSdFdoM1pLYVNnTkwzL2tWc2xUd2Z2OEx3dmJlVnZ6bUYwMEZ1V21Cd3luYlI5NENVUU42dWwKMVQycGUvdWtCbmR5VkdVWENLUzc4QWVlQ0hteXB5MWQ1QmtRZndJREFRQUJBb0lCQUJxVlpZeXZOa1VDNTVLQQppcTRYTEJ4VTk0MDlWdXRSdWd6aFdCVTNmaFA5SHl6eXY0R2xPK05YSE9vSjFsdkIvd01Nd2UxRVpRWE5XTDQyCjNZdFphQnIwQkVENkR2bzBPdnZOWm84eG42ZVlyOS9KcHF1Yi9FV040Z3J0RC94UmdrQ2VhU2dab0J4cERVV2cKVFFwZWtMS3lPcjluemxsY0Nib24zVnZIaE5XMzVSODZSQm1XNUJDMDlzUnlxNk80dHVNVGRIL2VLd0RnbjRwbApkaHFPNVNaMDRQcjJnMXdIdTIyQzNtQ0lJYzVMWlpVdkt0cm80dzhmVTVMZmtMNmpoUFBTVWVMRVVmREwvS0g4CjNiSG5rcFpsWm1iblRFeHNBTEFvenA3S1p5b0Njcmc3Vy9BdHE5SnlHN0lTdU41aHBYaGZoK1FmdGxVcWorc1UKeW1sT1djRUNnWUVBMks1ZjhUR3U0NFZFQ01LbC95SDRlbjFaMHBDc00ySGVjZllvbHJlWElQQzZGcEVCeXdqdQpGa1JaSVFpZ2NvT0t4MDRoakJiblZRckhwN2Z1dDZLMFhUSEp6NGx6SURqcitneW9IOTE2cm95UWlHQjVqWmhJCjdCT2tITSs3NEpocko5V3ZuMEVLVjI5VDlZNHd0QXRxV0ZlUGd2MWI1RDZEdGJreUk4bGQ5aEVDZ1lFQXYyY3QKdmlLTDFaN20wQkU2SUlpVDBGWTJTTk1sWlpTOUp0bW8zb09jUkc2TFFMdnhsV3lTdFhTa2Q1Q1ozU29pNHg0ZwpoK1lEc3BjR0JmU1JIeDdjMm4xM1hVaWpwZ3MyVmdPS2JuUzdPeUhMMExaSHp5S0x3bzZHMzVZTmE4MnBzL0tmClV4bDRmNE91b1JaSTNRUFdVNTJ1aFY3WndRRTNDNW9mZUd5QnpZOENnWUJIdWNFc21DT3FVT3pxY1hSOWRnTkkKbU1Iby85YmcwMTdOSG96bEJ6VFJ4SjMwNWw5UGxFOHJzOGhGTlJQWGxFK1dGZmpvNUpRREJLUitrbFpGRjJqWgpDS2dqT1A2UkJnYW5LUlZtSnV4N1p6QlkxSWFvSm1iTkx0cytaazFzMVVkelVqcm1YcU5MdWlCeXduVEF4SjZaClM3TEh5NUpsaFlRWDNZd0phSmpmNFFLQmdRQ3FKL25jYkMzUUxVR1llNWduVUFQSVZMeFJwWlE3YUMxNEdrd3IKOU9pNVZXVHFtYXE5WWhaU3htMW45ZDh6Wk1BN0ZJOXJBU3NNVzRKNVRPQ3V2K3NyT2hzaGpQQWZMeHlRL3ZqVQpGV1pWdlVmS05pSkVuTHVPck5KdWRxRmIweXdvMDJxY242b21BbFQrMUNiV2hSREdxUWw3ZThVdDlmeVBqZWFvClVoNWJOUUtCZ0g4QUFXSlpCZmRYb09tTzdqRXErTzhPYUk0S214TGFCdHdaYUpoa3d1bWxENkxqZnV3akxzWkEKNHhnSFNoY1hGbm10R0J1M0VWQmZJL3ZqZFJkcEtlblE1amhSaUg2Y0FpV0E3VVlsK0hURGQrY0JWYmFUT28zUgpvQzBYUkhYdVFtVExsVTF4T0R3Nnp4ZG9aUno4UzRHYjZMaGhJUTVvMGQzRzZEc3B4NC9XCi0tLS0tRU5EIFJTQSBQUklWQVRFIEtFWS0tLS0tCg==",
                            "master_auth.0.cluster_ca_certificate": "LS0tLS1CRUdJTiBDRVJUSUZJQ0FURS0tLS0tCk1JSURDekNDQWZPZ0F3SUJBZ0lRWTdJZkRJQXY4aDRsV0Y5U2g4Z1prVEFOQmdrcWhraUc5dzBCQVFzRkFEQXYKTVMwd0t3WURWUVFERXlRMU1tSmhOMkU1TkMwME0yVmlMVFF5WWpndE9EQTRNQzB3TVdZM1l6RXhNR1V5TWprdwpIaGNOTVRrd016RTRNRFkxTkRFeFdoY05NalF3TXpFMk1EYzFOREV4V2pBdk1TMHdLd1lEVlFRREV5UTFNbUpoCk4yRTVOQzAwTTJWaUxUUXlZamd0T0RBNE1DMHdNV1kzWXpFeE1HVXlNamt3Z2dFaU1BMEdDU3FHU0liM0RRRUIKQVFVQUE0SUJEd0F3Z2dFS0FvSUJBUUMvU0FOdldId3IvUi92Yzl5bjczNU1wbVBJNG0weXI4dnFPUTk3TEdSMApKRU0xYkM2UWN6eTZreHJFUGxyYjgveUFpZTdLNWU2MWNQV3R1OG9kM3p4THFJTUNySVppWURLOTVCMFRhbnAvCklsVUo1MUpNM29OOFBhUmk4MkFPQmdGTGN6TnlFNlhraUNidHRXT2I2VTJDaUhWbmxMZlZLa2ZhcHRlSStxSUUKa3Fjb1lvblo0WHpoa3N6TDNYT3RoSkVUWDVsMU5tUTEzU1g4OWZ1MzEza3lSSUFuMHVqV3RqN3RvYXpZTm5FegpnV1hnMTE2ZVZtT2U3Z1did0tRSk1TVnRkaytOVmNCMEN3UStCWkJBWm5vY014emMyckp1NE5Sd0xrRTdtSmtMCkhaM0hXbGkzVit1WlczWjVjQytmMElzOVJFSFV5THdhZEJnTFQ4UVdEaDg5QWdNQkFBR2pJekFoTUE0R0ExVWQKRHdFQi93UUVBd0lDQkRBUEJnTlZIUk1CQWY4RUJUQURBUUgvTUEwR0NTcUdTSWIzRFFFQkN3VUFBNElCQVFBYQp2R21kTi81WWJkSEg5UnoyL3FlYXIrZ1k3amZiODZTVmhWd1JWZXBGemkwOURneS9Ra3hJQzVLN1kyOTN2WDJ5CnZwVFprOE5QWkZRT2FMN3ZEbGdUQUhZdGRBRy9vUlZWMy8wUld3Wll5SWNUemp4cE9Vck9Yb2hmWmI0TXJBQjYKQmpjQmZMNlF4aUkwUzlEdE0zYjRnNHQ2eDcwTHpwMTlxSGd3dnBFTDh2WFViQkZPNXJHZUV6VDN6eEhlWVdDSgpHN0RqUzdVTzgzYkpsMWZicEVNeHY4UkE0NmR2UkdIZkVHdi9mVDkybzVpT1hYbStCdXNwY2NzNW81RFRjcDA2Cm5CZ2VwbEtrVlNCQ2FqclFyQlAwU09kNmtTZ2lQM3F2TmEvcndUNTZzMUpPSlVnazN3eHZzT2tMd1hWM0F0cGwKOHY2OUdsNGoxdnZDQTFld0I3d0oKLS0tLS1FTkQgQ0VSVElGSUNBVEUtLS0tLQo=",
                            "master_auth.0.password": "",
                            "master_auth.0.username": "",
                            "master_authorized_networks_config.#": "1",
                            "master_authorized_networks_config.0.cidr_blocks.#": "1",
                            "master_authorized_networks_config.0.cidr_blocks.90561943.cidr_block": "0.0.0.0/0",
                            "master_authorized_networks_config.0.cidr_blocks.90561943.display_name": "all",
                            "master_version": "1.11.7-gke.4",
                            "monitoring_service": "monitoring.googleapis.com",
                            "name": "rpa-dev-cluster",
                            "network": "projects/ca-rpa-dev/global/networks/terraform-network-dev",
                            "network_policy.#": "1",
                            "network_policy.0.enabled": "false",
                            "network_policy.0.provider": "PROVIDER_UNSPECIFIED",
                            "node_config.#": "0",
                            "node_pool.#": "0",
                            "node_version": "1.11.7-gke.4",
                            "private_cluster_config.#": "1",
                            "private_cluster_config.0.enable_private_endpoint": "false",
                            "private_cluster_config.0.enable_private_nodes": "true",
                            "private_cluster_config.0.master_ipv4_cidr_block": "172.16.0.0/28",
                            "private_cluster_config.0.private_endpoint": "172.16.0.2",
                            "private_cluster_config.0.public_endpoint": "34.85.96.191",
                            "project": "ca-rpa-dev",
                            "region": "asia-northeast1",
                            "remove_default_node_pool": "true",
                            "resource_labels.%": "0",
                            "subnetwork": "projects/ca-rpa-dev/regions/asia-northeast1/subnetworks/terrform-subnet1-dev",
                            "zone": "asia-northeast1"
                        },
                        "meta": {
                            "e2bfb730-ecaa-11e6-8f88-34363bc7c4c0": {
                                "create": 1800000000000,
                                "delete": 1800000000000,
                                "update": 1800000000000
                            },
                            "schema_version": "1"
                        },
                        "tainted": false
                    },
                    "deposed": [],
                    "provider": "provider.google"
                },
                "google_container_node_pool.primary_preemptible_nodes": {
                    "type": "google_container_node_pool",
                    "depends_on": [
                        "google_container_cluster.primary"
                    ],
                    "primary": {
                        "id": "asia-northeast1/rpa-dev-cluster/rpa-dev-node-pool",
                        "attributes": {
                            "cluster": "rpa-dev-cluster",
                            "id": "asia-northeast1/rpa-dev-cluster/rpa-dev-node-pool",
                            "initial_node_count": "1",
                            "instance_group_urls.#": "3",
                            "instance_group_urls.0": "https://www.googleapis.com/compute/v1/projects/ca-rpa-dev/zones/asia-northeast1-b/instanceGroupManagers/gke-rpa-dev-cluster-rpa-dev-node-pool-9bf11fe6-grp",
                            "instance_group_urls.1": "https://www.googleapis.com/compute/v1/projects/ca-rpa-dev/zones/asia-northeast1-c/instanceGroupManagers/gke-rpa-dev-cluster-rpa-dev-node-pool-6c057d8e-grp",
                            "instance_group_urls.2": "https://www.googleapis.com/compute/v1/projects/ca-rpa-dev/zones/asia-northeast1-a/instanceGroupManagers/gke-rpa-dev-cluster-rpa-dev-node-pool-176213ff-grp",
                            "management.#": "1",
                            "management.0.auto_repair": "false",
                            "management.0.auto_upgrade": "false",
                            "name": "rpa-dev-node-pool",
                            "name_prefix": "",
                            "node_config.#": "1",
                            "node_config.0.disk_size_gb": "100",
                            "node_config.0.disk_type": "pd-standard",
                            "node_config.0.guest_accelerator.#": "0",
                            "node_config.0.image_type": "COS",
                            "node_config.0.labels.%": "0",
                            "node_config.0.local_ssd_count": "0",
                            "node_config.0.machine_type": "n1-standard-1",
                            "node_config.0.metadata.%": "0",
                            "node_config.0.min_cpu_platform": "",
                            "node_config.0.oauth_scopes.#": "4",
                            "node_config.0.oauth_scopes.1277378754": "https://www.googleapis.com/auth/monitoring",
                            "node_config.0.oauth_scopes.1632638332": "https://www.googleapis.com/auth/devstorage.read_only",
                            "node_config.0.oauth_scopes.172152165": "https://www.googleapis.com/auth/logging.write",
                            "node_config.0.oauth_scopes.299962681": "https://www.googleapis.com/auth/compute",
                            "node_config.0.preemptible": "true",
                            "node_config.0.service_account": "default",
                            "node_config.0.tags.#": "0",
                            "node_config.0.taint.#": "0",
                            "node_config.0.workload_metadata_config.#": "0",
                            "node_count": "1",
                            "project": "ca-rpa-dev",
                            "region": "asia-northeast1",
                            "version": "1.11.7-gke.4"
                        },
                        "meta": {
                            "e2bfb730-ecaa-11e6-8f88-34363bc7c4c0": {
                                "create": 1800000000000,
                                "delete": 600000000000,
                                "update": 600000000000
                            },
                            "schema_version": "1"
                        },
                        "tainted": false
                    },
                    "deposed": [],
                    "provider": "provider.google"
                },
                "google_project_iam_binding.for-creating-container": {
                    "type": "google_project_iam_binding",
                    "depends_on": [],
                    "primary": {
                        "id": "ca-rpa-dev/roles/container.developer",
                        "attributes": {
                            "etag": "BwWEWKpm9aQ=",
                            "id": "ca-rpa-dev/roles/container.developer",
                            "members.#": "1",
                            "members.3197286295": "serviceAccount:619262707437@cloudbuild.gserviceaccount.com",
                            "project": "ca-rpa-dev",
                            "role": "roles/container.developer"
                        },
                        "meta": {},
                        "tainted": false
                    },
                    "deposed": [],
                    "provider": "provider.google"
                },
                "google_project_iam_binding.for-writting-source-codes": {
                    "type": "google_project_iam_binding",
                    "depends_on": [],
                    "primary": {
                        "id": "ca-rpa-dev/roles/source.writer",
                        "attributes": {
                            "etag": "BwWEWKpm9aQ=",
                            "id": "ca-rpa-dev/roles/source.writer",
                            "members.#": "1",
                            "members.3197286295": "serviceAccount:619262707437@cloudbuild.gserviceaccount.com",
                            "project": "ca-rpa-dev",
                            "role": "roles/source.writer"
                        },
                        "meta": {},
                        "tainted": false
                    },
                    "deposed": [],
                    "provider": "provider.google"
                },
                "google_sourcerepo_repository.apprepo-dev": {
                    "type": "google_sourcerepo_repository",
                    "depends_on": [],
                    "primary": {
                        "id": "ca-rpa-dev/terraform-app1-repo-dev",
                        "attributes": {
                            "id": "ca-rpa-dev/terraform-app1-repo-dev",
                            "name": "terraform-app1-repo-dev",
                            "project": "ca-rpa-dev",
                            "size": "0",
                            "url": "https://source.developers.google.com/p/ca-rpa-dev/r/terraform-app1-repo-dev"
                        },
                        "meta": {
                            "e2bfb730-ecaa-11e6-8f88-34363bc7c4c0": {
                                "create": 240000000000,
                                "delete": 240000000000
                            }
                        },
                        "tainted": false
                    },
                    "deposed": [],
                    "provider": "provider.google"
                },
                "google_sourcerepo_repository.envrepo-dev": {
                    "type": "google_sourcerepo_repository",
                    "depends_on": [],
                    "primary": {
                        "id": "ca-rpa-dev/terraform-env-repo-dev",
                        "attributes": {
                            "id": "ca-rpa-dev/terraform-env-repo-dev",
                            "name": "terraform-env-repo-dev",
                            "project": "ca-rpa-dev",
                            "size": "0",
                            "url": "https://source.developers.google.com/p/ca-rpa-dev/r/terraform-env-repo-dev"
                        },
                        "meta": {
                            "e2bfb730-ecaa-11e6-8f88-34363bc7c4c0": {
                                "create": 240000000000,
                                "delete": 240000000000
                            }
                        },
                        "tainted": false
                    },
                    "deposed": [],
                    "provider": "provider.google"
                }
            },
            "depends_on": []
        }
    ]
}
