{
    "version": 3,
    "terraform_version": "0.11.13",
    "serial": 8,
    "lineage": "010b4d2b-cb2f-b422-eed4-1036d0709a0e",
    "modules": [
        {
            "path": [
                "root"
            ],
            "outputs": {
                "client_certificate": {
                    "sensitive": false,
                    "type": "string",
                    "value": "LS0tLS1CRUdJTiBDRVJUSUZJQ0FURS0tLS0tCk1JSUMyakNDQWNLZ0F3SUJBZ0lRZGxQS20wNnpDM2cxa0N4THNiYTBmREFOQmdrcWhraUc5dzBCQVFzRkFEQXYKTVMwd0t3WURWUVFERXlRek9Ua3pPVFprWWkwMVlXWmxMVFE0WW1VdE9UbGtOaTB5WmpreVlqUXhNVGcxTXpndwpIaGNOTVRrd016RTVNRGt3TVRFMVdoY05NalF3TXpFM01Ea3dNVEUxV2pBUk1ROHdEUVlEVlFRREV3WmpiR2xsCmJuUXdnZ0VpTUEwR0NTcUdTSWIzRFFFQkFRVUFBNElCRHdBd2dnRUtBb0lCQVFDMWxyS2pObm5hZ01wYy9BclAKRnVrRUJ3WkVsbytYdDhHYitmd2pYanVhOEtMNnZCa0hPL1ZWaTFNbE9NSk13UWpLTlI1bDFUK0IzZDdLank2eApseTlCWTRFZlVBUTM1R0pTSFJVTU0raGY1V2VZQ1dzUDQyRkFhYkllWlBkK3NjVmVMWnpKUGZZOTcyRm1Ba0ZjCkVocElyMW5YZ1ZKcm9NVGlIdmRIeHZWR0JSQ1ZXVUM2V3lSQzBxczlnallDQXY4b29XL1dSeS9kSklaaEo2Q2UKRTFidXVKVVMyVTBmTG5MVE5aeVRmQ05USlRkZEQzNXozbUxmbUlkV1ZWQmIzckhYR1BvZ0JPUzFIRVJYVktGRwpVMmI3VXVvWlBnU0ZONVdGTGllbWhQQ3Q3MVQ2MlBQMFh5VkJjY1JnZGlSV1N1TFc0bk9jUEFPVWRhMFY3MmZUCjJxeWhBZ01CQUFHakVEQU9NQXdHQTFVZEV3RUIvd1FDTUFBd0RRWUpLb1pJaHZjTkFRRUxCUUFEZ2dFQkFGeVcKeUhBOVk0V1JSbmpJeWZTRWt4c1RIdysrV2twKzdLbHVrKzA4R2lhaXlWRzUydFN5NlpIWU52ZFR5M0ZkdlUxUQphTGlGemd6ZU1sZGcxandmQ2tLUXN6b2VieC9MVVJOeCt3TS9CU1lqT1VxaHZOaUVSbmpGKzQydUJuWVVGVDlzCkZKQkRtb1JreFVDL2gyTjRQWXNQaDdETksybmtEcWJ1WGxTSnA4ZjdKY1pDRGIxNUNNekNIZGdrMzVRMG1KRXAKMzdnRnpoTmZ5emtDNjlMM1RLRHNLSklVTGhoelBOOFhvMDQyWmJreDhzTFp4bmRQRFpQSXlqSkZEVzBSVEF5cwp0blMxQ3hWZzBHZTBwaWFubCtCZHppV1dISjR2bm9KRU5xT1F4dEV3SUJ5SDZrLzJTRnJ0ZXljV2RGRFRXWUlzClBjeFNqL1ZoUlpiUDlwV2pYWjQ9Ci0tLS0tRU5EIENFUlRJRklDQVRFLS0tLS0K"
                },
                "client_key": {
                    "sensitive": false,
                    "type": "string",
                    "value": "LS0tLS1CRUdJTiBSU0EgUFJJVkFURSBLRVktLS0tLQpNSUlFb3dJQkFBS0NBUUVBdFpheW96WjUyb0RLWFB3S3p4YnBCQWNHUkphUGw3ZkJtL244STE0N212Q2krcndaCkJ6djFWWXRUSlRqQ1RNRUl5alVlWmRVL2dkM2V5bzh1c1pjdlFXT0JIMUFFTitSaVVoMFZERFBvWCtWbm1BbHIKRCtOaFFHbXlIbVQzZnJIRlhpMmN5VDMyUGU5aFpnSkJYQklhU0s5WjE0RlNhNkRFNGg3M1I4YjFSZ1VRbFZsQQp1bHNrUXRLclBZSTJBZ0wvS0tGdjFrY3YzU1NHWVNlZ25oTlc3cmlWRXRsTkh5NXkweldjazN3alV5VTNYUTkrCmM5NWkzNWlIVmxWUVc5NngxeGo2SUFUa3RSeEVWMVNoUmxObSsxTHFHVDRFaFRlVmhTNG5wb1R3cmU5VSt0anoKOUY4bFFYSEVZSFlrVmtyaTF1SnpuRHdEbEhXdEZlOW4wOXFzb1FJREFRQUJBb0lCQUNZYlJzZWJjZnpabEIzcApRbmRzN2w5Sy9oUzhwOHVGNDFwUkhvbHBpQWFld3dUdEhpOTNkS2VNQWxuSVRIWUErRkErejI4OVRnTjV4UHdyCkNmaDRxcEVGU1o2Qmt6RUxlMXFTQWMyNnd1UUU1elZ2bklrTUJXZVlCcW44TkRmaEpITDhEVy9wMGRmemVUUUgKK3lGUUp6WGpubTNzRkpqRGR5MmdvL0hySGFPZ3A1ZjVZcWI2cWZuc3R6MlUxNmk5dUVXK3NUZHNIUVZ3amJUeApvTkoxY29QQXhDMHoreDQ3SGtNakRSS1Z3b2ZtdlpQd0t3akFLUy9PZXBpQ0lXQUV0TFREQ1pIa0tldVI0UE1SCng1bjRsMC9MQ0VzdUlzanQydU5hTkkrN2ZsYzd2SGEwaWlrU1QwZFhWVlBBNHVWRU54ZkZNS1pqdFhVeC8rWngKelJZYit2VUNnWUVBN0VtcTlCb1NZdzVLMzMrWElaY3FrVkxOQldWZ0FvNUFjUmlETFpjMVBSeStQU1hJWWJjZgpaR3lvcjgwV0dHL2FIbW9HUzlEcEFhdENqamRTdndSOERha1BBYzk5ZW5kTzh0clJSMDhYSnREano4eHZXQzFHCmxDSGtPT1dQVlpMdFlKNE5SWTY3cjZBZi9FYTJmcmRDOE9QUUxsTi9EM0lUU3JtZHJ6aVcvMXNDZ1lFQXhMelcKSS9kUlpIb3dzb09peS9FVldsR3JqdnA1VHVWMzdxLzdVMlphWG9WdWNPZ2hZeGRoZlMva3d0Tldxa1N0YUlmYwpUUkh6YlNmQ1IvMUpUYmFtb0E2eWtnekhUVnQxUTR1ZE95N0IrQjg0emNFN0M1YzhjNnk0UXBmSXNFc2ZxeGJPCmRRM2RPekExYTM1a0pYOVVRWjVDbW90dEFrT2pwTCs1WkZMTVlMTUNnWUIwalZZRk9JTVBWM0o1VWs5ekkwUzkKRUZIUE1wVXNUWXpkL0pCZ1FiRGlKelp6cFJwMWtNV3NYS2pNcHVZYVFib2V2SC9Fa0JVUFhMSGt3c2RQTCtBZApRT0lGSzVzaWVJMTUzNVBSaitMRW84OXJwZFRhY3VMWW1Pc2hZYUxWUERkWkxEMHhyVmxKSlR3QnpjT2hON2FPCmFtRTdLTGFKSU9VQlBCUGE1WmdkOXdLQmdRQ25hN2VqOWNTYkIrekhEWVNObjBTM2pzYTdMdVhxd1JZMTFpYS8KaTF1ZUVsaXcxcW9LNUl1KzkvSHA1ZVZia29RcmIycUhYNTVUSnNHTGQ3MVkxL1dtUWJ1dTFCY0srcWlvNlhmTgpOSFkyeTRNUWZiN2NsMEFIaEZWdHZqTTM2MFl3MTRDc1ZqY05ObkpQWHNpa3JGMnNWWnlDWGVKUFNmWkpyaXA3CmVJYWFSd0tCZ0g1QnhDNGRWWVVmNThvSHBjVlBRN292eXhETnJOUEpma3F5dGRzbVp5L0ZGU2hnYW01eVhZVzUKZ2dqY3E4ZDk3cDVRNXo4aU1jSVduaGlDZzhadjkxNzE1MDVCNktSTG1OWHBNbFlDMmNTNkU1dGI1ME5XbUg4NQphWVlYdXV3TVhwZTFJQ3UxWWFxVHpsc3U1RHdxSFNVVlFCSjVtbUJhdjNUZmZqcFAydlUvCi0tLS0tRU5EIFJTQSBQUklWQVRFIEtFWS0tLS0tCg=="
                },
                "cluster_ca_certificate": {
                    "sensitive": false,
                    "type": "string",
                    "value": "LS0tLS1CRUdJTiBDRVJUSUZJQ0FURS0tLS0tCk1JSURERENDQWZTZ0F3SUJBZ0lSQUtCT093MEdYSUtuMWk2L2U1SXB6Um93RFFZSktvWklodmNOQVFFTEJRQXcKTHpFdE1Dc0dBMVVFQXhNa016azVNemsyWkdJdE5XRm1aUzAwT0dKbExUazVaRFl0TW1ZNU1tSTBNVEU0TlRNNApNQjRYRFRFNU1ETXhPVEE0TURFeE5Gb1hEVEkwTURNeE56QTVNREV4TkZvd0x6RXRNQ3NHQTFVRUF4TWtNems1Ck16azJaR0l0TldGbVpTMDBPR0psTFRrNVpEWXRNbVk1TW1JME1URTROVE00TUlJQklqQU5CZ2txaGtpRzl3MEIKQVFFRkFBT0NBUThBTUlJQkNnS0NBUUVBekhWMzBoNGpNU2dUcVlOaHZodVBnVmhacnFlUUFxNGU3OHplTC81MwpyeXFadS85RzR3WGtPYzdOamhFeFA3aW5ycHN2S29SVmtZemJGMGhRdXhaWFNBTzIzNWYvSmhHc1hhL1BWeFlBCkdqN2ZDUmU4RjdGVXFFTVRGNEJWZUlJcHMrWXYzRng1Ym9JTGN4SzAwdUJCREJLTVpvWEx6VU93cXVZVndTTEkKdzlPZC8xTjZuNjhsR21HTHgyelNSZmhLVWcyMWlyZFJnR0dOKzZHRFl2WjlTNlF6WGRCTFBQOGZkMEZvaHFTQgpOTFlWNGxXd1VEVDFxWm5UTy8yQWpuWXlXZjl5ckQwdmthbVMzTnpGT2QxbXZRekpybld4RGNtRHRDUVkrbkduClZ1RnQ2dVRQQjhNVlRJRjZocFlJemREQUZyNFlJblhlV3dCTU4yWGh2VVZyT3dJREFRQUJveU13SVRBT0JnTlYKSFE4QkFmOEVCQU1DQWdRd0R3WURWUjBUQVFIL0JBVXdBd0VCL3pBTkJna3Foa2lHOXcwQkFRc0ZBQU9DQVFFQQpFZW4yTXhOYkVTVnV0aVdwSkhZY2h2WlVucnJ4RXJ5bEpnZ0o3RGlib0Y5eWlyMVhVdnBVc3V4d251aG5CMUNCCk5GRjlBRlRQdWpPNmI0U1JaM1JkS25ZeUpTUWxrMm9zalpvRlkvSGQrTEE4NXR3SFZiR1Y3Ni8xb0ZmNElBdUgKVXZQSGVaSU1ZcHo2KytPbFNtODlRK2VFdEkxT20rWXBZbDVteDBhaXZhM0xacjRIV1dYM0lPb0pZUlNIKzA2WApHNytTVUwzMEtxd3FLZ3RzNERsRG5oL2x1RVNHVmF4RU1VUllkMW4vc25scTBMTXhZaWtBR3hNa0R5LzYxdkYvClJYS3JSV0NOb2N1eGgvSlJsSncydVhsK3BlQ21BWmFuSFhJaXJ1bUpleWhNRlRsdjY4Q1h2Mk8yZG1hM0JlVkQKOW5wbmMySkFHbmJvOXA2YVhzZ0x2QT09Ci0tLS0tRU5EIENFUlRJRklDQVRFLS0tLS0K"
                }
            },
            "resources": {
                "data.google_project.project": {
                    "type": "google_project",
                    "depends_on": [],
                    "primary": {
                        "id": "ca-rpa-dev",
                        "attributes": {
                            "app_engine.#": "0",
                            "folder_id": "",
                            "id": "ca-rpa-dev",
                            "labels.%": "0",
                            "name": "ca-rpa-dev",
                            "number": "619262707437",
                            "org_id": "1051569445158",
                            "project_id": "ca-rpa-dev"
                        },
                        "meta": {},
                        "tainted": false
                    },
                    "deposed": [],
                    "provider": "provider.google"
                },
                "google_cloudbuild_trigger.cd-trigger": {
                    "type": "google_cloudbuild_trigger",
                    "depends_on": [
                        "google_container_cluster.primary",
                        "local.env-repo-name"
                    ],
                    "primary": {
                        "id": "ca-rpa-dev/84da4c6e-ab73-4652-a4a3-44979db0dcec",
                        "attributes": {
                            "build.#": "0",
                            "create_time": "2019-03-19T09:08:20.406927340Z",
                            "description": "",
                            "disabled": "",
                            "filename": "cloudbuild.yaml",
                            "id": "ca-rpa-dev/84da4c6e-ab73-4652-a4a3-44979db0dcec",
                            "ignored_files.#": "0",
                            "included_files.#": "1",
                            "included_files.0": "manifests/*",
                            "project": "ca-rpa-dev",
                            "substitutions.%": "2",
                            "substitutions._CLUSTER": "rpa-dev-cluster",
                            "substitutions._REGION": "asia-northeast1",
                            "trigger_id": "84da4c6e-ab73-4652-a4a3-44979db0dcec",
                            "trigger_template.#": "1",
                            "trigger_template.0.branch_name": "dev",
                            "trigger_template.0.commit_sha": "",
                            "trigger_template.0.dir": "",
                            "trigger_template.0.project_id": "ca-rpa-dev",
                            "trigger_template.0.repo_name": "terraform-env-repo-dev",
                            "trigger_template.0.tag_name": ""
                        },
                        "meta": {
                            "e2bfb730-ecaa-11e6-8f88-34363bc7c4c0": {
                                "create": 240000000000,
                                "delete": 240000000000,
                                "update": 240000000000
                            },
                            "schema_version": "1"
                        },
                        "tainted": false
                    },
                    "deposed": [],
                    "provider": "provider.google"
                },
                "google_cloudbuild_trigger.ci-trigger": {
                    "type": "google_cloudbuild_trigger",
                    "depends_on": [
                        "local.env-repo-name"
                    ],
                    "primary": {
                        "id": "ca-rpa-dev/f03fbe00-7eae-4347-bc09-fff752180cf3",
                        "attributes": {
                            "build.#": "0",
                            "create_time": "2019-03-19T09:00:20.011828490Z",
                            "description": "",
                            "disabled": "",
                            "filename": "cloudbuild.yaml",
                            "id": "ca-rpa-dev/f03fbe00-7eae-4347-bc09-fff752180cf3",
                            "ignored_files.#": "0",
                            "included_files.#": "0",
                            "project": "ca-rpa-dev",
                            "substitutions.%": "1",
                            "substitutions._MANIFESTS_REPO_NAME": "terraform-env-repo-dev",
                            "trigger_id": "f03fbe00-7eae-4347-bc09-fff752180cf3",
                            "trigger_template.#": "1",
                            "trigger_template.0.branch_name": "master",
                            "trigger_template.0.commit_sha": "",
                            "trigger_template.0.dir": "",
                            "trigger_template.0.project_id": "ca-rpa-dev",
                            "trigger_template.0.repo_name": "terraform-app0-repo-dev",
                            "trigger_template.0.tag_name": ""
                        },
                        "meta": {
                            "e2bfb730-ecaa-11e6-8f88-34363bc7c4c0": {
                                "create": 240000000000,
                                "delete": 240000000000,
                                "update": 240000000000
                            },
                            "schema_version": "1"
                        },
                        "tainted": false
                    },
                    "deposed": [],
                    "provider": "provider.google"
                },
                "google_compute_network.terraform-network-dev": {
                    "type": "google_compute_network",
                    "depends_on": [],
                    "primary": {
                        "id": "terraform-network-dev",
                        "attributes": {
                            "auto_create_subnetworks": "true",
                            "description": "",
                            "gateway_ipv4": "",
                            "id": "terraform-network-dev",
                            "ipv4_range": "",
                            "name": "terraform-network-dev",
                            "project": "ca-rpa-dev",
                            "routing_mode": "REGIONAL",
                            "self_link": "https://www.googleapis.com/compute/v1/projects/ca-rpa-dev/global/networks/terraform-network-dev"
                        },
                        "meta": {
                            "e2bfb730-ecaa-11e6-8f88-34363bc7c4c0": {
                                "create": 240000000000,
                                "delete": 240000000000,
                                "update": 240000000000
                            }
                        },
                        "tainted": false
                    },
                    "deposed": [],
                    "provider": "provider.google"
                },
                "google_compute_router.terraform-router-dev": {
                    "type": "google_compute_router",
                    "depends_on": [
                        "google_compute_network.terraform-network-dev",
                        "google_compute_subnetwork.terrform-subnet1-dev"
                    ],
                    "primary": {
                        "id": "asia-northeast1/terraform-router-dev",
                        "attributes": {
                            "bgp.#": "0",
                            "creation_timestamp": "2019-03-19T02:01:15.260-07:00",
                            "description": "",
                            "id": "asia-northeast1/terraform-router-dev",
                            "name": "terraform-router-dev",
                            "network": "https://www.googleapis.com/compute/v1/projects/ca-rpa-dev/global/networks/terraform-network-dev",
                            "project": "ca-rpa-dev",
                            "region": "asia-northeast1",
                            "self_link": "https://www.googleapis.com/compute/v1/projects/ca-rpa-dev/regions/asia-northeast1/routers/terraform-router-dev"
                        },
                        "meta": {
                            "e2bfb730-ecaa-11e6-8f88-34363bc7c4c0": {
                                "create": 240000000000,
                                "delete": 240000000000,
                                "update": 240000000000
                            }
                        },
                        "tainted": false
                    },
                    "deposed": [],
                    "provider": "provider.google"
                },
                "google_compute_router_nat.terraform-nat": {
                    "type": "google_compute_router_nat",
                    "depends_on": [
                        "google_compute_router.terraform-router-dev",
                        "local.region"
                    ],
                    "primary": {
                        "id": "asia-northeast1/terraform-router-dev/terraform-nat",
                        "attributes": {
                            "icmp_idle_timeout_sec": "0",
                            "id": "asia-northeast1/terraform-router-dev/terraform-nat",
                            "min_ports_per_vm": "0",
                            "name": "terraform-nat",
                            "nat_ip_allocate_option": "AUTO_ONLY",
                            "nat_ips.#": "0",
                            "project": "ca-rpa-dev",
                            "region": "asia-northeast1",
                            "router": "terraform-router-dev",
                            "source_subnetwork_ip_ranges_to_nat": "ALL_SUBNETWORKS_ALL_IP_RANGES",
                            "subnetwork.#": "0",
                            "tcp_established_idle_timeout_sec": "0",
                            "tcp_transitory_idle_timeout_sec": "0",
                            "udp_idle_timeout_sec": "0"
                        },
                        "meta": {
                            "e2bfb730-ecaa-11e6-8f88-34363bc7c4c0": {
                                "create": 600000000000,
                                "delete": 600000000000
                            }
                        },
                        "tainted": false
                    },
                    "deposed": [],
                    "provider": "provider.google"
                },
                "google_compute_subnetwork.terrform-subnet1-dev": {
                    "type": "google_compute_subnetwork",
                    "depends_on": [
                        "google_compute_network.terraform-network-dev",
                        "local.region"
                    ],
                    "primary": {
                        "id": "asia-northeast1/terrform-subnet1-dev",
                        "attributes": {
                            "creation_timestamp": "2019-03-19T02:00:57.656-07:00",
                            "description": "",
                            "enable_flow_logs": "false",
                            "fingerprint": "HhMzEu4xMKM=",
                            "gateway_address": "192.168.10.1",
                            "id": "asia-northeast1/terrform-subnet1-dev",
                            "ip_cidr_range": "192.168.10.0/24",
                            "name": "terrform-subnet1-dev",
                            "network": "https://www.googleapis.com/compute/v1/projects/ca-rpa-dev/global/networks/terraform-network-dev",
                            "private_ip_google_access": "false",
                            "project": "ca-rpa-dev",
                            "region": "asia-northeast1",
                            "secondary_ip_range.#": "0",
                            "self_link": "https://www.googleapis.com/compute/v1/projects/ca-rpa-dev/regions/asia-northeast1/subnetworks/terrform-subnet1-dev"
                        },
                        "meta": {
                            "e2bfb730-ecaa-11e6-8f88-34363bc7c4c0": {
                                "create": 360000000000,
                                "delete": 360000000000,
                                "update": 360000000000
                            }
                        },
                        "tainted": false
                    },
                    "deposed": [],
                    "provider": "provider.google"
                },
                "google_container_cluster.primary": {
                    "type": "google_container_cluster",
                    "depends_on": [
                        "google_compute_network.terraform-network-dev",
                        "google_compute_subnetwork.terrform-subnet1-dev",
                        "local.cluster-name",
                        "local.region"
                    ],
                    "primary": {
                        "id": "rpa-dev-cluster",
                        "attributes": {
                            "additional_zones.#": "3",
                            "additional_zones.2275771321": "asia-northeast1-b",
                            "additional_zones.2663297784": "asia-northeast1-c",
                            "additional_zones.2894647418": "asia-northeast1-a",
                            "addons_config.#": "1",
                            "addons_config.0.horizontal_pod_autoscaling.#": "0",
                            "addons_config.0.http_load_balancing.#": "0",
                            "addons_config.0.kubernetes_dashboard.#": "1",
                            "addons_config.0.kubernetes_dashboard.0.disabled": "true",
                            "addons_config.0.network_policy_config.#": "1",
                            "addons_config.0.network_policy_config.0.disabled": "true",
                            "cluster_autoscaling.#": "0",
                            "cluster_ipv4_cidr": "10.4.0.0/14",
                            "description": "",
                            "enable_kubernetes_alpha": "false",
                            "enable_legacy_abac": "false",
                            "endpoint": "34.85.38.133",
                            "id": "rpa-dev-cluster",
                            "initial_node_count": "1",
                            "instance_group_urls.#": "0",
                            "ip_allocation_policy.#": "1",
                            "ip_allocation_policy.0.cluster_ipv4_cidr_block": "10.4.0.0/14",
                            "ip_allocation_policy.0.cluster_secondary_range_name": "gke-rpa-dev-cluster-pods-88e8ba11",
                            "ip_allocation_policy.0.create_subnetwork": "false",
                            "ip_allocation_policy.0.node_ipv4_cidr_block": "",
                            "ip_allocation_policy.0.services_ipv4_cidr_block": "10.70.0.0/20",
                            "ip_allocation_policy.0.services_secondary_range_name": "gke-rpa-dev-cluster-services-88e8ba11",
                            "ip_allocation_policy.0.subnetwork_name": "",
                            "ip_allocation_policy.0.use_ip_aliases": "true",
                            "logging_service": "logging.googleapis.com",
                            "maintenance_policy.#": "0",
                            "master_auth.#": "1",
                            "master_auth.0.client_certificate": "LS0tLS1CRUdJTiBDRVJUSUZJQ0FURS0tLS0tCk1JSUMyakNDQWNLZ0F3SUJBZ0lRZGxQS20wNnpDM2cxa0N4THNiYTBmREFOQmdrcWhraUc5dzBCQVFzRkFEQXYKTVMwd0t3WURWUVFERXlRek9Ua3pPVFprWWkwMVlXWmxMVFE0WW1VdE9UbGtOaTB5WmpreVlqUXhNVGcxTXpndwpIaGNOTVRrd016RTVNRGt3TVRFMVdoY05NalF3TXpFM01Ea3dNVEUxV2pBUk1ROHdEUVlEVlFRREV3WmpiR2xsCmJuUXdnZ0VpTUEwR0NTcUdTSWIzRFFFQkFRVUFBNElCRHdBd2dnRUtBb0lCQVFDMWxyS2pObm5hZ01wYy9BclAKRnVrRUJ3WkVsbytYdDhHYitmd2pYanVhOEtMNnZCa0hPL1ZWaTFNbE9NSk13UWpLTlI1bDFUK0IzZDdLank2eApseTlCWTRFZlVBUTM1R0pTSFJVTU0raGY1V2VZQ1dzUDQyRkFhYkllWlBkK3NjVmVMWnpKUGZZOTcyRm1Ba0ZjCkVocElyMW5YZ1ZKcm9NVGlIdmRIeHZWR0JSQ1ZXVUM2V3lSQzBxczlnallDQXY4b29XL1dSeS9kSklaaEo2Q2UKRTFidXVKVVMyVTBmTG5MVE5aeVRmQ05USlRkZEQzNXozbUxmbUlkV1ZWQmIzckhYR1BvZ0JPUzFIRVJYVktGRwpVMmI3VXVvWlBnU0ZONVdGTGllbWhQQ3Q3MVQ2MlBQMFh5VkJjY1JnZGlSV1N1TFc0bk9jUEFPVWRhMFY3MmZUCjJxeWhBZ01CQUFHakVEQU9NQXdHQTFVZEV3RUIvd1FDTUFBd0RRWUpLb1pJaHZjTkFRRUxCUUFEZ2dFQkFGeVcKeUhBOVk0V1JSbmpJeWZTRWt4c1RIdysrV2twKzdLbHVrKzA4R2lhaXlWRzUydFN5NlpIWU52ZFR5M0ZkdlUxUQphTGlGemd6ZU1sZGcxandmQ2tLUXN6b2VieC9MVVJOeCt3TS9CU1lqT1VxaHZOaUVSbmpGKzQydUJuWVVGVDlzCkZKQkRtb1JreFVDL2gyTjRQWXNQaDdETksybmtEcWJ1WGxTSnA4ZjdKY1pDRGIxNUNNekNIZGdrMzVRMG1KRXAKMzdnRnpoTmZ5emtDNjlMM1RLRHNLSklVTGhoelBOOFhvMDQyWmJreDhzTFp4bmRQRFpQSXlqSkZEVzBSVEF5cwp0blMxQ3hWZzBHZTBwaWFubCtCZHppV1dISjR2bm9KRU5xT1F4dEV3SUJ5SDZrLzJTRnJ0ZXljV2RGRFRXWUlzClBjeFNqL1ZoUlpiUDlwV2pYWjQ9Ci0tLS0tRU5EIENFUlRJRklDQVRFLS0tLS0K",
                            "master_auth.0.client_certificate_config.#": "0",
                            "master_auth.0.client_key": "LS0tLS1CRUdJTiBSU0EgUFJJVkFURSBLRVktLS0tLQpNSUlFb3dJQkFBS0NBUUVBdFpheW96WjUyb0RLWFB3S3p4YnBCQWNHUkphUGw3ZkJtL244STE0N212Q2krcndaCkJ6djFWWXRUSlRqQ1RNRUl5alVlWmRVL2dkM2V5bzh1c1pjdlFXT0JIMUFFTitSaVVoMFZERFBvWCtWbm1BbHIKRCtOaFFHbXlIbVQzZnJIRlhpMmN5VDMyUGU5aFpnSkJYQklhU0s5WjE0RlNhNkRFNGg3M1I4YjFSZ1VRbFZsQQp1bHNrUXRLclBZSTJBZ0wvS0tGdjFrY3YzU1NHWVNlZ25oTlc3cmlWRXRsTkh5NXkweldjazN3alV5VTNYUTkrCmM5NWkzNWlIVmxWUVc5NngxeGo2SUFUa3RSeEVWMVNoUmxObSsxTHFHVDRFaFRlVmhTNG5wb1R3cmU5VSt0anoKOUY4bFFYSEVZSFlrVmtyaTF1SnpuRHdEbEhXdEZlOW4wOXFzb1FJREFRQUJBb0lCQUNZYlJzZWJjZnpabEIzcApRbmRzN2w5Sy9oUzhwOHVGNDFwUkhvbHBpQWFld3dUdEhpOTNkS2VNQWxuSVRIWUErRkErejI4OVRnTjV4UHdyCkNmaDRxcEVGU1o2Qmt6RUxlMXFTQWMyNnd1UUU1elZ2bklrTUJXZVlCcW44TkRmaEpITDhEVy9wMGRmemVUUUgKK3lGUUp6WGpubTNzRkpqRGR5MmdvL0hySGFPZ3A1ZjVZcWI2cWZuc3R6MlUxNmk5dUVXK3NUZHNIUVZ3amJUeApvTkoxY29QQXhDMHoreDQ3SGtNakRSS1Z3b2ZtdlpQd0t3akFLUy9PZXBpQ0lXQUV0TFREQ1pIa0tldVI0UE1SCng1bjRsMC9MQ0VzdUlzanQydU5hTkkrN2ZsYzd2SGEwaWlrU1QwZFhWVlBBNHVWRU54ZkZNS1pqdFhVeC8rWngKelJZYit2VUNnWUVBN0VtcTlCb1NZdzVLMzMrWElaY3FrVkxOQldWZ0FvNUFjUmlETFpjMVBSeStQU1hJWWJjZgpaR3lvcjgwV0dHL2FIbW9HUzlEcEFhdENqamRTdndSOERha1BBYzk5ZW5kTzh0clJSMDhYSnREano4eHZXQzFHCmxDSGtPT1dQVlpMdFlKNE5SWTY3cjZBZi9FYTJmcmRDOE9QUUxsTi9EM0lUU3JtZHJ6aVcvMXNDZ1lFQXhMelcKSS9kUlpIb3dzb09peS9FVldsR3JqdnA1VHVWMzdxLzdVMlphWG9WdWNPZ2hZeGRoZlMva3d0Tldxa1N0YUlmYwpUUkh6YlNmQ1IvMUpUYmFtb0E2eWtnekhUVnQxUTR1ZE95N0IrQjg0emNFN0M1YzhjNnk0UXBmSXNFc2ZxeGJPCmRRM2RPekExYTM1a0pYOVVRWjVDbW90dEFrT2pwTCs1WkZMTVlMTUNnWUIwalZZRk9JTVBWM0o1VWs5ekkwUzkKRUZIUE1wVXNUWXpkL0pCZ1FiRGlKelp6cFJwMWtNV3NYS2pNcHVZYVFib2V2SC9Fa0JVUFhMSGt3c2RQTCtBZApRT0lGSzVzaWVJMTUzNVBSaitMRW84OXJwZFRhY3VMWW1Pc2hZYUxWUERkWkxEMHhyVmxKSlR3QnpjT2hON2FPCmFtRTdLTGFKSU9VQlBCUGE1WmdkOXdLQmdRQ25hN2VqOWNTYkIrekhEWVNObjBTM2pzYTdMdVhxd1JZMTFpYS8KaTF1ZUVsaXcxcW9LNUl1KzkvSHA1ZVZia29RcmIycUhYNTVUSnNHTGQ3MVkxL1dtUWJ1dTFCY0srcWlvNlhmTgpOSFkyeTRNUWZiN2NsMEFIaEZWdHZqTTM2MFl3MTRDc1ZqY05ObkpQWHNpa3JGMnNWWnlDWGVKUFNmWkpyaXA3CmVJYWFSd0tCZ0g1QnhDNGRWWVVmNThvSHBjVlBRN292eXhETnJOUEpma3F5dGRzbVp5L0ZGU2hnYW01eVhZVzUKZ2dqY3E4ZDk3cDVRNXo4aU1jSVduaGlDZzhadjkxNzE1MDVCNktSTG1OWHBNbFlDMmNTNkU1dGI1ME5XbUg4NQphWVlYdXV3TVhwZTFJQ3UxWWFxVHpsc3U1RHdxSFNVVlFCSjVtbUJhdjNUZmZqcFAydlUvCi0tLS0tRU5EIFJTQSBQUklWQVRFIEtFWS0tLS0tCg==",
                            "master_auth.0.cluster_ca_certificate": "LS0tLS1CRUdJTiBDRVJUSUZJQ0FURS0tLS0tCk1JSURERENDQWZTZ0F3SUJBZ0lSQUtCT093MEdYSUtuMWk2L2U1SXB6Um93RFFZSktvWklodmNOQVFFTEJRQXcKTHpFdE1Dc0dBMVVFQXhNa016azVNemsyWkdJdE5XRm1aUzAwT0dKbExUazVaRFl0TW1ZNU1tSTBNVEU0TlRNNApNQjRYRFRFNU1ETXhPVEE0TURFeE5Gb1hEVEkwTURNeE56QTVNREV4TkZvd0x6RXRNQ3NHQTFVRUF4TWtNems1Ck16azJaR0l0TldGbVpTMDBPR0psTFRrNVpEWXRNbVk1TW1JME1URTROVE00TUlJQklqQU5CZ2txaGtpRzl3MEIKQVFFRkFBT0NBUThBTUlJQkNnS0NBUUVBekhWMzBoNGpNU2dUcVlOaHZodVBnVmhacnFlUUFxNGU3OHplTC81MwpyeXFadS85RzR3WGtPYzdOamhFeFA3aW5ycHN2S29SVmtZemJGMGhRdXhaWFNBTzIzNWYvSmhHc1hhL1BWeFlBCkdqN2ZDUmU4RjdGVXFFTVRGNEJWZUlJcHMrWXYzRng1Ym9JTGN4SzAwdUJCREJLTVpvWEx6VU93cXVZVndTTEkKdzlPZC8xTjZuNjhsR21HTHgyelNSZmhLVWcyMWlyZFJnR0dOKzZHRFl2WjlTNlF6WGRCTFBQOGZkMEZvaHFTQgpOTFlWNGxXd1VEVDFxWm5UTy8yQWpuWXlXZjl5ckQwdmthbVMzTnpGT2QxbXZRekpybld4RGNtRHRDUVkrbkduClZ1RnQ2dVRQQjhNVlRJRjZocFlJemREQUZyNFlJblhlV3dCTU4yWGh2VVZyT3dJREFRQUJveU13SVRBT0JnTlYKSFE4QkFmOEVCQU1DQWdRd0R3WURWUjBUQVFIL0JBVXdBd0VCL3pBTkJna3Foa2lHOXcwQkFRc0ZBQU9DQVFFQQpFZW4yTXhOYkVTVnV0aVdwSkhZY2h2WlVucnJ4RXJ5bEpnZ0o3RGlib0Y5eWlyMVhVdnBVc3V4d251aG5CMUNCCk5GRjlBRlRQdWpPNmI0U1JaM1JkS25ZeUpTUWxrMm9zalpvRlkvSGQrTEE4NXR3SFZiR1Y3Ni8xb0ZmNElBdUgKVXZQSGVaSU1ZcHo2KytPbFNtODlRK2VFdEkxT20rWXBZbDVteDBhaXZhM0xacjRIV1dYM0lPb0pZUlNIKzA2WApHNytTVUwzMEtxd3FLZ3RzNERsRG5oL2x1RVNHVmF4RU1VUllkMW4vc25scTBMTXhZaWtBR3hNa0R5LzYxdkYvClJYS3JSV0NOb2N1eGgvSlJsSncydVhsK3BlQ21BWmFuSFhJaXJ1bUpleWhNRlRsdjY4Q1h2Mk8yZG1hM0JlVkQKOW5wbmMySkFHbmJvOXA2YVhzZ0x2QT09Ci0tLS0tRU5EIENFUlRJRklDQVRFLS0tLS0K",
                            "master_auth.0.password": "",
                            "master_auth.0.username": "",
                            "master_authorized_networks_config.#": "1",
                            "master_authorized_networks_config.0.cidr_blocks.#": "1",
                            "master_authorized_networks_config.0.cidr_blocks.90561943.cidr_block": "0.0.0.0/0",
                            "master_authorized_networks_config.0.cidr_blocks.90561943.display_name": "all",
                            "master_version": "1.11.7-gke.4",
                            "monitoring_service": "monitoring.googleapis.com",
                            "name": "rpa-dev-cluster",
                            "network": "projects/ca-rpa-dev/global/networks/terraform-network-dev",
                            "network_policy.#": "1",
                            "network_policy.0.enabled": "false",
                            "network_policy.0.provider": "PROVIDER_UNSPECIFIED",
                            "node_config.#": "0",
                            "node_pool.#": "0",
                            "node_version": "1.11.7-gke.4",
                            "private_cluster_config.#": "1",
                            "private_cluster_config.0.enable_private_endpoint": "false",
                            "private_cluster_config.0.enable_private_nodes": "true",
                            "private_cluster_config.0.master_ipv4_cidr_block": "172.16.0.0/28",
                            "private_cluster_config.0.private_endpoint": "172.16.0.2",
                            "private_cluster_config.0.public_endpoint": "34.85.38.133",
                            "project": "ca-rpa-dev",
                            "region": "asia-northeast1",
                            "remove_default_node_pool": "true",
                            "resource_labels.%": "0",
                            "subnetwork": "projects/ca-rpa-dev/regions/asia-northeast1/subnetworks/terrform-subnet1-dev",
                            "zone": "asia-northeast1"
                        },
                        "meta": {
                            "e2bfb730-ecaa-11e6-8f88-34363bc7c4c0": {
                                "create": 1800000000000,
                                "delete": 1800000000000,
                                "update": 1800000000000
                            },
                            "schema_version": "1"
                        },
                        "tainted": false
                    },
                    "deposed": [],
                    "provider": "provider.google"
                },
                "google_container_node_pool.primary_preemptible_nodes": {
                    "type": "google_container_node_pool",
                    "depends_on": [
                        "google_container_cluster.primary"
                    ],
                    "primary": {
                        "id": "asia-northeast1/rpa-dev-cluster/rpa-dev-node-pool",
                        "attributes": {
                            "cluster": "rpa-dev-cluster",
                            "id": "asia-northeast1/rpa-dev-cluster/rpa-dev-node-pool",
                            "initial_node_count": "1",
                            "instance_group_urls.#": "3",
                            "instance_group_urls.0": "https://www.googleapis.com/compute/v1/projects/ca-rpa-dev/zones/asia-northeast1-c/instanceGroupManagers/gke-rpa-dev-cluster-rpa-dev-node-pool-5d90b265-grp",
                            "instance_group_urls.1": "https://www.googleapis.com/compute/v1/projects/ca-rpa-dev/zones/asia-northeast1-a/instanceGroupManagers/gke-rpa-dev-cluster-rpa-dev-node-pool-df752e37-grp",
                            "instance_group_urls.2": "https://www.googleapis.com/compute/v1/projects/ca-rpa-dev/zones/asia-northeast1-b/instanceGroupManagers/gke-rpa-dev-cluster-rpa-dev-node-pool-9f378e11-grp",
                            "management.#": "1",
                            "management.0.auto_repair": "false",
                            "management.0.auto_upgrade": "false",
                            "name": "rpa-dev-node-pool",
                            "name_prefix": "",
                            "node_config.#": "1",
                            "node_config.0.disk_size_gb": "100",
                            "node_config.0.disk_type": "pd-standard",
                            "node_config.0.guest_accelerator.#": "0",
                            "node_config.0.image_type": "COS",
                            "node_config.0.labels.%": "0",
                            "node_config.0.local_ssd_count": "0",
                            "node_config.0.machine_type": "n1-standard-1",
                            "node_config.0.metadata.%": "0",
                            "node_config.0.min_cpu_platform": "",
                            "node_config.0.oauth_scopes.#": "4",
                            "node_config.0.oauth_scopes.1277378754": "https://www.googleapis.com/auth/monitoring",
                            "node_config.0.oauth_scopes.1632638332": "https://www.googleapis.com/auth/devstorage.read_only",
                            "node_config.0.oauth_scopes.172152165": "https://www.googleapis.com/auth/logging.write",
                            "node_config.0.oauth_scopes.299962681": "https://www.googleapis.com/auth/compute",
                            "node_config.0.preemptible": "true",
                            "node_config.0.service_account": "default",
                            "node_config.0.tags.#": "0",
                            "node_config.0.taint.#": "0",
                            "node_config.0.workload_metadata_config.#": "0",
                            "node_count": "1",
                            "project": "ca-rpa-dev",
                            "region": "asia-northeast1",
                            "version": "1.11.7-gke.4"
                        },
                        "meta": {
                            "e2bfb730-ecaa-11e6-8f88-34363bc7c4c0": {
                                "create": 1800000000000,
                                "delete": 600000000000,
                                "update": 600000000000
                            },
                            "schema_version": "1"
                        },
                        "tainted": false
                    },
                    "deposed": [],
                    "provider": "provider.google"
                },
                "google_project_iam_binding.for-creating-container": {
                    "type": "google_project_iam_binding",
                    "depends_on": [
                        "data.google_project.project"
                    ],
                    "primary": {
                        "id": "ca-rpa-dev/roles/container.developer",
                        "attributes": {
                            "etag": "BwWEbrwQds0=",
                            "id": "ca-rpa-dev/roles/container.developer",
                            "members.#": "1",
                            "members.3197286295": "serviceAccount:619262707437@cloudbuild.gserviceaccount.com",
                            "project": "ca-rpa-dev",
                            "role": "roles/container.developer"
                        },
                        "meta": {},
                        "tainted": false
                    },
                    "deposed": [],
                    "provider": "provider.google"
                },
                "google_project_iam_binding.for-writting-source-codes": {
                    "type": "google_project_iam_binding",
                    "depends_on": [
                        "data.google_project.project"
                    ],
                    "primary": {
                        "id": "ca-rpa-dev/roles/source.writer",
                        "attributes": {
                            "etag": "BwWEbrxlvSU=",
                            "id": "ca-rpa-dev/roles/source.writer",
                            "members.#": "1",
                            "members.3197286295": "serviceAccount:619262707437@cloudbuild.gserviceaccount.com",
                            "project": "ca-rpa-dev",
                            "role": "roles/source.writer"
                        },
                        "meta": {},
                        "tainted": false
                    },
                    "deposed": [],
                    "provider": "provider.google"
                },
                "google_sourcerepo_repository.apprepo-dev": {
                    "type": "google_sourcerepo_repository",
                    "depends_on": [],
                    "primary": {
                        "id": "ca-rpa-dev/terraform-app0-repo-dev",
                        "attributes": {
                            "id": "ca-rpa-dev/terraform-app0-repo-dev",
                            "name": "terraform-app0-repo-dev",
                            "project": "ca-rpa-dev",
                            "size": "0",
                            "url": "https://source.developers.google.com/p/ca-rpa-dev/r/terraform-app0-repo-dev"
                        },
                        "meta": {
                            "e2bfb730-ecaa-11e6-8f88-34363bc7c4c0": {
                                "create": 240000000000,
                                "delete": 240000000000
                            }
                        },
                        "tainted": false
                    },
                    "deposed": [],
                    "provider": "provider.google"
                },
                "google_sourcerepo_repository.envrepo-dev": {
                    "type": "google_sourcerepo_repository",
                    "depends_on": [
                        "local.env-repo-name"
                    ],
                    "primary": {
                        "id": "ca-rpa-dev/terraform-env-repo-dev",
                        "attributes": {
                            "id": "ca-rpa-dev/terraform-env-repo-dev",
                            "name": "terraform-env-repo-dev",
                            "project": "ca-rpa-dev",
                            "size": "0",
                            "url": "https://source.developers.google.com/p/ca-rpa-dev/r/terraform-env-repo-dev"
                        },
                        "meta": {
                            "e2bfb730-ecaa-11e6-8f88-34363bc7c4c0": {
                                "create": 240000000000,
                                "delete": 240000000000
                            }
                        },
                        "tainted": false
                    },
                    "deposed": [],
                    "provider": "provider.google"
                }
            },
            "depends_on": []
        }
    ]
}
