{
    "version": 3,
    "terraform_version": "0.11.13",
    "serial": 6,
    "lineage": "010b4d2b-cb2f-b422-eed4-1036d0709a0e",
    "modules": [
        {
            "path": [
                "root"
            ],
            "outputs": {
                "client_certificate": {
                    "sensitive": false,
                    "type": "string",
                    "value": "LS0tLS1CRUdJTiBDRVJUSUZJQ0FURS0tLS0tCk1JSUMyakNDQWNLZ0F3SUJBZ0lRQy9aWmdxRzNXQkk4akFKdllIbGVJekFOQmdrcWhraUc5dzBCQVFzRkFEQXYKTVMwd0t3WURWUVFERXlRMk1HSmlNalE0TWkxbVptVXdMVFE1TmpNdE9XSXpOaTB6TWpnNVptUTVZall3TmpZdwpIaGNOTVRrd016RTRNRGt3TWpJM1doY05NalF3TXpFMk1Ea3dNakkzV2pBUk1ROHdEUVlEVlFRREV3WmpiR2xsCmJuUXdnZ0VpTUEwR0NTcUdTSWIzRFFFQkFRVUFBNElCRHdBd2dnRUtBb0lCQVFDRmsyVklaUUZvci9RS1VtajkKeU1FeUZvdlVOa3NIK24xdHMwMUdGcS9PanpXd1kzR3luM2NlOC9BdVV6UGl2d245SEc2YStVby9OVlMzekJndApPa0hRMDlMRER5N3JKNUU5Y0RjMHVaVUFZYmNQVnlkZTJUTFM1MENhU3J4M0xka0VtOUhTdzhrMjhTOTd5elU4CnhRZGNqYnJnUEhrWDFnWkd6M0F5WHl6RmhGcTVEWmwrYTZoaDVIOG9Ia0hqS0t4VE1JSjZXSklraUNIQ0xNSzMKZzZVcUl0eERQVHY1Mjc5Z3ZiWUJKdnRGOVIyZjFxNXRZRDhWWHVISGJWU2lwSmVaZHZSc3UrMVBicUFmU2syVApDUDN2czAyR25MZHhpOVRZQ1I4V09mSnZNclpXU3AvU0t6YSt2Y2R4UU5jM0VvNURwNUlPMHZJZGxGdjFWampNClhCZmZBZ01CQUFHakVEQU9NQXdHQTFVZEV3RUIvd1FDTUFBd0RRWUpLb1pJaHZjTkFRRUxCUUFEZ2dFQkFBa0UKVmpGbUI1VUNFRUZNQndmWHZUTE5FeXpjSzBONXlweHNkMGVzU3ZERmtHTklzeDNMTU1hNkJHejFWRjA3SFVvOApFbkxKNXh2TW16TURtUW1YWkV4WFN0RHZ0WkEwQVgrM3Q3WUY5b3hUOGc0YjdiWUZkbHZrNXQ3RVZ1Slk3R052ClpjV2xQU2dNOEpSMmpPaVBCNnZTUDBwODRsYVZaRmhrejVEM0xFL0lMWi9TZnpOaU9ZTFhMTXFKeE14Y1pUTm8KTUtyT3prSDFJOU50WVRrV1FzcGdoaTBjSTl5Z1Y2cnhWSkw4WHZ4dDF4RFQydlFEWUZkVitKUk1VRUFrNlowMgpnT05Hc2xheU5Fdm9BeXdWalYwdXIrRzE0OFh3bHc0VXB4czBaSFplc0hCc3RZZkFVQm55Y01DS1NWdENvcXozCjBVUlh6QmVheDdKaXRnN1QrdEE9Ci0tLS0tRU5EIENFUlRJRklDQVRFLS0tLS0K"
                },
                "client_key": {
                    "sensitive": false,
                    "type": "string",
                    "value": "LS0tLS1CRUdJTiBSU0EgUFJJVkFURSBLRVktLS0tLQpNSUlFcEFJQkFBS0NBUUVBaFpObFNHVUJhSy8wQ2xKby9jakJNaGFMMURaTEIvcDliYk5OUmhhdnpvODFzR054CnNwOTNIdlB3TGxNejRyOEovUnh1bXZsS1B6VlV0OHdZTFRwQjBOUFN3dzh1NnllUlBYQTNOTG1WQUdHM0QxY24KWHRreTB1ZEFta3E4ZHkzWkJKdlIwc1BKTnZFdmU4czFQTVVIWEkyNjREeDVGOVlHUnM5d01sOHN4WVJhdVEyWgpmbXVvWWVSL0tCNUI0eWlzVXpDQ2VsaVNKSWdod2l6Q3Q0T2xLaUxjUXowNytkdS9ZTDIyQVNiN1JmVWRuOWF1CmJXQS9GVjdoeDIxVW9xU1htWGIwYkx2dFQyNmdIMHBOa3dqOTc3Tk5ocHkzY1l2VTJBa2ZGam55YnpLMlZrcWYKMGlzMnZyM0hjVURYTnhLT1E2ZVNEdEx5SFpSYjlWWTR6RndYM3dJREFRQUJBb0lCQUE0L1JwdHpwb21uZkNTZQpYZk4xQzdlUGRHZWZTTjUzZkdtM0tRUCtSeVNGaURPaHBRNitkOWdBZ0hyakcxTFJPZWF2akg2UmMyRmk0S3FLCnBYNHNJTGxUaStuaFB6UmhiOW81UGdlQ0pJbmt0NVZMeXZlN1pwMHgxdVZUYmw4RWhWNjZvMC9UTVMyS2lSd3YKbnZuZ2hybjdwZ0NQMkFINlY5NEtvY3dhOUZnTUdxWnFoS2dmRzJhcUVVcHJlZlNmcXFKM2tMcEsyYkRFM0dQNApJT2U2K0xLOTNwVGxmMC8yN2lvejlKdFcxTElxaHMyMGE0QUdHRDZGclVGSmNZUnBYU01RV3NHRmtNdVB0dkhUCjFtaXc2Zms2M1hXNng3Zi9VV2RzUmlJM2MzdHVOSTJBc2pxb2JjUFQ4WTNNMTdhOWFZdENZSWh1MThtYTY3WlYKNlg0R3ppVUNnWUVBdXpQdnFhTFRJdDdDYm1nMWdNNUZBL08vcjQxdHNkdnpDK2xqZTBRMWNaeVgyc0ZXMEhqUAp4VXJJL0ZCc0pvVEJYaWZIeGtaN2VWRkEvckZDeWRvdzUvZVN4Lzc0bTcvR201aGt6SG9Lbit1V0E4U3dmNGRMCk5pYWZ6M0JvU0ZIbFVFNmhLRjdjaERCOXgxN0tCWC9nZnI4TlZwazMraXFLU0dGRGJBaE9tRzBDZ1lFQXRxbzMKUWsyUUI4SDE5Rzg4enV2ZmtKWmtZaUhZemFnTFNzTEprNkdUcndaMUFJUFZCRFJlTHpWZUxQbDNFa1RmSFJNZQpEaHVFemY3dm5DbGZxN2ZvcUdJNmxmR2NvaHZIKzY1VU9aSjF1alY1eW1FeTg0ZXNyRmFpa3pSL3BYcmF6bUtpCjQvSG1teHVOUGdSVFRQUmswKzBnaGhSUXE4VUQzUVo5cnhYU0dmc0NnWUVBdFM4eE9OZ1V6ZDBZQmMvcWFMNDcKWWZYYWdzaTVjTGxXNVNLQVhGL0o4aW9EZDRCRXpBVUI0d3ZjdHdnSGhNaGNkd3E5ZWhQaGthdW80bGtpTVVkeQpxakNkNmQvSE1zZE1MSEEwcndzM21VeGtwMFVKSm9VRnNHVjFxMG82UkRTdll5aVhKZ0dhSUg3bVhiNUtmVVFsClBjY2YyNzd6eExiRG5BWTNRU3BSRjRrQ2dZRUFyc3ltd3Jrc21tL2ZLVUdGeEZIdUNCUVREZUZyOGluY1hIZVkKcE1FYmJZTlZWZC9TYWdxZkVyZ1VYaDkvOWFpWWhkODBoTFdLMmdJYlU2bzRGa0NRMFFubkhIUXd1dVN3OUVUMwo3bndjVXN3M3R4WmF4cmRQNHorb3BndTRGeWhBMlAyRStYTVVoZHZReHNjbTI5NkgybEh5TEx5bUVpb2ZyMVExCjArV2l3QjhDZ1lCaFJQaTBjbUk0aXdPNE1BUVRkM1A2U0tNc0pRZTZxM1IxT0psLzIzRC9HM1hiMEIzZ3UxZ3YKNERVbDdjbHZOTEpRdHRuRDdEcS9QVC9iV000K0VzSjd1SjAvWGtLL2ZvVVEwSy94SGxnTUtDa0lQMUtoMVNMcgpMSjB2RGlUQjk0c2xaa1pTNnpjR240Z1dqMjBvVnBzL3JSenR1TEJEaGhzMURhby8yV3lRYXc9PQotLS0tLUVORCBSU0EgUFJJVkFURSBLRVktLS0tLQo="
                },
                "cluster_ca_certificate": {
                    "sensitive": false,
                    "type": "string",
                    "value": "LS0tLS1CRUdJTiBDRVJUSUZJQ0FURS0tLS0tCk1JSURDekNDQWZPZ0F3SUJBZ0lRR1h0NVJtYWhDQS9BcW8zd0NGWWRPREFOQmdrcWhraUc5dzBCQVFzRkFEQXYKTVMwd0t3WURWUVFERXlRMk1HSmlNalE0TWkxbVptVXdMVFE1TmpNdE9XSXpOaTB6TWpnNVptUTVZall3TmpZdwpIaGNOTVRrd016RTRNRGd3TWpJM1doY05NalF3TXpFMk1Ea3dNakkzV2pBdk1TMHdLd1lEVlFRREV5UTJNR0ppCk1qUTRNaTFtWm1Vd0xUUTVOak10T1dJek5pMHpNamc1Wm1RNVlqWXdOall3Z2dFaU1BMEdDU3FHU0liM0RRRUIKQVFVQUE0SUJEd0F3Z2dFS0FvSUJBUUNzVTVidndaWEd0V0gwZ0tZMG9LOGJiQlY1RXpBM2hRbWdhYWsrSHp2NQpOM3ZQTzdWVTVSa25pbDRsLzZaNWs1dnB4WlZhZTR6K1V1N2l1M05EbXhCTWI1WjlmMDcySk50OXBGQThNQkl5CkRPd2FOZ3FVanV5cWVEMXBraHhBTjdpSG0vTE9SVWpQK2h2NnRxMHZLVXAwQTJJSjhIZVArcmlabFh1cXZTYU0KMmx5SFNnZElpNy9IbnNTZGNMM3hmVEF6QWxQT1hlYWp4K0V4dzBMWGpSbGZvOGNpbm82SlM4MXRSb25Ha0QzNwpYREJzMnU2dHVoT0NadndaQ01EUkV2bXZHRUFHQmNQNzZVMXZ0b3lDYW51eHRtSXRDNWp3SU43MjhPd3lud0ZzClJ5Q3F0Vk1GZEloK0IydG5ZczBwZGtjNXoyeEd6bExQZ1JTaGY4c0Y3MjN6QWdNQkFBR2pJekFoTUE0R0ExVWQKRHdFQi93UUVBd0lDQkRBUEJnTlZIUk1CQWY4RUJUQURBUUgvTUEwR0NTcUdTSWIzRFFFQkN3VUFBNElCQVFDaQpOQ0tMLzlwNER5Qzd3VjBPeWsxTlRUajl6NEdJcDRuRW8wdE56L3dMOWR3K3lUaWpRNnVCaytSN1I2VUx2aWZOCllqVFRjV25sUjlqbHZUNXFxemtDZy9hcjVJU3BKNFFTSTFtQ3dHcm56OW1iZWMzdkJ2U3ZLUENpZU1nZWhDeVEKNXlQdEU5T3JYSHJHOFZlSUNzL3pOeFNqNTBXYW9vYTcrSnlFSjljcXIydGptc3piem10Q29yWit3bE8xcFF5dgp3L0pnQU5YdXlwdUwrbFFxZ3JJdDd5NFFRWHN4UGJZSm9IL2p5eGpqRmtSV1EycUZ6dE1zOTkzTWszWGdaMTR5CmJNY04zUFpaSTBQS3N0UWhOb0pkOUR0aWlqSFhzOXZJTytEUWhpTmJSTTc2dkZRV3pHOVlhMW1KOUlheUNZNDYKaGgwcGxlWDNhcVFmL2huMWhnbHYKLS0tLS1FTkQgQ0VSVElGSUNBVEUtLS0tLQo="
                }
            },
            "resources": {
                "google_cloudbuild_trigger.cd-trigger": {
                    "type": "google_cloudbuild_trigger",
                    "depends_on": [],
                    "primary": {
                        "id": "ca-rpa-dev/74886892-10e3-4846-9925-5a280d9580c0",
                        "attributes": {
                            "build.#": "0",
                            "create_time": "2019-03-18T06:40:27.735851434Z",
                            "description": "",
                            "disabled": "",
                            "filename": "cloudbuild.yaml",
                            "id": "ca-rpa-dev/74886892-10e3-4846-9925-5a280d9580c0",
                            "ignored_files.#": "0",
                            "included_files.#": "1",
                            "included_files.0": "manifests/*",
                            "project": "ca-rpa-dev",
                            "substitutions.%": "0",
                            "trigger_id": "74886892-10e3-4846-9925-5a280d9580c0",
                            "trigger_template.#": "1",
                            "trigger_template.0.branch_name": "dev",
                            "trigger_template.0.commit_sha": "",
                            "trigger_template.0.dir": "",
                            "trigger_template.0.project_id": "ca-rpa-dev",
                            "trigger_template.0.repo_name": "terraform-env-repo-dev",
                            "trigger_template.0.tag_name": ""
                        },
                        "meta": {
                            "e2bfb730-ecaa-11e6-8f88-34363bc7c4c0": {
                                "create": 240000000000,
                                "delete": 240000000000,
                                "update": 240000000000
                            },
                            "schema_version": "1"
                        },
                        "tainted": false
                    },
                    "deposed": [],
                    "provider": "provider.google"
                },
                "google_cloudbuild_trigger.ci-trigger": {
                    "type": "google_cloudbuild_trigger",
                    "depends_on": [],
                    "primary": {
                        "id": "ca-rpa-dev/45ed3ddf-7d98-4532-b01e-26f2ee3f3401",
                        "attributes": {
                            "build.#": "0",
                            "create_time": "2019-03-18T06:40:28.515833599Z",
                            "description": "",
                            "disabled": "",
                            "filename": "cloudbuild.yaml",
                            "id": "ca-rpa-dev/45ed3ddf-7d98-4532-b01e-26f2ee3f3401",
                            "ignored_files.#": "0",
                            "included_files.#": "0",
                            "project": "ca-rpa-dev",
                            "substitutions.%": "0",
                            "trigger_id": "45ed3ddf-7d98-4532-b01e-26f2ee3f3401",
                            "trigger_template.#": "1",
                            "trigger_template.0.branch_name": "master",
                            "trigger_template.0.commit_sha": "",
                            "trigger_template.0.dir": "",
                            "trigger_template.0.project_id": "ca-rpa-dev",
                            "trigger_template.0.repo_name": "terraform-app1-repo-dev",
                            "trigger_template.0.tag_name": ""
                        },
                        "meta": {
                            "e2bfb730-ecaa-11e6-8f88-34363bc7c4c0": {
                                "create": 240000000000,
                                "delete": 240000000000,
                                "update": 240000000000
                            },
                            "schema_version": "1"
                        },
                        "tainted": false
                    },
                    "deposed": [],
                    "provider": "provider.google"
                },
                "google_compute_network.terraform-network-dev": {
                    "type": "google_compute_network",
                    "depends_on": [],
                    "primary": {
                        "id": "terraform-network-dev",
                        "attributes": {
                            "auto_create_subnetworks": "true",
                            "description": "",
                            "gateway_ipv4": "",
                            "id": "terraform-network-dev",
                            "ipv4_range": "",
                            "name": "terraform-network-dev",
                            "project": "ca-rpa-dev",
                            "routing_mode": "REGIONAL",
                            "self_link": "https://www.googleapis.com/compute/v1/projects/ca-rpa-dev/global/networks/terraform-network-dev"
                        },
                        "meta": {
                            "e2bfb730-ecaa-11e6-8f88-34363bc7c4c0": {
                                "create": 240000000000,
                                "delete": 240000000000,
                                "update": 240000000000
                            }
                        },
                        "tainted": false
                    },
                    "deposed": [],
                    "provider": "provider.google"
                },
                "google_compute_router.terraform-router-dev": {
                    "type": "google_compute_router",
                    "depends_on": [
                        "google_compute_network.terraform-network-dev",
                        "google_compute_subnetwork.terrform-subnet1-dev"
                    ],
                    "primary": {
                        "id": "asia-northeast1/terraform-router-dev",
                        "attributes": {
                            "bgp.#": "0",
                            "creation_timestamp": "2019-03-17T23:41:23.555-07:00",
                            "description": "",
                            "id": "asia-northeast1/terraform-router-dev",
                            "name": "terraform-router-dev",
                            "network": "https://www.googleapis.com/compute/v1/projects/ca-rpa-dev/global/networks/terraform-network-dev",
                            "project": "ca-rpa-dev",
                            "region": "asia-northeast1",
                            "self_link": "https://www.googleapis.com/compute/v1/projects/ca-rpa-dev/regions/asia-northeast1/routers/terraform-router-dev"
                        },
                        "meta": {
                            "e2bfb730-ecaa-11e6-8f88-34363bc7c4c0": {
                                "create": 240000000000,
                                "delete": 240000000000,
                                "update": 240000000000
                            }
                        },
                        "tainted": false
                    },
                    "deposed": [],
                    "provider": "provider.google"
                },
                "google_compute_router_nat.terraform-nat": {
                    "type": "google_compute_router_nat",
                    "depends_on": [
                        "google_compute_router.terraform-router-dev"
                    ],
                    "primary": {
                        "id": "asia-northeast1/terraform-router-dev/terraform-nat",
                        "attributes": {
                            "icmp_idle_timeout_sec": "0",
                            "id": "asia-northeast1/terraform-router-dev/terraform-nat",
                            "min_ports_per_vm": "0",
                            "name": "terraform-nat",
                            "nat_ip_allocate_option": "AUTO_ONLY",
                            "nat_ips.#": "0",
                            "project": "ca-rpa-dev",
                            "region": "asia-northeast1",
                            "router": "terraform-router-dev",
                            "source_subnetwork_ip_ranges_to_nat": "ALL_SUBNETWORKS_ALL_IP_RANGES",
                            "subnetwork.#": "0",
                            "tcp_established_idle_timeout_sec": "0",
                            "tcp_transitory_idle_timeout_sec": "0",
                            "udp_idle_timeout_sec": "0"
                        },
                        "meta": {
                            "e2bfb730-ecaa-11e6-8f88-34363bc7c4c0": {
                                "create": 600000000000,
                                "delete": 600000000000
                            }
                        },
                        "tainted": false
                    },
                    "deposed": [],
                    "provider": "provider.google"
                },
                "google_compute_subnetwork.terrform-subnet1-dev": {
                    "type": "google_compute_subnetwork",
                    "depends_on": [
                        "google_compute_network.terraform-network-dev"
                    ],
                    "primary": {
                        "id": "asia-northeast1/terrform-subnet1-dev",
                        "attributes": {
                            "creation_timestamp": "2019-03-17T23:41:06.022-07:00",
                            "description": "",
                            "enable_flow_logs": "false",
                            "fingerprint": "ti72ufFA4xY=",
                            "gateway_address": "192.168.10.1",
                            "id": "asia-northeast1/terrform-subnet1-dev",
                            "ip_cidr_range": "192.168.10.0/24",
                            "name": "terrform-subnet1-dev",
                            "network": "https://www.googleapis.com/compute/v1/projects/ca-rpa-dev/global/networks/terraform-network-dev",
                            "private_ip_google_access": "false",
                            "project": "ca-rpa-dev",
                            "region": "asia-northeast1",
                            "secondary_ip_range.#": "2",
                            "secondary_ip_range.0.ip_cidr_range": "10.4.0.0/14",
                            "secondary_ip_range.0.range_name": "gke-rpa-dev-cluster-pods-5b3feb48",
                            "secondary_ip_range.1.ip_cidr_range": "10.70.0.0/20",
                            "secondary_ip_range.1.range_name": "gke-rpa-dev-cluster-services-5b3feb48",
                            "self_link": "https://www.googleapis.com/compute/v1/projects/ca-rpa-dev/regions/asia-northeast1/subnetworks/terrform-subnet1-dev"
                        },
                        "meta": {
                            "e2bfb730-ecaa-11e6-8f88-34363bc7c4c0": {
                                "create": 360000000000,
                                "delete": 360000000000,
                                "update": 360000000000
                            }
                        },
                        "tainted": false
                    },
                    "deposed": [],
                    "provider": "provider.google"
                },
                "google_container_cluster.primary": {
                    "type": "google_container_cluster",
                    "depends_on": [
                        "google_compute_network.terraform-network-dev",
                        "google_compute_subnetwork.terrform-subnet1-dev"
                    ],
                    "primary": {
                        "id": "rpa-dev-cluster",
                        "attributes": {
                            "additional_zones.#": "3",
                            "additional_zones.2275771321": "asia-northeast1-b",
                            "additional_zones.2663297784": "asia-northeast1-c",
                            "additional_zones.2894647418": "asia-northeast1-a",
                            "addons_config.#": "1",
                            "addons_config.0.horizontal_pod_autoscaling.#": "0",
                            "addons_config.0.http_load_balancing.#": "0",
                            "addons_config.0.kubernetes_dashboard.#": "1",
                            "addons_config.0.kubernetes_dashboard.0.disabled": "true",
                            "addons_config.0.network_policy_config.#": "1",
                            "addons_config.0.network_policy_config.0.disabled": "true",
                            "cluster_autoscaling.#": "0",
                            "cluster_ipv4_cidr": "10.4.0.0/14",
                            "description": "",
                            "enable_kubernetes_alpha": "false",
                            "enable_legacy_abac": "false",
                            "endpoint": "35.200.77.130",
                            "id": "rpa-dev-cluster",
                            "initial_node_count": "1",
                            "instance_group_urls.#": "0",
                            "ip_allocation_policy.#": "1",
                            "ip_allocation_policy.0.cluster_ipv4_cidr_block": "10.4.0.0/14",
                            "ip_allocation_policy.0.cluster_secondary_range_name": "gke-rpa-dev-cluster-pods-9feb1b93",
                            "ip_allocation_policy.0.create_subnetwork": "false",
                            "ip_allocation_policy.0.node_ipv4_cidr_block": "",
                            "ip_allocation_policy.0.services_ipv4_cidr_block": "10.70.0.0/20",
                            "ip_allocation_policy.0.services_secondary_range_name": "gke-rpa-dev-cluster-services-9feb1b93",
                            "ip_allocation_policy.0.subnetwork_name": "",
                            "ip_allocation_policy.0.use_ip_aliases": "true",
                            "logging_service": "logging.googleapis.com",
                            "maintenance_policy.#": "0",
                            "master_auth.#": "1",
                            "master_auth.0.client_certificate": "LS0tLS1CRUdJTiBDRVJUSUZJQ0FURS0tLS0tCk1JSUMyakNDQWNLZ0F3SUJBZ0lRQy9aWmdxRzNXQkk4akFKdllIbGVJekFOQmdrcWhraUc5dzBCQVFzRkFEQXYKTVMwd0t3WURWUVFERXlRMk1HSmlNalE0TWkxbVptVXdMVFE1TmpNdE9XSXpOaTB6TWpnNVptUTVZall3TmpZdwpIaGNOTVRrd016RTRNRGt3TWpJM1doY05NalF3TXpFMk1Ea3dNakkzV2pBUk1ROHdEUVlEVlFRREV3WmpiR2xsCmJuUXdnZ0VpTUEwR0NTcUdTSWIzRFFFQkFRVUFBNElCRHdBd2dnRUtBb0lCQVFDRmsyVklaUUZvci9RS1VtajkKeU1FeUZvdlVOa3NIK24xdHMwMUdGcS9PanpXd1kzR3luM2NlOC9BdVV6UGl2d245SEc2YStVby9OVlMzekJndApPa0hRMDlMRER5N3JKNUU5Y0RjMHVaVUFZYmNQVnlkZTJUTFM1MENhU3J4M0xka0VtOUhTdzhrMjhTOTd5elU4CnhRZGNqYnJnUEhrWDFnWkd6M0F5WHl6RmhGcTVEWmwrYTZoaDVIOG9Ia0hqS0t4VE1JSjZXSklraUNIQ0xNSzMKZzZVcUl0eERQVHY1Mjc5Z3ZiWUJKdnRGOVIyZjFxNXRZRDhWWHVISGJWU2lwSmVaZHZSc3UrMVBicUFmU2syVApDUDN2czAyR25MZHhpOVRZQ1I4V09mSnZNclpXU3AvU0t6YSt2Y2R4UU5jM0VvNURwNUlPMHZJZGxGdjFWampNClhCZmZBZ01CQUFHakVEQU9NQXdHQTFVZEV3RUIvd1FDTUFBd0RRWUpLb1pJaHZjTkFRRUxCUUFEZ2dFQkFBa0UKVmpGbUI1VUNFRUZNQndmWHZUTE5FeXpjSzBONXlweHNkMGVzU3ZERmtHTklzeDNMTU1hNkJHejFWRjA3SFVvOApFbkxKNXh2TW16TURtUW1YWkV4WFN0RHZ0WkEwQVgrM3Q3WUY5b3hUOGc0YjdiWUZkbHZrNXQ3RVZ1Slk3R052ClpjV2xQU2dNOEpSMmpPaVBCNnZTUDBwODRsYVZaRmhrejVEM0xFL0lMWi9TZnpOaU9ZTFhMTXFKeE14Y1pUTm8KTUtyT3prSDFJOU50WVRrV1FzcGdoaTBjSTl5Z1Y2cnhWSkw4WHZ4dDF4RFQydlFEWUZkVitKUk1VRUFrNlowMgpnT05Hc2xheU5Fdm9BeXdWalYwdXIrRzE0OFh3bHc0VXB4czBaSFplc0hCc3RZZkFVQm55Y01DS1NWdENvcXozCjBVUlh6QmVheDdKaXRnN1QrdEE9Ci0tLS0tRU5EIENFUlRJRklDQVRFLS0tLS0K",
                            "master_auth.0.client_certificate_config.#": "0",
                            "master_auth.0.client_key": "LS0tLS1CRUdJTiBSU0EgUFJJVkFURSBLRVktLS0tLQpNSUlFcEFJQkFBS0NBUUVBaFpObFNHVUJhSy8wQ2xKby9jakJNaGFMMURaTEIvcDliYk5OUmhhdnpvODFzR054CnNwOTNIdlB3TGxNejRyOEovUnh1bXZsS1B6VlV0OHdZTFRwQjBOUFN3dzh1NnllUlBYQTNOTG1WQUdHM0QxY24KWHRreTB1ZEFta3E4ZHkzWkJKdlIwc1BKTnZFdmU4czFQTVVIWEkyNjREeDVGOVlHUnM5d01sOHN4WVJhdVEyWgpmbXVvWWVSL0tCNUI0eWlzVXpDQ2VsaVNKSWdod2l6Q3Q0T2xLaUxjUXowNytkdS9ZTDIyQVNiN1JmVWRuOWF1CmJXQS9GVjdoeDIxVW9xU1htWGIwYkx2dFQyNmdIMHBOa3dqOTc3Tk5ocHkzY1l2VTJBa2ZGam55YnpLMlZrcWYKMGlzMnZyM0hjVURYTnhLT1E2ZVNEdEx5SFpSYjlWWTR6RndYM3dJREFRQUJBb0lCQUE0L1JwdHpwb21uZkNTZQpYZk4xQzdlUGRHZWZTTjUzZkdtM0tRUCtSeVNGaURPaHBRNitkOWdBZ0hyakcxTFJPZWF2akg2UmMyRmk0S3FLCnBYNHNJTGxUaStuaFB6UmhiOW81UGdlQ0pJbmt0NVZMeXZlN1pwMHgxdVZUYmw4RWhWNjZvMC9UTVMyS2lSd3YKbnZuZ2hybjdwZ0NQMkFINlY5NEtvY3dhOUZnTUdxWnFoS2dmRzJhcUVVcHJlZlNmcXFKM2tMcEsyYkRFM0dQNApJT2U2K0xLOTNwVGxmMC8yN2lvejlKdFcxTElxaHMyMGE0QUdHRDZGclVGSmNZUnBYU01RV3NHRmtNdVB0dkhUCjFtaXc2Zms2M1hXNng3Zi9VV2RzUmlJM2MzdHVOSTJBc2pxb2JjUFQ4WTNNMTdhOWFZdENZSWh1MThtYTY3WlYKNlg0R3ppVUNnWUVBdXpQdnFhTFRJdDdDYm1nMWdNNUZBL08vcjQxdHNkdnpDK2xqZTBRMWNaeVgyc0ZXMEhqUAp4VXJJL0ZCc0pvVEJYaWZIeGtaN2VWRkEvckZDeWRvdzUvZVN4Lzc0bTcvR201aGt6SG9Lbit1V0E4U3dmNGRMCk5pYWZ6M0JvU0ZIbFVFNmhLRjdjaERCOXgxN0tCWC9nZnI4TlZwazMraXFLU0dGRGJBaE9tRzBDZ1lFQXRxbzMKUWsyUUI4SDE5Rzg4enV2ZmtKWmtZaUhZemFnTFNzTEprNkdUcndaMUFJUFZCRFJlTHpWZUxQbDNFa1RmSFJNZQpEaHVFemY3dm5DbGZxN2ZvcUdJNmxmR2NvaHZIKzY1VU9aSjF1alY1eW1FeTg0ZXNyRmFpa3pSL3BYcmF6bUtpCjQvSG1teHVOUGdSVFRQUmswKzBnaGhSUXE4VUQzUVo5cnhYU0dmc0NnWUVBdFM4eE9OZ1V6ZDBZQmMvcWFMNDcKWWZYYWdzaTVjTGxXNVNLQVhGL0o4aW9EZDRCRXpBVUI0d3ZjdHdnSGhNaGNkd3E5ZWhQaGthdW80bGtpTVVkeQpxakNkNmQvSE1zZE1MSEEwcndzM21VeGtwMFVKSm9VRnNHVjFxMG82UkRTdll5aVhKZ0dhSUg3bVhiNUtmVVFsClBjY2YyNzd6eExiRG5BWTNRU3BSRjRrQ2dZRUFyc3ltd3Jrc21tL2ZLVUdGeEZIdUNCUVREZUZyOGluY1hIZVkKcE1FYmJZTlZWZC9TYWdxZkVyZ1VYaDkvOWFpWWhkODBoTFdLMmdJYlU2bzRGa0NRMFFubkhIUXd1dVN3OUVUMwo3bndjVXN3M3R4WmF4cmRQNHorb3BndTRGeWhBMlAyRStYTVVoZHZReHNjbTI5NkgybEh5TEx5bUVpb2ZyMVExCjArV2l3QjhDZ1lCaFJQaTBjbUk0aXdPNE1BUVRkM1A2U0tNc0pRZTZxM1IxT0psLzIzRC9HM1hiMEIzZ3UxZ3YKNERVbDdjbHZOTEpRdHRuRDdEcS9QVC9iV000K0VzSjd1SjAvWGtLL2ZvVVEwSy94SGxnTUtDa0lQMUtoMVNMcgpMSjB2RGlUQjk0c2xaa1pTNnpjR240Z1dqMjBvVnBzL3JSenR1TEJEaGhzMURhby8yV3lRYXc9PQotLS0tLUVORCBSU0EgUFJJVkFURSBLRVktLS0tLQo=",
                            "master_auth.0.cluster_ca_certificate": "LS0tLS1CRUdJTiBDRVJUSUZJQ0FURS0tLS0tCk1JSURDekNDQWZPZ0F3SUJBZ0lRR1h0NVJtYWhDQS9BcW8zd0NGWWRPREFOQmdrcWhraUc5dzBCQVFzRkFEQXYKTVMwd0t3WURWUVFERXlRMk1HSmlNalE0TWkxbVptVXdMVFE1TmpNdE9XSXpOaTB6TWpnNVptUTVZall3TmpZdwpIaGNOTVRrd016RTRNRGd3TWpJM1doY05NalF3TXpFMk1Ea3dNakkzV2pBdk1TMHdLd1lEVlFRREV5UTJNR0ppCk1qUTRNaTFtWm1Vd0xUUTVOak10T1dJek5pMHpNamc1Wm1RNVlqWXdOall3Z2dFaU1BMEdDU3FHU0liM0RRRUIKQVFVQUE0SUJEd0F3Z2dFS0FvSUJBUUNzVTVidndaWEd0V0gwZ0tZMG9LOGJiQlY1RXpBM2hRbWdhYWsrSHp2NQpOM3ZQTzdWVTVSa25pbDRsLzZaNWs1dnB4WlZhZTR6K1V1N2l1M05EbXhCTWI1WjlmMDcySk50OXBGQThNQkl5CkRPd2FOZ3FVanV5cWVEMXBraHhBTjdpSG0vTE9SVWpQK2h2NnRxMHZLVXAwQTJJSjhIZVArcmlabFh1cXZTYU0KMmx5SFNnZElpNy9IbnNTZGNMM3hmVEF6QWxQT1hlYWp4K0V4dzBMWGpSbGZvOGNpbm82SlM4MXRSb25Ha0QzNwpYREJzMnU2dHVoT0NadndaQ01EUkV2bXZHRUFHQmNQNzZVMXZ0b3lDYW51eHRtSXRDNWp3SU43MjhPd3lud0ZzClJ5Q3F0Vk1GZEloK0IydG5ZczBwZGtjNXoyeEd6bExQZ1JTaGY4c0Y3MjN6QWdNQkFBR2pJekFoTUE0R0ExVWQKRHdFQi93UUVBd0lDQkRBUEJnTlZIUk1CQWY4RUJUQURBUUgvTUEwR0NTcUdTSWIzRFFFQkN3VUFBNElCQVFDaQpOQ0tMLzlwNER5Qzd3VjBPeWsxTlRUajl6NEdJcDRuRW8wdE56L3dMOWR3K3lUaWpRNnVCaytSN1I2VUx2aWZOCllqVFRjV25sUjlqbHZUNXFxemtDZy9hcjVJU3BKNFFTSTFtQ3dHcm56OW1iZWMzdkJ2U3ZLUENpZU1nZWhDeVEKNXlQdEU5T3JYSHJHOFZlSUNzL3pOeFNqNTBXYW9vYTcrSnlFSjljcXIydGptc3piem10Q29yWit3bE8xcFF5dgp3L0pnQU5YdXlwdUwrbFFxZ3JJdDd5NFFRWHN4UGJZSm9IL2p5eGpqRmtSV1EycUZ6dE1zOTkzTWszWGdaMTR5CmJNY04zUFpaSTBQS3N0UWhOb0pkOUR0aWlqSFhzOXZJTytEUWhpTmJSTTc2dkZRV3pHOVlhMW1KOUlheUNZNDYKaGgwcGxlWDNhcVFmL2huMWhnbHYKLS0tLS1FTkQgQ0VSVElGSUNBVEUtLS0tLQo=",
                            "master_auth.0.password": "",
                            "master_auth.0.username": "",
                            "master_authorized_networks_config.#": "1",
                            "master_authorized_networks_config.0.cidr_blocks.#": "1",
                            "master_authorized_networks_config.0.cidr_blocks.90561943.cidr_block": "0.0.0.0/0",
                            "master_authorized_networks_config.0.cidr_blocks.90561943.display_name": "all",
                            "master_version": "1.11.7-gke.4",
                            "monitoring_service": "monitoring.googleapis.com",
                            "name": "rpa-dev-cluster",
                            "network": "projects/ca-rpa-dev/global/networks/terraform-network-dev",
                            "network_policy.#": "1",
                            "network_policy.0.enabled": "false",
                            "network_policy.0.provider": "PROVIDER_UNSPECIFIED",
                            "node_config.#": "0",
                            "node_pool.#": "0",
                            "node_version": "1.11.7-gke.4",
                            "private_cluster_config.#": "1",
                            "private_cluster_config.0.enable_private_endpoint": "false",
                            "private_cluster_config.0.enable_private_nodes": "true",
                            "private_cluster_config.0.master_ipv4_cidr_block": "172.16.0.0/28",
                            "private_cluster_config.0.private_endpoint": "172.16.0.2",
                            "private_cluster_config.0.public_endpoint": "35.200.77.130",
                            "project": "ca-rpa-dev",
                            "region": "asia-northeast1",
                            "remove_default_node_pool": "true",
                            "resource_labels.%": "0",
                            "subnetwork": "projects/ca-rpa-dev/regions/asia-northeast1/subnetworks/terrform-subnet1-dev",
                            "zone": "asia-northeast1"
                        },
                        "meta": {
                            "e2bfb730-ecaa-11e6-8f88-34363bc7c4c0": {
                                "create": 1800000000000,
                                "delete": 1800000000000,
                                "update": 1800000000000
                            },
                            "schema_version": "1"
                        },
                        "tainted": false
                    },
                    "deposed": [],
                    "provider": "provider.google"
                },
                "google_container_node_pool.primary_preemptible_nodes": {
                    "type": "google_container_node_pool",
                    "depends_on": [
                        "google_container_cluster.primary"
                    ],
                    "primary": {
                        "id": "asia-northeast1/rpa-dev-cluster/rpa-dev-node-pool",
                        "attributes": {
                            "cluster": "rpa-dev-cluster",
                            "id": "asia-northeast1/rpa-dev-cluster/rpa-dev-node-pool",
                            "initial_node_count": "1",
                            "instance_group_urls.#": "3",
                            "instance_group_urls.0": "https://www.googleapis.com/compute/v1/projects/ca-rpa-dev/zones/asia-northeast1-a/instanceGroupManagers/gke-rpa-dev-cluster-rpa-dev-node-pool-a977a344-grp",
                            "instance_group_urls.1": "https://www.googleapis.com/compute/v1/projects/ca-rpa-dev/zones/asia-northeast1-b/instanceGroupManagers/gke-rpa-dev-cluster-rpa-dev-node-pool-71568009-grp",
                            "instance_group_urls.2": "https://www.googleapis.com/compute/v1/projects/ca-rpa-dev/zones/asia-northeast1-c/instanceGroupManagers/gke-rpa-dev-cluster-rpa-dev-node-pool-e03d9935-grp",
                            "management.#": "1",
                            "management.0.auto_repair": "false",
                            "management.0.auto_upgrade": "false",
                            "name": "rpa-dev-node-pool",
                            "name_prefix": "",
                            "node_config.#": "1",
                            "node_config.0.disk_size_gb": "100",
                            "node_config.0.disk_type": "pd-standard",
                            "node_config.0.guest_accelerator.#": "0",
                            "node_config.0.image_type": "COS",
                            "node_config.0.labels.%": "0",
                            "node_config.0.local_ssd_count": "0",
                            "node_config.0.machine_type": "n1-standard-1",
                            "node_config.0.metadata.%": "0",
                            "node_config.0.min_cpu_platform": "",
                            "node_config.0.oauth_scopes.#": "4",
                            "node_config.0.oauth_scopes.1277378754": "https://www.googleapis.com/auth/monitoring",
                            "node_config.0.oauth_scopes.1632638332": "https://www.googleapis.com/auth/devstorage.read_only",
                            "node_config.0.oauth_scopes.172152165": "https://www.googleapis.com/auth/logging.write",
                            "node_config.0.oauth_scopes.299962681": "https://www.googleapis.com/auth/compute",
                            "node_config.0.preemptible": "true",
                            "node_config.0.service_account": "default",
                            "node_config.0.tags.#": "0",
                            "node_config.0.taint.#": "0",
                            "node_config.0.workload_metadata_config.#": "0",
                            "node_count": "1",
                            "project": "ca-rpa-dev",
                            "region": "asia-northeast1",
                            "version": "1.11.7-gke.4"
                        },
                        "meta": {
                            "e2bfb730-ecaa-11e6-8f88-34363bc7c4c0": {
                                "create": 1800000000000,
                                "delete": 600000000000,
                                "update": 600000000000
                            },
                            "schema_version": "1"
                        },
                        "tainted": false
                    },
                    "deposed": [],
                    "provider": "provider.google"
                },
                "google_project_iam_binding.for-creating-container": {
                    "type": "google_project_iam_binding",
                    "depends_on": [],
                    "primary": {
                        "id": "ca-rpa-dev/roles/container.developer",
                        "attributes": {
                            "etag": "BwWEWKpm9aQ=",
                            "id": "ca-rpa-dev/roles/container.developer",
                            "members.#": "1",
                            "members.3197286295": "serviceAccount:619262707437@cloudbuild.gserviceaccount.com",
                            "project": "ca-rpa-dev",
                            "role": "roles/container.developer"
                        },
                        "meta": {},
                        "tainted": false
                    },
                    "deposed": [],
                    "provider": "provider.google"
                },
                "google_project_iam_binding.for-writting-source-codes": {
                    "type": "google_project_iam_binding",
                    "depends_on": [],
                    "primary": {
                        "id": "ca-rpa-dev/roles/source.writer",
                        "attributes": {
                            "etag": "BwWEWKpm9aQ=",
                            "id": "ca-rpa-dev/roles/source.writer",
                            "members.#": "1",
                            "members.3197286295": "serviceAccount:619262707437@cloudbuild.gserviceaccount.com",
                            "project": "ca-rpa-dev",
                            "role": "roles/source.writer"
                        },
                        "meta": {},
                        "tainted": false
                    },
                    "deposed": [],
                    "provider": "provider.google"
                },
                "google_sourcerepo_repository.apprepo-dev": {
                    "type": "google_sourcerepo_repository",
                    "depends_on": [],
                    "primary": {
                        "id": "ca-rpa-dev/terraform-app1-repo-dev",
                        "attributes": {
                            "id": "ca-rpa-dev/terraform-app1-repo-dev",
                            "name": "terraform-app1-repo-dev",
                            "project": "ca-rpa-dev",
                            "size": "5233",
                            "url": "https://source.developers.google.com/p/ca-rpa-dev/r/terraform-app1-repo-dev"
                        },
                        "meta": {
                            "e2bfb730-ecaa-11e6-8f88-34363bc7c4c0": {
                                "create": 240000000000,
                                "delete": 240000000000
                            }
                        },
                        "tainted": false
                    },
                    "deposed": [],
                    "provider": "provider.google"
                },
                "google_sourcerepo_repository.envrepo-dev": {
                    "type": "google_sourcerepo_repository",
                    "depends_on": [],
                    "primary": {
                        "id": "ca-rpa-dev/terraform-env-repo-dev",
                        "attributes": {
                            "id": "ca-rpa-dev/terraform-env-repo-dev",
                            "name": "terraform-env-repo-dev",
                            "project": "ca-rpa-dev",
                            "size": "5441",
                            "url": "https://source.developers.google.com/p/ca-rpa-dev/r/terraform-env-repo-dev"
                        },
                        "meta": {
                            "e2bfb730-ecaa-11e6-8f88-34363bc7c4c0": {
                                "create": 240000000000,
                                "delete": 240000000000
                            }
                        },
                        "tainted": false
                    },
                    "deposed": [],
                    "provider": "provider.google"
                }
            },
            "depends_on": []
        }
    ]
}
