{
    "version": 3,
    "terraform_version": "0.11.13",
    "serial": 7,
    "lineage": "010b4d2b-cb2f-b422-eed4-1036d0709a0e",
    "modules": [
        {
            "path": [
                "root"
            ],
            "outputs": {
                "client_certificate": {
                    "sensitive": false,
                    "type": "string",
                    "value": "LS0tLS1CRUdJTiBDRVJUSUZJQ0FURS0tLS0tCk1JSUMyakNDQWNLZ0F3SUJBZ0lRU1ZhQ0JIYnBSdThnQlRhWVRSUG1PekFOQmdrcWhraUc5dzBCQVFzRkFEQXYKTVMwd0t3WURWUVFERXlRMk9UYzFZbVF3TUMweU1tVTJMVFJtWkdJdFlqQXhOaTFsWkRGa05EZzNZVEJpWkRrdwpIaGNOTVRrd016RTVNRGMwTXpNMVdoY05NalF3TXpFM01EYzBNek0xV2pBUk1ROHdEUVlEVlFRREV3WmpiR2xsCmJuUXdnZ0VpTUEwR0NTcUdTSWIzRFFFQkFRVUFBNElCRHdBd2dnRUtBb0lCQVFDMmxMeFNEdjY5OTBNVHNTZjQKUlV1eEpGZkw1emkwMlJuU1dtZVFEZHhMOStuQjM0OEF1M2lrYW9XQmtaQzJwbDhmWHh3RXphYVdWcW1JOFNpYwpIYWg3WkpBaVl5NW5yWDdsaDh0WHB4YndROUZpNWsremJpZkc5R25aN21rVVBTUVFadjYwcjB1Z1F2UVhBZXpLCmhvMVhBeFp3akRlQlpuTzdiSHRTNE82dHZYaFFpd2ZuMG1sVFEybVZHSW1Qcnl2cW1nSkp0b25jYXZ6QmZzQisKQ3lMVHorZjdGWXZDajYzeHhMOTU4Yk9maUxlSHRodjdTVFFON2h6UDFRVnZUWUErWjF0Q0lvV0RIQnNnSHBiYgpvdmM1Ulk4OE5yZkJhWjZVZkVVczVVUFhyd1ltNm1vY3BYc0YyaTgzSjZXVVBWcldWTnNuYWlkenlaSlBQZ0tBCnJCM1RBZ01CQUFHakVEQU9NQXdHQTFVZEV3RUIvd1FDTUFBd0RRWUpLb1pJaHZjTkFRRUxCUUFEZ2dFQkFJL3kKUmhOY2VKZG5oMmZOOWcybW52RFJncGhKcmlpWnFMM0xJKzlEdjFIUk4xaFdvNG16bmZnNGN1VDY5ZW1iSEVrRQovM3JrMW9hTXlRUWtWeE9veWxGZWxFWjg0b252aFRRN0JFTm1kdDc3RWVnWHplUE1IU0dOK1FSL3A4RUZzY1JtCm9SNGJ4UTNEcTBSbGdRVVUyUXpCVXpwall4cTlWa2dFVWlvR2RrSmZZRVRjQllHUEFneUZiVnJjL1ZXTk8xSjAKOWRVRHhJZHNoL05SOE04VmxqV0o4TkpuenEwckp5WXo2Q1JnNmF4TkF5UjZ2QVZKVU5lRUVyNW1ONE0vWjZyNApPN3piNW5DWEFjeTFMT2tqM2Rvb1YrOURnOXdXSUtHajlkVDlqclo5U3ppUW5Vb0RNN0l6b05hemFCNXRFMzZICmhFZjRObDdCQU0rdHV5QURJQnc9Ci0tLS0tRU5EIENFUlRJRklDQVRFLS0tLS0K"
                },
                "client_key": {
                    "sensitive": false,
                    "type": "string",
                    "value": "LS0tLS1CRUdJTiBSU0EgUFJJVkFURSBLRVktLS0tLQpNSUlFb3dJQkFBS0NBUUVBdHBTOFVnNyt2ZmRERTdFbitFVkxzU1JYeStjNHROa1owbHBua0EzY1MvZnB3ZCtQCkFMdDRwR3FGZ1pHUXRxWmZIMThjQk0ybWxsYXBpUEVvbkIyb2UyU1FJbU11WjYxKzVZZkxWNmNXOEVQUll1WlAKczI0bnh2UnAyZTVwRkQwa0VHYit0SzlMb0VMMEZ3SHN5b2FOVndNV2NJdzNnV1p6dTJ4N1V1RHVyYjE0VUlzSAo1OUpwVTBOcGxSaUpqNjhyNnBvQ1NiYUozR3I4d1g3QWZnc2kwOC9uK3hXTHdvK3Q4Y1MvZWZHem40aTNoN1liCiswazBEZTRjejlVRmIwMkFQbWRiUWlLRmd4d2JJQjZXMjZMM09VV1BQRGEzd1dtZWxIeEZMT1ZEMTY4R0p1cHEKSEtWN0Jkb3ZOeWVsbEQxYTFsVGJKMm9uYzhtU1R6NENnS3dkMHdJREFRQUJBb0lCQUFKWjhBTHVob0ZUeWQxYgpEclMzejcyOFJoVXVLU0RMR3ZZR2pBYmk1czlqcGZNRk9nWThZOVZhT2RYdFZmdkVNTDFxc0NXdnNGR0hWQytiClMzYVhPekE3bjArU0QycnVaUS8zcTdxNVFDWmYrVFpZMlBYcW1VQ0tyVUpOTzdVekJGL2hzNjRJQStWUWQyeEUKYmhROW4xeGJnZEo1TzgzQzBBSzk1dWl1Vk9TUDRvSmlYaFpGeTgxYXVYWGFqNWg3ZzNOSEVnelQzZW1oMW1tUQppQ3ZjM0x6MXdkUjgvQW1OSm5VS1ZTcjFSbGlRTjIzd1MzcjIvQjZSSXNzNG5nZFpBWjV4SEpIbml6dHB2L0VUCkNLSjZFaFpMcHY1czc1OEpHei9FZE1iZWkxVFRWcWl0Z1Q3WXlUWUYxTjViblVWL0grNklTSkpyZHNWdHFvL2EKL0ZxTkNpRUNnWUVBNnNnTi9paFpCaGVJU1VhS0wyanIzOUYzelgxcDhNM2ZEa2FQSWk5c1dqS0VnQ1Y0cTcyYwpmUWJkWGY2RXhJUGNldkRhQWJHRFA2L2F3RmRUOXZYOHRCWUdDL0pSb3hhaU94RHhIQWg3QmQya001RTN5RUxVCjVtYUZKejdsY0hJK09vWTVaMW05NTBoTlhvM2owb0RIZEo0OVlwKzhDa0RrT1o2NjZTMHl4VGNDZ1lFQXh4VDIKT044Ti9aT0loMEpxdWtvM3lxVWJ2TGNYbUpvbUFOeFJYZUpUWVBNS1FZcS81b2VmZVF5aXhKUXB6d0ZxdU9jRQo3R2lTRDgxUTAwTk1nYjdEdzlVTXJqN0xyOGhqQk5CbC9DL0IyMmh5M051TVJHNldjL2lydXFWb3RuZ0xDWC9pCksrZm1XS2JKMEpxUEtPR1lwcUJlSExiOG5Zam54cUt5V21CbHVrVUNnWUFwWlJwcWZHeXQwVXBiT1ErMktqYWsKWU1kUnVOSUwvaEJjOFAzZGxpVHhoa1NzWDI3MlFOa3RoaDlUcWtONGJwTmFMY3NTVDEwSHhwYTRJTzJSOW04Vwp4V2ROaGV6MDUxRzFQbGgwaTk0OCs0WXUvV1NyYjNVZ0ptVkZ0U1k0L0R1U2tBWGcvZ2FvbDZ2a2h2bnJMSDkrClJVUW5kbWh1R21EaTgrU2FwamgwWXdLQmdBVEZzTjFPSTRTM202YzZaVnFQMnVTRnJyT0laQTFwYkkzS3VqeVkKNTB6RXByTkpneTRnaENjZnNXc3E3aEdqUkE2b293cVR1eVNiMUZzc0d0SmxZMFgzZm5WUzFna2hzWlgwOU96bApyQ3o1UlArY1Y3RndRVFVJZWYxZ1o3RXdFWHVwMEI4alVQZEJFRWRxM1JHcXpzRDN5U25CRFM4dGovakgvNlNBCitROU5Bb0dCQUp6NGtSWGM2RWxhaXhFYVJpVlFoZTFHQ09YU1krc3VFenJmYlU3MGgrbTRvYUswL3VaUThpSFIKZEx5bWR1TEpzdlNhSXI3NFNXSG9PalVFZFk2V2ExellKc28rUWNpaXBicDN3aHgzN0NkRVVWbHZHUEFTSnlwdgpSa3JDbVJWWGhtd0VlTjh6UE9aZHlZUTNick5CQk5CVHZPNnZDYmp6VlAwK0h4UEJUTldDCi0tLS0tRU5EIFJTQSBQUklWQVRFIEtFWS0tLS0tCg=="
                },
                "cluster_ca_certificate": {
                    "sensitive": false,
                    "type": "string",
                    "value": "LS0tLS1CRUdJTiBDRVJUSUZJQ0FURS0tLS0tCk1JSURERENDQWZTZ0F3SUJBZ0lSQUlSYWlxYVhBVjNTVlBaOVJzeEFlWFV3RFFZSktvWklodmNOQVFFTEJRQXcKTHpFdE1Dc0dBMVVFQXhNa05qazNOV0prTURBdE1qSmxOaTAwWm1SaUxXSXdNVFl0WldReFpEUTROMkV3WW1RNQpNQjRYRFRFNU1ETXhPVEEyTkRNek5Gb1hEVEkwTURNeE56QTNORE16TkZvd0x6RXRNQ3NHQTFVRUF4TWtOamszCk5XSmtNREF0TWpKbE5pMDBabVJpTFdJd01UWXRaV1F4WkRRNE4yRXdZbVE1TUlJQklqQU5CZ2txaGtpRzl3MEIKQVFFRkFBT0NBUThBTUlJQkNnS0NBUUVBc0ZkMGZ2Z254UEpqYjRNcExvK0l1bFc2NUVnR1M1K0JzbENkVy9OQQpnM0I4Z1o4K0lNU3Uwb29KT0VaQnFneGNPYUJQZ0grVnIyRjB5SjM4WTBBQTNYeThsZm43VzNLNlRqMVFzL1ZuCkRyOGU4OVBXdUVLUldjRGNqT0F4YmZzcVJiTitBTGRkeWswb1lna0VWbGpUTkpNVTFXdS9OYjVEclNlZ043U20KRi8zRzlBaHNSenF1K1E3UXhqNE96WmlCdEtNeFhzY2tXS2dXQmRVTisrdG9KeDBjVlJmV21NRDdpOHJ0TXJudwppY0Z5QVgxZWkxWlNKR1p0Y25VT0dKM3JSREliSkNEQnNGMXJpcXpKaG15ckF0V3ByRmxZSnNZMFJOZVVHNXUyCnJMTWIzQTFZV3g1dGxXSmJDeVB5d0paNTRqVlJWcXI5aU8rNG5tcnRrZnNoZXdJREFRQUJveU13SVRBT0JnTlYKSFE4QkFmOEVCQU1DQWdRd0R3WURWUjBUQVFIL0JBVXdBd0VCL3pBTkJna3Foa2lHOXcwQkFRc0ZBQU9DQVFFQQpGRzJ1bkRTWkhZSnp4ZXNyNk5XdFRKWlovOGwzUnRSdFFzZDlING8rR09GM2VlYTgvWitqRi9ycno2RFRTdzRHCjVJRkx6WUw4OVBxUTkzSnhrM2ZzbkJJYU9jeHZtbjJzZ21nUEF6eFpPR3ZIeTJWTm1YYm02SU9uWk55R3hIaGUKZjFuVnFEOXFrMEtURThKNElhTkdWNVZ5VHpMVDRSU2RqRHpYK0JSRUdKSlh6NmRsM2RCYnJZMHJmejd0d0t0Zwp4bVB4d2xqWEtsUHlWOXpFVXdCL0JaSWJZRDVvdDNWT2lmd2ZINFFlSm9ZM3I3NWVmeUpmQXYyU09tVGhtRnhwCjRmbUMxYS9ZOWR4L0hFWERsNXYzdTdVM1FMc1A5NlNEUFRjY3I1L3NybHJDMktDek1Tb0JqU2hvQmlKSENQUlgKSm1RdTNjMldTb0R5bUNZMSs0WDlGdz09Ci0tLS0tRU5EIENFUlRJRklDQVRFLS0tLS0K"
                }
            },
            "resources": {
                "data.google_project.project": {
                    "type": "google_project",
                    "depends_on": [],
                    "primary": {
                        "id": "ca-rpa-dev",
                        "attributes": {
                            "app_engine.#": "0",
                            "folder_id": "",
                            "id": "ca-rpa-dev",
                            "labels.%": "0",
                            "name": "ca-rpa-dev",
                            "number": "619262707437",
                            "org_id": "1051569445158",
                            "project_id": "ca-rpa-dev"
                        },
                        "meta": {},
                        "tainted": false
                    },
                    "deposed": [],
                    "provider": "provider.google"
                },
                "google_cloudbuild_trigger.cd-trigger": {
                    "type": "google_cloudbuild_trigger",
                    "depends_on": [],
                    "primary": {
                        "id": "ca-rpa-dev/74886892-10e3-4846-9925-5a280d9580c0",
                        "attributes": {
                            "build.#": "0",
                            "create_time": "2019-03-18T06:40:27.735851434Z",
                            "description": "",
                            "disabled": "",
                            "filename": "cloudbuild.yaml",
                            "id": "ca-rpa-dev/74886892-10e3-4846-9925-5a280d9580c0",
                            "ignored_files.#": "0",
                            "included_files.#": "1",
                            "included_files.0": "manifests/*",
                            "project": "ca-rpa-dev",
                            "substitutions.%": "2",
                            "substitutions._CLUSTER": "rpa-dev-cluster",
                            "substitutions._REGION": "asia-northeast1",
                            "trigger_id": "74886892-10e3-4846-9925-5a280d9580c0",
                            "trigger_template.#": "1",
                            "trigger_template.0.branch_name": "dev",
                            "trigger_template.0.commit_sha": "",
                            "trigger_template.0.dir": "",
                            "trigger_template.0.project_id": "ca-rpa-dev",
                            "trigger_template.0.repo_name": "terraform-env-repo-dev",
                            "trigger_template.0.tag_name": ""
                        },
                        "meta": {
                            "e2bfb730-ecaa-11e6-8f88-34363bc7c4c0": {
                                "create": 240000000000,
                                "delete": 240000000000,
                                "update": 240000000000
                            },
                            "schema_version": "1"
                        },
                        "tainted": false
                    },
                    "deposed": [],
                    "provider": "provider.google"
                },
                "google_cloudbuild_trigger.ci-trigger": {
                    "type": "google_cloudbuild_trigger",
                    "depends_on": [],
                    "primary": {
                        "id": "ca-rpa-dev/45ed3ddf-7d98-4532-b01e-26f2ee3f3401",
                        "attributes": {
                            "build.#": "0",
                            "create_time": "2019-03-18T06:40:28.515833599Z",
                            "description": "",
                            "disabled": "",
                            "filename": "cloudbuild.yaml",
                            "id": "ca-rpa-dev/45ed3ddf-7d98-4532-b01e-26f2ee3f3401",
                            "ignored_files.#": "0",
                            "included_files.#": "0",
                            "project": "ca-rpa-dev",
                            "substitutions.%": "1",
                            "substitutions._MANIFESTS_REPO_NAME": "terraform-env-repo-dev",
                            "trigger_id": "45ed3ddf-7d98-4532-b01e-26f2ee3f3401",
                            "trigger_template.#": "1",
                            "trigger_template.0.branch_name": "master",
                            "trigger_template.0.commit_sha": "",
                            "trigger_template.0.dir": "",
                            "trigger_template.0.project_id": "ca-rpa-dev",
                            "trigger_template.0.repo_name": "terraform-app0-repo-dev",
                            "trigger_template.0.tag_name": ""
                        },
                        "meta": {
                            "e2bfb730-ecaa-11e6-8f88-34363bc7c4c0": {
                                "create": 240000000000,
                                "delete": 240000000000,
                                "update": 240000000000
                            },
                            "schema_version": "1"
                        },
                        "tainted": false
                    },
                    "deposed": [],
                    "provider": "provider.google"
                },
                "google_compute_network.terraform-network-dev": {
                    "type": "google_compute_network",
                    "depends_on": [],
                    "primary": {
                        "id": "terraform-network-dev",
                        "attributes": {
                            "auto_create_subnetworks": "true",
                            "description": "",
                            "gateway_ipv4": "",
                            "id": "terraform-network-dev",
                            "ipv4_range": "",
                            "name": "terraform-network-dev",
                            "project": "ca-rpa-dev",
                            "routing_mode": "REGIONAL",
                            "self_link": "https://www.googleapis.com/compute/v1/projects/ca-rpa-dev/global/networks/terraform-network-dev"
                        },
                        "meta": {
                            "e2bfb730-ecaa-11e6-8f88-34363bc7c4c0": {
                                "create": 240000000000,
                                "delete": 240000000000,
                                "update": 240000000000
                            }
                        },
                        "tainted": false
                    },
                    "deposed": [],
                    "provider": "provider.google"
                },
                "google_compute_router.terraform-router-dev": {
                    "type": "google_compute_router",
                    "depends_on": [
                        "google_compute_network.terraform-network-dev",
                        "google_compute_subnetwork.terrform-subnet1-dev"
                    ],
                    "primary": {
                        "id": "asia-northeast1/terraform-router-dev",
                        "attributes": {
                            "bgp.#": "0",
                            "creation_timestamp": "2019-03-17T23:41:23.555-07:00",
                            "description": "",
                            "id": "asia-northeast1/terraform-router-dev",
                            "name": "terraform-router-dev",
                            "network": "https://www.googleapis.com/compute/v1/projects/ca-rpa-dev/global/networks/terraform-network-dev",
                            "project": "ca-rpa-dev",
                            "region": "asia-northeast1",
                            "self_link": "https://www.googleapis.com/compute/v1/projects/ca-rpa-dev/regions/asia-northeast1/routers/terraform-router-dev"
                        },
                        "meta": {
                            "e2bfb730-ecaa-11e6-8f88-34363bc7c4c0": {
                                "create": 240000000000,
                                "delete": 240000000000,
                                "update": 240000000000
                            }
                        },
                        "tainted": false
                    },
                    "deposed": [],
                    "provider": "provider.google"
                },
                "google_compute_router_nat.terraform-nat": {
                    "type": "google_compute_router_nat",
                    "depends_on": [
                        "google_compute_router.terraform-router-dev"
                    ],
                    "primary": {
                        "id": "asia-northeast1/terraform-router-dev/terraform-nat",
                        "attributes": {
                            "icmp_idle_timeout_sec": "0",
                            "id": "asia-northeast1/terraform-router-dev/terraform-nat",
                            "min_ports_per_vm": "0",
                            "name": "terraform-nat",
                            "nat_ip_allocate_option": "AUTO_ONLY",
                            "nat_ips.#": "0",
                            "project": "ca-rpa-dev",
                            "region": "asia-northeast1",
                            "router": "terraform-router-dev",
                            "source_subnetwork_ip_ranges_to_nat": "ALL_SUBNETWORKS_ALL_IP_RANGES",
                            "subnetwork.#": "0",
                            "tcp_established_idle_timeout_sec": "0",
                            "tcp_transitory_idle_timeout_sec": "0",
                            "udp_idle_timeout_sec": "0"
                        },
                        "meta": {
                            "e2bfb730-ecaa-11e6-8f88-34363bc7c4c0": {
                                "create": 600000000000,
                                "delete": 600000000000
                            }
                        },
                        "tainted": false
                    },
                    "deposed": [],
                    "provider": "provider.google"
                },
                "google_compute_subnetwork.terrform-subnet1-dev": {
                    "type": "google_compute_subnetwork",
                    "depends_on": [
                        "google_compute_network.terraform-network-dev",
                        "local.region"
                    ],
                    "primary": {
                        "id": "asia-northeast1/terrform-subnet1-dev",
                        "attributes": {
                            "creation_timestamp": "2019-03-17T23:41:06.022-07:00",
                            "description": "",
                            "enable_flow_logs": "false",
                            "fingerprint": "PFM4ybKWcX4=",
                            "gateway_address": "192.168.10.1",
                            "id": "asia-northeast1/terrform-subnet1-dev",
                            "ip_cidr_range": "192.168.10.0/24",
                            "name": "terrform-subnet1-dev",
                            "network": "https://www.googleapis.com/compute/v1/projects/ca-rpa-dev/global/networks/terraform-network-dev",
                            "private_ip_google_access": "false",
                            "project": "ca-rpa-dev",
                            "region": "asia-northeast1",
                            "secondary_ip_range.#": "2",
                            "secondary_ip_range.0.ip_cidr_range": "10.70.0.0/20",
                            "secondary_ip_range.0.range_name": "gke-rpa-dev-cluster-services-a93275db",
                            "secondary_ip_range.1.ip_cidr_range": "10.4.0.0/14",
                            "secondary_ip_range.1.range_name": "gke-rpa-dev-cluster-pods-a93275db",
                            "self_link": "https://www.googleapis.com/compute/v1/projects/ca-rpa-dev/regions/asia-northeast1/subnetworks/terrform-subnet1-dev"
                        },
                        "meta": {
                            "e2bfb730-ecaa-11e6-8f88-34363bc7c4c0": {
                                "create": 360000000000,
                                "delete": 360000000000,
                                "update": 360000000000
                            }
                        },
                        "tainted": false
                    },
                    "deposed": [],
                    "provider": "provider.google"
                },
                "google_container_cluster.primary": {
                    "type": "google_container_cluster",
                    "depends_on": [
                        "google_compute_network.terraform-network-dev",
                        "google_compute_subnetwork.terrform-subnet1-dev"
                    ],
                    "primary": {
                        "id": "rpa-dev-cluster",
                        "attributes": {
                            "additional_zones.#": "3",
                            "additional_zones.2275771321": "asia-northeast1-b",
                            "additional_zones.2663297784": "asia-northeast1-c",
                            "additional_zones.2894647418": "asia-northeast1-a",
                            "addons_config.#": "1",
                            "addons_config.0.horizontal_pod_autoscaling.#": "0",
                            "addons_config.0.http_load_balancing.#": "0",
                            "addons_config.0.kubernetes_dashboard.#": "1",
                            "addons_config.0.kubernetes_dashboard.0.disabled": "true",
                            "addons_config.0.network_policy_config.#": "1",
                            "addons_config.0.network_policy_config.0.disabled": "true",
                            "cluster_autoscaling.#": "0",
                            "cluster_ipv4_cidr": "10.4.0.0/14",
                            "description": "",
                            "enable_kubernetes_alpha": "false",
                            "enable_legacy_abac": "false",
                            "endpoint": "35.200.98.120",
                            "id": "rpa-dev-cluster",
                            "initial_node_count": "1",
                            "instance_group_urls.#": "0",
                            "ip_allocation_policy.#": "1",
                            "ip_allocation_policy.0.cluster_ipv4_cidr_block": "10.4.0.0/14",
                            "ip_allocation_policy.0.cluster_secondary_range_name": "gke-rpa-dev-cluster-pods-a93275db",
                            "ip_allocation_policy.0.create_subnetwork": "false",
                            "ip_allocation_policy.0.node_ipv4_cidr_block": "",
                            "ip_allocation_policy.0.services_ipv4_cidr_block": "10.70.0.0/20",
                            "ip_allocation_policy.0.services_secondary_range_name": "gke-rpa-dev-cluster-services-a93275db",
                            "ip_allocation_policy.0.subnetwork_name": "",
                            "ip_allocation_policy.0.use_ip_aliases": "true",
                            "logging_service": "logging.googleapis.com",
                            "maintenance_policy.#": "0",
                            "master_auth.#": "1",
                            "master_auth.0.client_certificate": "LS0tLS1CRUdJTiBDRVJUSUZJQ0FURS0tLS0tCk1JSUMyakNDQWNLZ0F3SUJBZ0lRU1ZhQ0JIYnBSdThnQlRhWVRSUG1PekFOQmdrcWhraUc5dzBCQVFzRkFEQXYKTVMwd0t3WURWUVFERXlRMk9UYzFZbVF3TUMweU1tVTJMVFJtWkdJdFlqQXhOaTFsWkRGa05EZzNZVEJpWkRrdwpIaGNOTVRrd016RTVNRGMwTXpNMVdoY05NalF3TXpFM01EYzBNek0xV2pBUk1ROHdEUVlEVlFRREV3WmpiR2xsCmJuUXdnZ0VpTUEwR0NTcUdTSWIzRFFFQkFRVUFBNElCRHdBd2dnRUtBb0lCQVFDMmxMeFNEdjY5OTBNVHNTZjQKUlV1eEpGZkw1emkwMlJuU1dtZVFEZHhMOStuQjM0OEF1M2lrYW9XQmtaQzJwbDhmWHh3RXphYVdWcW1JOFNpYwpIYWg3WkpBaVl5NW5yWDdsaDh0WHB4YndROUZpNWsremJpZkc5R25aN21rVVBTUVFadjYwcjB1Z1F2UVhBZXpLCmhvMVhBeFp3akRlQlpuTzdiSHRTNE82dHZYaFFpd2ZuMG1sVFEybVZHSW1Qcnl2cW1nSkp0b25jYXZ6QmZzQisKQ3lMVHorZjdGWXZDajYzeHhMOTU4Yk9maUxlSHRodjdTVFFON2h6UDFRVnZUWUErWjF0Q0lvV0RIQnNnSHBiYgpvdmM1Ulk4OE5yZkJhWjZVZkVVczVVUFhyd1ltNm1vY3BYc0YyaTgzSjZXVVBWcldWTnNuYWlkenlaSlBQZ0tBCnJCM1RBZ01CQUFHakVEQU9NQXdHQTFVZEV3RUIvd1FDTUFBd0RRWUpLb1pJaHZjTkFRRUxCUUFEZ2dFQkFJL3kKUmhOY2VKZG5oMmZOOWcybW52RFJncGhKcmlpWnFMM0xJKzlEdjFIUk4xaFdvNG16bmZnNGN1VDY5ZW1iSEVrRQovM3JrMW9hTXlRUWtWeE9veWxGZWxFWjg0b252aFRRN0JFTm1kdDc3RWVnWHplUE1IU0dOK1FSL3A4RUZzY1JtCm9SNGJ4UTNEcTBSbGdRVVUyUXpCVXpwall4cTlWa2dFVWlvR2RrSmZZRVRjQllHUEFneUZiVnJjL1ZXTk8xSjAKOWRVRHhJZHNoL05SOE04VmxqV0o4TkpuenEwckp5WXo2Q1JnNmF4TkF5UjZ2QVZKVU5lRUVyNW1ONE0vWjZyNApPN3piNW5DWEFjeTFMT2tqM2Rvb1YrOURnOXdXSUtHajlkVDlqclo5U3ppUW5Vb0RNN0l6b05hemFCNXRFMzZICmhFZjRObDdCQU0rdHV5QURJQnc9Ci0tLS0tRU5EIENFUlRJRklDQVRFLS0tLS0K",
                            "master_auth.0.client_certificate_config.#": "0",
                            "master_auth.0.client_key": "LS0tLS1CRUdJTiBSU0EgUFJJVkFURSBLRVktLS0tLQpNSUlFb3dJQkFBS0NBUUVBdHBTOFVnNyt2ZmRERTdFbitFVkxzU1JYeStjNHROa1owbHBua0EzY1MvZnB3ZCtQCkFMdDRwR3FGZ1pHUXRxWmZIMThjQk0ybWxsYXBpUEVvbkIyb2UyU1FJbU11WjYxKzVZZkxWNmNXOEVQUll1WlAKczI0bnh2UnAyZTVwRkQwa0VHYit0SzlMb0VMMEZ3SHN5b2FOVndNV2NJdzNnV1p6dTJ4N1V1RHVyYjE0VUlzSAo1OUpwVTBOcGxSaUpqNjhyNnBvQ1NiYUozR3I4d1g3QWZnc2kwOC9uK3hXTHdvK3Q4Y1MvZWZHem40aTNoN1liCiswazBEZTRjejlVRmIwMkFQbWRiUWlLRmd4d2JJQjZXMjZMM09VV1BQRGEzd1dtZWxIeEZMT1ZEMTY4R0p1cHEKSEtWN0Jkb3ZOeWVsbEQxYTFsVGJKMm9uYzhtU1R6NENnS3dkMHdJREFRQUJBb0lCQUFKWjhBTHVob0ZUeWQxYgpEclMzejcyOFJoVXVLU0RMR3ZZR2pBYmk1czlqcGZNRk9nWThZOVZhT2RYdFZmdkVNTDFxc0NXdnNGR0hWQytiClMzYVhPekE3bjArU0QycnVaUS8zcTdxNVFDWmYrVFpZMlBYcW1VQ0tyVUpOTzdVekJGL2hzNjRJQStWUWQyeEUKYmhROW4xeGJnZEo1TzgzQzBBSzk1dWl1Vk9TUDRvSmlYaFpGeTgxYXVYWGFqNWg3ZzNOSEVnelQzZW1oMW1tUQppQ3ZjM0x6MXdkUjgvQW1OSm5VS1ZTcjFSbGlRTjIzd1MzcjIvQjZSSXNzNG5nZFpBWjV4SEpIbml6dHB2L0VUCkNLSjZFaFpMcHY1czc1OEpHei9FZE1iZWkxVFRWcWl0Z1Q3WXlUWUYxTjViblVWL0grNklTSkpyZHNWdHFvL2EKL0ZxTkNpRUNnWUVBNnNnTi9paFpCaGVJU1VhS0wyanIzOUYzelgxcDhNM2ZEa2FQSWk5c1dqS0VnQ1Y0cTcyYwpmUWJkWGY2RXhJUGNldkRhQWJHRFA2L2F3RmRUOXZYOHRCWUdDL0pSb3hhaU94RHhIQWg3QmQya001RTN5RUxVCjVtYUZKejdsY0hJK09vWTVaMW05NTBoTlhvM2owb0RIZEo0OVlwKzhDa0RrT1o2NjZTMHl4VGNDZ1lFQXh4VDIKT044Ti9aT0loMEpxdWtvM3lxVWJ2TGNYbUpvbUFOeFJYZUpUWVBNS1FZcS81b2VmZVF5aXhKUXB6d0ZxdU9jRQo3R2lTRDgxUTAwTk1nYjdEdzlVTXJqN0xyOGhqQk5CbC9DL0IyMmh5M051TVJHNldjL2lydXFWb3RuZ0xDWC9pCksrZm1XS2JKMEpxUEtPR1lwcUJlSExiOG5Zam54cUt5V21CbHVrVUNnWUFwWlJwcWZHeXQwVXBiT1ErMktqYWsKWU1kUnVOSUwvaEJjOFAzZGxpVHhoa1NzWDI3MlFOa3RoaDlUcWtONGJwTmFMY3NTVDEwSHhwYTRJTzJSOW04Vwp4V2ROaGV6MDUxRzFQbGgwaTk0OCs0WXUvV1NyYjNVZ0ptVkZ0U1k0L0R1U2tBWGcvZ2FvbDZ2a2h2bnJMSDkrClJVUW5kbWh1R21EaTgrU2FwamgwWXdLQmdBVEZzTjFPSTRTM202YzZaVnFQMnVTRnJyT0laQTFwYkkzS3VqeVkKNTB6RXByTkpneTRnaENjZnNXc3E3aEdqUkE2b293cVR1eVNiMUZzc0d0SmxZMFgzZm5WUzFna2hzWlgwOU96bApyQ3o1UlArY1Y3RndRVFVJZWYxZ1o3RXdFWHVwMEI4alVQZEJFRWRxM1JHcXpzRDN5U25CRFM4dGovakgvNlNBCitROU5Bb0dCQUp6NGtSWGM2RWxhaXhFYVJpVlFoZTFHQ09YU1krc3VFenJmYlU3MGgrbTRvYUswL3VaUThpSFIKZEx5bWR1TEpzdlNhSXI3NFNXSG9PalVFZFk2V2ExellKc28rUWNpaXBicDN3aHgzN0NkRVVWbHZHUEFTSnlwdgpSa3JDbVJWWGhtd0VlTjh6UE9aZHlZUTNick5CQk5CVHZPNnZDYmp6VlAwK0h4UEJUTldDCi0tLS0tRU5EIFJTQSBQUklWQVRFIEtFWS0tLS0tCg==",
                            "master_auth.0.cluster_ca_certificate": "LS0tLS1CRUdJTiBDRVJUSUZJQ0FURS0tLS0tCk1JSURERENDQWZTZ0F3SUJBZ0lSQUlSYWlxYVhBVjNTVlBaOVJzeEFlWFV3RFFZSktvWklodmNOQVFFTEJRQXcKTHpFdE1Dc0dBMVVFQXhNa05qazNOV0prTURBdE1qSmxOaTAwWm1SaUxXSXdNVFl0WldReFpEUTROMkV3WW1RNQpNQjRYRFRFNU1ETXhPVEEyTkRNek5Gb1hEVEkwTURNeE56QTNORE16TkZvd0x6RXRNQ3NHQTFVRUF4TWtOamszCk5XSmtNREF0TWpKbE5pMDBabVJpTFdJd01UWXRaV1F4WkRRNE4yRXdZbVE1TUlJQklqQU5CZ2txaGtpRzl3MEIKQVFFRkFBT0NBUThBTUlJQkNnS0NBUUVBc0ZkMGZ2Z254UEpqYjRNcExvK0l1bFc2NUVnR1M1K0JzbENkVy9OQQpnM0I4Z1o4K0lNU3Uwb29KT0VaQnFneGNPYUJQZ0grVnIyRjB5SjM4WTBBQTNYeThsZm43VzNLNlRqMVFzL1ZuCkRyOGU4OVBXdUVLUldjRGNqT0F4YmZzcVJiTitBTGRkeWswb1lna0VWbGpUTkpNVTFXdS9OYjVEclNlZ043U20KRi8zRzlBaHNSenF1K1E3UXhqNE96WmlCdEtNeFhzY2tXS2dXQmRVTisrdG9KeDBjVlJmV21NRDdpOHJ0TXJudwppY0Z5QVgxZWkxWlNKR1p0Y25VT0dKM3JSREliSkNEQnNGMXJpcXpKaG15ckF0V3ByRmxZSnNZMFJOZVVHNXUyCnJMTWIzQTFZV3g1dGxXSmJDeVB5d0paNTRqVlJWcXI5aU8rNG5tcnRrZnNoZXdJREFRQUJveU13SVRBT0JnTlYKSFE4QkFmOEVCQU1DQWdRd0R3WURWUjBUQVFIL0JBVXdBd0VCL3pBTkJna3Foa2lHOXcwQkFRc0ZBQU9DQVFFQQpGRzJ1bkRTWkhZSnp4ZXNyNk5XdFRKWlovOGwzUnRSdFFzZDlING8rR09GM2VlYTgvWitqRi9ycno2RFRTdzRHCjVJRkx6WUw4OVBxUTkzSnhrM2ZzbkJJYU9jeHZtbjJzZ21nUEF6eFpPR3ZIeTJWTm1YYm02SU9uWk55R3hIaGUKZjFuVnFEOXFrMEtURThKNElhTkdWNVZ5VHpMVDRSU2RqRHpYK0JSRUdKSlh6NmRsM2RCYnJZMHJmejd0d0t0Zwp4bVB4d2xqWEtsUHlWOXpFVXdCL0JaSWJZRDVvdDNWT2lmd2ZINFFlSm9ZM3I3NWVmeUpmQXYyU09tVGhtRnhwCjRmbUMxYS9ZOWR4L0hFWERsNXYzdTdVM1FMc1A5NlNEUFRjY3I1L3NybHJDMktDek1Tb0JqU2hvQmlKSENQUlgKSm1RdTNjMldTb0R5bUNZMSs0WDlGdz09Ci0tLS0tRU5EIENFUlRJRklDQVRFLS0tLS0K",
                            "master_auth.0.password": "",
                            "master_auth.0.username": "",
                            "master_authorized_networks_config.#": "1",
                            "master_authorized_networks_config.0.cidr_blocks.#": "1",
                            "master_authorized_networks_config.0.cidr_blocks.90561943.cidr_block": "0.0.0.0/0",
                            "master_authorized_networks_config.0.cidr_blocks.90561943.display_name": "all",
                            "master_version": "1.11.7-gke.4",
                            "monitoring_service": "monitoring.googleapis.com",
                            "name": "rpa-dev-cluster",
                            "network": "projects/ca-rpa-dev/global/networks/terraform-network-dev",
                            "network_policy.#": "1",
                            "network_policy.0.enabled": "false",
                            "network_policy.0.provider": "PROVIDER_UNSPECIFIED",
                            "node_config.#": "0",
                            "node_pool.#": "0",
                            "node_version": "1.11.7-gke.4",
                            "private_cluster_config.#": "1",
                            "private_cluster_config.0.enable_private_endpoint": "false",
                            "private_cluster_config.0.enable_private_nodes": "true",
                            "private_cluster_config.0.master_ipv4_cidr_block": "172.16.0.0/28",
                            "private_cluster_config.0.private_endpoint": "172.16.0.2",
                            "private_cluster_config.0.public_endpoint": "35.200.98.120",
                            "project": "ca-rpa-dev",
                            "region": "asia-northeast1",
                            "remove_default_node_pool": "true",
                            "resource_labels.%": "0",
                            "subnetwork": "projects/ca-rpa-dev/regions/asia-northeast1/subnetworks/terrform-subnet1-dev",
                            "zone": "asia-northeast1"
                        },
                        "meta": {
                            "e2bfb730-ecaa-11e6-8f88-34363bc7c4c0": {
                                "create": 1800000000000,
                                "delete": 1800000000000,
                                "update": 1800000000000
                            },
                            "schema_version": "1"
                        },
                        "tainted": false
                    },
                    "deposed": [],
                    "provider": "provider.google"
                },
                "google_project_iam_binding.for-creating-container": {
                    "type": "google_project_iam_binding",
                    "depends_on": [],
                    "primary": {
                        "id": "ca-rpa-dev/roles/container.developer",
                        "attributes": {
                            "etag": "BwWEWKpm9aQ=",
                            "id": "ca-rpa-dev/roles/container.developer",
                            "members.#": "1",
                            "members.3197286295": "serviceAccount:619262707437@cloudbuild.gserviceaccount.com",
                            "project": "ca-rpa-dev",
                            "role": "roles/container.developer"
                        },
                        "meta": {},
                        "tainted": false
                    },
                    "deposed": [],
                    "provider": "provider.google"
                },
                "google_project_iam_binding.for-writting-source-codes": {
                    "type": "google_project_iam_binding",
                    "depends_on": [],
                    "primary": {
                        "id": "ca-rpa-dev/roles/source.writer",
                        "attributes": {
                            "etag": "BwWEWKpm9aQ=",
                            "id": "ca-rpa-dev/roles/source.writer",
                            "members.#": "1",
                            "members.3197286295": "serviceAccount:619262707437@cloudbuild.gserviceaccount.com",
                            "project": "ca-rpa-dev",
                            "role": "roles/source.writer"
                        },
                        "meta": {},
                        "tainted": false
                    },
                    "deposed": [],
                    "provider": "provider.google"
                },
                "google_sourcerepo_repository.envrepo-dev": {
                    "type": "google_sourcerepo_repository",
                    "depends_on": [],
                    "primary": {
                        "id": "ca-rpa-dev/terraform-env-repo-dev",
                        "attributes": {
                            "id": "ca-rpa-dev/terraform-env-repo-dev",
                            "name": "terraform-env-repo-dev",
                            "project": "ca-rpa-dev",
                            "size": "6468",
                            "url": "https://source.developers.google.com/p/ca-rpa-dev/r/terraform-env-repo-dev"
                        },
                        "meta": {
                            "e2bfb730-ecaa-11e6-8f88-34363bc7c4c0": {
                                "create": 240000000000,
                                "delete": 240000000000
                            }
                        },
                        "tainted": false
                    },
                    "deposed": [],
                    "provider": "provider.google"
                }
            },
            "depends_on": []
        }
    ]
}
