{
    "version": 3,
    "terraform_version": "0.11.13",
    "serial": 8,
    "lineage": "010b4d2b-cb2f-b422-eed4-1036d0709a0e",
    "modules": [
        {
            "path": [
                "root"
            ],
            "outputs": {
                "client_certificate": {
                    "sensitive": false,
                    "type": "string",
                    "value": "LS0tLS1CRUdJTiBDRVJUSUZJQ0FURS0tLS0tCk1JSUMyekNDQWNPZ0F3SUJBZ0lSQUtidWZ1aHVGTmFCOGtXY3lSejdxWHN3RFFZSktvWklodmNOQVFFTEJRQXcKTHpFdE1Dc0dBMVVFQXhNa016VmhPV1kzTkdNdE1EQTNPUzAwTkRBekxXRmpPVFV0Wmpoa00ySXdOVFZsTmpFMQpNQjRYRFRFNU1ETXhPVEE0TXpZeU9Gb1hEVEkwTURNeE56QTRNell5T0Zvd0VURVBNQTBHQTFVRUF4TUdZMnhwClpXNTBNSUlCSWpBTkJna3Foa2lHOXcwQkFRRUZBQU9DQVE4QU1JSUJDZ0tDQVFFQXhVejN5NFNCUm4waWhQdzUKV3RTN1hkOXRYRmt2dlZiRGNGeXFyQ0ZlNHRZWVFUdkIxdmhjeTJXUVIzdVZWRE1Gb0NqcU03NDl2QmRTVHh0SApqczdtS1Y4dFZEWm9FNytrdmVRUVlpQUJRaGJZeEdkeW1TN2J5WklFU3pwQnZGd2MvRkhNOHRJcjZoRk9nTWxwCk1qeGs5MHRXZWMwUFhra1F0UnZ1ZnNLcXluWnJEc1pHWnBGTnRxV25Nb0lzdDFiMVU3VExkYi9XbXdUOEZpUWUKWmszY2ZqcDdoZXB1Z2NlaFRkdGMxSWVqc3hWVjZWaDlubkptSzR4M2VtRG5ONmNHZFAxdWhJZDV5RzBUOGJ3LwpHb0pDU1ljd3dBKzM4K2g4eTNYbS9DS1A5TzltS3F4ZUFaa1RGbnFJdXBUbElUcExSWlRQOVlYaFJIR2ZibkkyCjZ3cFV3d0lEQVFBQm94QXdEakFNQmdOVkhSTUJBZjhFQWpBQU1BMEdDU3FHU0liM0RRRUJDd1VBQTRJQkFRQUsKVTBTeVIzaXVQNzd4bDBOckRvTU1XQkttUmNicVl6QUIvQUgzRDNTRENGV250U29BQ0ZrdnBBbnN3dzhqUnAxQwpCWFh0RDJ4cmVEalZHcTlDbDhMRm1aUDVGeGhaOVZqMERYZEdpc2FnZkVuMjlJSWJweTg5bFRkVEE2a3dsQkx0CjZsNHBrK1BLL0lZQUtjSkVKeTArSlFRZTZFeTRML2l3eEtqcGlodWJ5bkk4MVh2TUZvSVV4dUpDTEJHK1IxN3AKOTJSd1Nta2gvb2JVNEFXb1hyU1ByUFBhQndVV1pIOFVqTlkxZUZpcmQzUmpYclEweTFzNStqSTF3Q0cxYVFjRQpJRjFhZVNHVjlkTVN1bEJTWmpoWVRwTTM1YzRMUjZOY09GaFBDMDB0eS9sQWZWdjV5NWEyeDFwU1NZcjZEeDdLCmhaUlBZYjMxNXdOaHorU1F4SHAvCi0tLS0tRU5EIENFUlRJRklDQVRFLS0tLS0K"
                },
                "client_key": {
                    "sensitive": false,
                    "type": "string",
                    "value": "LS0tLS1CRUdJTiBSU0EgUFJJVkFURSBLRVktLS0tLQpNSUlFcEFJQkFBS0NBUUVBeFV6M3k0U0JSbjBpaFB3NVd0UzdYZDl0WEZrdnZWYkRjRnlxckNGZTR0WVlRVHZCCjF2aGN5MldRUjN1VlZETUZvQ2pxTTc0OXZCZFNUeHRIanM3bUtWOHRWRFpvRTcra3ZlUVFZaUFCUWhiWXhHZHkKbVM3YnlaSUVTenBCdkZ3Yy9GSE04dElyNmhGT2dNbHBNanhrOTB0V2VjMFBYa2tRdFJ2dWZzS3F5blpyRHNaRwpacEZOdHFXbk1vSXN0MWIxVTdUTGRiL1dtd1Q4RmlRZVprM2NmanA3aGVwdWdjZWhUZHRjMUllanN4VlY2Vmg5Cm5uSm1LNHgzZW1Ebk42Y0dkUDF1aElkNXlHMFQ4YncvR29KQ1NZY3d3QSszOCtoOHkzWG0vQ0tQOU85bUtxeGUKQVprVEZucUl1cFRsSVRwTFJaVFA5WVhoUkhHZmJuSTI2d3BVd3dJREFRQUJBb0lCQUVSZm5YbjJjL1J4Rmg3ZQo1Nk51R0haNklNU0JsZFU0TmFlQlBaWkVSRVU0NjVQanVST2Q0MDZMWmxvWFhsTWRFV1NFK1ZDd0syVzg4VVcvCnp1Y1RGVmtlQmkvcVlOd0RMSHl3QmV0emF1d3p6YkFXcDNTbGMvNWhMMExBc0JvdUU4OXZLNmEwcGdwS01CbmEKY3EyNWwwWEo0bkI0VzB5UjVvdlUzNnduR3hmcElQOTlZVktmRGwzeVVrYkhreHh1dlVqVkRxOUJ3eXI3TzFGSApYSWZTeWgwbE5VVmU0VXZNMTd6OWVqRGlXY0RIRGJXS3JiY2lubFBvY3M5QityNDJ1K3pRZFlrd1BPSldKUjF6ClFsSlpMdVU1a0RFTHJDYXhJbWs2dStEc2dOa3FGdW51dURaS0JTb2lMUHRweWw2UHBwd2prR3dDNDBjTTBjZnYKSzNpM2hKRUNnWUVBNHFVWitVSlppbDN4andUV3N3T0pTZkhLMTFBZGIvMStBTUVmdExrRDFxbmx1dWMzd0g2OApIMlRNNkkweitpcmZkcXVIbEhVR3k1RmE0bDRuRmxIYkRMM09qRDBCUE9iUjYwZ3JydDloWkE0K1FhOG96K0lmCktyajhtMVlsZExVcUk1OUtMNXVuWlNwaFBDVmprbkFRMEZZelc2NEZuU3kwcXhKbkZyRmhYL01DZ1lFQTN0cmsKN1cxQlJWOWhRczA1WWh3LzhrYWFvam02SEtudTNBa241ZzNDMWJwSE81bXAxRmhucDNoUU1mQ2JTQ2RDRHBsVgpUL2FCNDRPSXdadnRQRGhhRStlME9jSWkyK1hOOUxLOFdmTkdycXZSVHBPYkhrS2lvUCsrZVovWFhCTzg1VGFwCnVqM3k4cTh0S2hoNzJXQUZodHp3SWR2Znlwc1FwT0o3cU1BMk8vRUNnWUVBNGtrSFFzZk5FSW8xT0o4VElZNWgKVDFPN092aEJPK1F6SHR1ekpVUW9JZlpsYVJPYnBYU2pyUkIrU1oxWmpPZXJUeGQ1ZVc3U1J3TXNZNkN2aytoTQpOVTk0M3FtMkI3RkpXNGttSENYcFhmV2VrUVFxVWt3bzVBWG9KOHQrQUNVMUduWGFvdWZjM1BQUU96WDFVV3JVClRyNFI3dkl6cHJiUTk1Q2JIcHdoWmFNQ2dZQlhod21hNXVwWDROcEdibXczU0hrbEl1M2hBV05EbHNxbHlVTE8KYkdFMXFIQUp6SlNUUGhXWUJQMGFZREhjNk81YzVZUklYNzBzS3FFdnlab25xTXBZUHd6ZUVvMjJhRSszNSt0cQpPTTV1RkRXazh2eGRxalpObmFTbUNFMkJjSThrUjQvcUFpTEZobC9xeEtyLytXS3lVVnhQTUJoNWJ1WGVuTVdNCnhkR0hRUUtCZ1FDd3EwWnZ6bVBabHEzZm9LMURJaGZYSWlrV0dVaEV4RDlVeUFYZmk3M2pEYldTRkcwNGhYWkEKWGdTY3RtbXRXR3pyem9ldTBlMHRkN0ozQmhnNGNwcHlIY2VXYURiZFYySVpxZC9iTFFrQVZIYW02aUNFSWoyVwpUODNWc1BZbGFhWkowcFBIM2kvTHc5dzBRMGV6dzJ5eGFsWDhXd21LU05EalFIRkIyQ3lGbVE9PQotLS0tLUVORCBSU0EgUFJJVkFURSBLRVktLS0tLQo="
                },
                "cluster_ca_certificate": {
                    "sensitive": false,
                    "type": "string",
                    "value": "LS0tLS1CRUdJTiBDRVJUSUZJQ0FURS0tLS0tCk1JSURDekNDQWZPZ0F3SUJBZ0lRRmtDZExCc0JCZk1qc1hjazc0TTJCakFOQmdrcWhraUc5dzBCQVFzRkFEQXYKTVMwd0t3WURWUVFERXlRek5XRTVaamMwWXkwd01EYzVMVFEwTURNdFlXTTVOUzFtT0dRellqQTFOV1UyTVRVdwpIaGNOTVRrd016RTVNRGN6TmpJNFdoY05NalF3TXpFM01EZ3pOakk0V2pBdk1TMHdLd1lEVlFRREV5UXpOV0U1ClpqYzBZeTB3TURjNUxUUTBNRE10WVdNNU5TMW1PR1F6WWpBMU5XVTJNVFV3Z2dFaU1BMEdDU3FHU0liM0RRRUIKQVFVQUE0SUJEd0F3Z2dFS0FvSUJBUUM0ekdVcnZCNzA1aGM2QUlqQ1kzV3owTHR2M1JvV2xCdzdoYi82dy9LRQp1SHg3Rk9ucDFpcURiSUM5YTFLYTRIRkxIWk05dDIxbUVNZE1ENjZuT1FyVlpwQStsakFRamd1YnFpRmxzUjIwCkxzK1JidFRPclh6VnZNUWNYSTRzWFgyNzRwd2R2ZVJLS1h4TkVkNzltTGtCcFdjeDY1eSttWkVXamdvOWU2NWIKanpqZDcvdzZxanpaQ1pqTkZZOFljTEx6blBuMjBRUk5HbVFRWEZDbWFwY20rYjdOOFh0ZTBLWDM4dXU0N1o5RwpvN1pZTGhIZVU0YzFUaUl3ejdMVkF3ZThia1dWN0o1djduOGs2U0Q4ekpTS1h1TEhIQkVZZloycHpab0pZZ25LCkRKNUZFYjV2MkNCZFJHVGRiRjNCa3lJclJpUC9LcDNpTmFnMzJrQndqMmRYQWdNQkFBR2pJekFoTUE0R0ExVWQKRHdFQi93UUVBd0lDQkRBUEJnTlZIUk1CQWY4RUJUQURBUUgvTUEwR0NTcUdTSWIzRFFFQkN3VUFBNElCQVFBNApuVVU5a0tCK2dFSE1ycWIwUlVJcklRa3l6UGt1SldXRzNGWWhQUVhrWmdaT0V3czBiK291TVJBdGV0cVphV3FHCm9JUkZWUlVhQ256SS9EVkpxSUF4VHcwM0pNUHVqRzFrbVVXNm1WS0trVndJZk9JTEZaVlJqZ0QzU2xjOG12UHUKMm5RaFppcGRNRFV5NExTbTh5Ly9oNUViVVZJbVY3SGtOTXBnRjhwRXlzbTFJZnU4MGpUTlcyQ1k2VWViTCtwQwpzUDZSdUV1VGdxbDJTWVZiL3ZxdDBjWDhSSCtjdmZUalNXaDU4M2dIdDRwb1EvVnc2bVFqSXBhYmkyUXdYL0hWCnNIUzk4YXFPeUQ3amlKKzRCcjBaWmxRN3NKRkVTS1ZzQWFTTC9sZEZlZHduWHhCekkzTEViRVZPdFJja095SFYKWEszaTNMOXcxYWx1ekNNaGVyTkoKLS0tLS1FTkQgQ0VSVElGSUNBVEUtLS0tLQo="
                }
            },
            "resources": {
                "data.google_project.project": {
                    "type": "google_project",
                    "depends_on": [],
                    "primary": {
                        "id": "ca-rpa-dev",
                        "attributes": {
                            "app_engine.#": "0",
                            "folder_id": "",
                            "id": "ca-rpa-dev",
                            "labels.%": "0",
                            "name": "ca-rpa-dev",
                            "number": "619262707437",
                            "org_id": "1051569445158",
                            "project_id": "ca-rpa-dev"
                        },
                        "meta": {},
                        "tainted": false
                    },
                    "deposed": [],
                    "provider": "provider.google"
                },
                "google_cloudbuild_trigger.cd-trigger": {
                    "type": "google_cloudbuild_trigger",
                    "depends_on": [],
                    "primary": {
                        "id": "ca-rpa-dev/74886892-10e3-4846-9925-5a280d9580c0",
                        "attributes": {
                            "build.#": "0",
                            "create_time": "2019-03-18T06:40:27.735851434Z",
                            "description": "",
                            "disabled": "",
                            "filename": "cloudbuild.yaml",
                            "id": "ca-rpa-dev/74886892-10e3-4846-9925-5a280d9580c0",
                            "ignored_files.#": "0",
                            "included_files.#": "1",
                            "included_files.0": "manifests/*",
                            "project": "ca-rpa-dev",
                            "substitutions.%": "2",
                            "substitutions._CLUSTER": "rpa-dev-cluster",
                            "substitutions._REGION": "asia-northeast1",
                            "trigger_id": "74886892-10e3-4846-9925-5a280d9580c0",
                            "trigger_template.#": "1",
                            "trigger_template.0.branch_name": "dev",
                            "trigger_template.0.commit_sha": "",
                            "trigger_template.0.dir": "",
                            "trigger_template.0.project_id": "ca-rpa-dev",
                            "trigger_template.0.repo_name": "terraform-env-repo-dev",
                            "trigger_template.0.tag_name": ""
                        },
                        "meta": {
                            "e2bfb730-ecaa-11e6-8f88-34363bc7c4c0": {
                                "create": 240000000000,
                                "delete": 240000000000,
                                "update": 240000000000
                            },
                            "schema_version": "1"
                        },
                        "tainted": false
                    },
                    "deposed": [],
                    "provider": "provider.google"
                },
                "google_cloudbuild_trigger.ci-trigger": {
                    "type": "google_cloudbuild_trigger",
                    "depends_on": [],
                    "primary": {
                        "id": "ca-rpa-dev/45ed3ddf-7d98-4532-b01e-26f2ee3f3401",
                        "attributes": {
                            "build.#": "0",
                            "create_time": "2019-03-18T06:40:28.515833599Z",
                            "description": "",
                            "disabled": "",
                            "filename": "cloudbuild.yaml",
                            "id": "ca-rpa-dev/45ed3ddf-7d98-4532-b01e-26f2ee3f3401",
                            "ignored_files.#": "0",
                            "included_files.#": "0",
                            "project": "ca-rpa-dev",
                            "substitutions.%": "1",
                            "substitutions._MANIFESTS_REPO_NAME": "terraform-env-repo-dev",
                            "trigger_id": "45ed3ddf-7d98-4532-b01e-26f2ee3f3401",
                            "trigger_template.#": "1",
                            "trigger_template.0.branch_name": "master",
                            "trigger_template.0.commit_sha": "",
                            "trigger_template.0.dir": "",
                            "trigger_template.0.project_id": "ca-rpa-dev",
                            "trigger_template.0.repo_name": "terraform-app0-repo-dev",
                            "trigger_template.0.tag_name": ""
                        },
                        "meta": {
                            "e2bfb730-ecaa-11e6-8f88-34363bc7c4c0": {
                                "create": 240000000000,
                                "delete": 240000000000,
                                "update": 240000000000
                            },
                            "schema_version": "1"
                        },
                        "tainted": false
                    },
                    "deposed": [],
                    "provider": "provider.google"
                },
                "google_compute_network.terraform-network-dev": {
                    "type": "google_compute_network",
                    "depends_on": [],
                    "primary": {
                        "id": "terraform-network-dev",
                        "attributes": {
                            "auto_create_subnetworks": "true",
                            "description": "",
                            "gateway_ipv4": "",
                            "id": "terraform-network-dev",
                            "ipv4_range": "",
                            "name": "terraform-network-dev",
                            "project": "ca-rpa-dev",
                            "routing_mode": "REGIONAL",
                            "self_link": "https://www.googleapis.com/compute/v1/projects/ca-rpa-dev/global/networks/terraform-network-dev"
                        },
                        "meta": {
                            "e2bfb730-ecaa-11e6-8f88-34363bc7c4c0": {
                                "create": 240000000000,
                                "delete": 240000000000,
                                "update": 240000000000
                            }
                        },
                        "tainted": false
                    },
                    "deposed": [],
                    "provider": "provider.google"
                },
                "google_compute_router.terraform-router-dev": {
                    "type": "google_compute_router",
                    "depends_on": [
                        "google_compute_network.terraform-network-dev",
                        "google_compute_subnetwork.terrform-subnet1-dev"
                    ],
                    "primary": {
                        "id": "asia-northeast1/terraform-router-dev",
                        "attributes": {
                            "bgp.#": "0",
                            "creation_timestamp": "2019-03-17T23:41:23.555-07:00",
                            "description": "",
                            "id": "asia-northeast1/terraform-router-dev",
                            "name": "terraform-router-dev",
                            "network": "https://www.googleapis.com/compute/v1/projects/ca-rpa-dev/global/networks/terraform-network-dev",
                            "project": "ca-rpa-dev",
                            "region": "asia-northeast1",
                            "self_link": "https://www.googleapis.com/compute/v1/projects/ca-rpa-dev/regions/asia-northeast1/routers/terraform-router-dev"
                        },
                        "meta": {
                            "e2bfb730-ecaa-11e6-8f88-34363bc7c4c0": {
                                "create": 240000000000,
                                "delete": 240000000000,
                                "update": 240000000000
                            }
                        },
                        "tainted": false
                    },
                    "deposed": [],
                    "provider": "provider.google"
                },
                "google_compute_router_nat.terraform-nat": {
                    "type": "google_compute_router_nat",
                    "depends_on": [
                        "google_compute_router.terraform-router-dev"
                    ],
                    "primary": {
                        "id": "asia-northeast1/terraform-router-dev/terraform-nat",
                        "attributes": {
                            "icmp_idle_timeout_sec": "0",
                            "id": "asia-northeast1/terraform-router-dev/terraform-nat",
                            "min_ports_per_vm": "0",
                            "name": "terraform-nat",
                            "nat_ip_allocate_option": "AUTO_ONLY",
                            "nat_ips.#": "0",
                            "project": "ca-rpa-dev",
                            "region": "asia-northeast1",
                            "router": "terraform-router-dev",
                            "source_subnetwork_ip_ranges_to_nat": "ALL_SUBNETWORKS_ALL_IP_RANGES",
                            "subnetwork.#": "0",
                            "tcp_established_idle_timeout_sec": "0",
                            "tcp_transitory_idle_timeout_sec": "0",
                            "udp_idle_timeout_sec": "0"
                        },
                        "meta": {
                            "e2bfb730-ecaa-11e6-8f88-34363bc7c4c0": {
                                "create": 600000000000,
                                "delete": 600000000000
                            }
                        },
                        "tainted": false
                    },
                    "deposed": [],
                    "provider": "provider.google"
                },
                "google_compute_subnetwork.terrform-subnet1-dev": {
                    "type": "google_compute_subnetwork",
                    "depends_on": [
                        "google_compute_network.terraform-network-dev",
                        "local.region"
                    ],
                    "primary": {
                        "id": "asia-northeast1/terrform-subnet1-dev",
                        "attributes": {
                            "creation_timestamp": "2019-03-17T23:41:06.022-07:00",
                            "description": "",
                            "enable_flow_logs": "false",
                            "fingerprint": "PFM4ybKWcX4=",
                            "gateway_address": "192.168.10.1",
                            "id": "asia-northeast1/terrform-subnet1-dev",
                            "ip_cidr_range": "192.168.10.0/24",
                            "name": "terrform-subnet1-dev",
                            "network": "https://www.googleapis.com/compute/v1/projects/ca-rpa-dev/global/networks/terraform-network-dev",
                            "private_ip_google_access": "false",
                            "project": "ca-rpa-dev",
                            "region": "asia-northeast1",
                            "secondary_ip_range.#": "2",
                            "secondary_ip_range.0.ip_cidr_range": "10.70.0.0/20",
                            "secondary_ip_range.0.range_name": "gke-rpa-dev-cluster-services-a93275db",
                            "secondary_ip_range.1.ip_cidr_range": "10.4.0.0/14",
                            "secondary_ip_range.1.range_name": "gke-rpa-dev-cluster-pods-a93275db",
                            "self_link": "https://www.googleapis.com/compute/v1/projects/ca-rpa-dev/regions/asia-northeast1/subnetworks/terrform-subnet1-dev"
                        },
                        "meta": {
                            "e2bfb730-ecaa-11e6-8f88-34363bc7c4c0": {
                                "create": 360000000000,
                                "delete": 360000000000,
                                "update": 360000000000
                            }
                        },
                        "tainted": false
                    },
                    "deposed": [],
                    "provider": "provider.google"
                },
                "google_container_cluster.primary": {
                    "type": "google_container_cluster",
                    "depends_on": [
                        "google_compute_network.terraform-network-dev",
                        "google_compute_subnetwork.terrform-subnet1-dev",
                        "local.cluster-name",
                        "local.region"
                    ],
                    "primary": {
                        "id": "rpa-dev-cluster",
                        "attributes": {
                            "additional_zones.#": "3",
                            "additional_zones.2275771321": "asia-northeast1-b",
                            "additional_zones.2663297784": "asia-northeast1-c",
                            "additional_zones.2894647418": "asia-northeast1-a",
                            "addons_config.#": "1",
                            "addons_config.0.horizontal_pod_autoscaling.#": "0",
                            "addons_config.0.http_load_balancing.#": "0",
                            "addons_config.0.kubernetes_dashboard.#": "1",
                            "addons_config.0.kubernetes_dashboard.0.disabled": "true",
                            "addons_config.0.network_policy_config.#": "1",
                            "addons_config.0.network_policy_config.0.disabled": "true",
                            "cluster_autoscaling.#": "0",
                            "cluster_ipv4_cidr": "10.4.0.0/14",
                            "description": "",
                            "enable_kubernetes_alpha": "false",
                            "enable_legacy_abac": "false",
                            "endpoint": "34.85.112.189",
                            "id": "rpa-dev-cluster",
                            "initial_node_count": "1",
                            "instance_group_urls.#": "0",
                            "ip_allocation_policy.#": "1",
                            "ip_allocation_policy.0.cluster_ipv4_cidr_block": "10.4.0.0/14",
                            "ip_allocation_policy.0.cluster_secondary_range_name": "gke-rpa-dev-cluster-pods-da04225e",
                            "ip_allocation_policy.0.create_subnetwork": "false",
                            "ip_allocation_policy.0.node_ipv4_cidr_block": "",
                            "ip_allocation_policy.0.services_ipv4_cidr_block": "10.70.0.0/20",
                            "ip_allocation_policy.0.services_secondary_range_name": "gke-rpa-dev-cluster-services-da04225e",
                            "ip_allocation_policy.0.subnetwork_name": "",
                            "ip_allocation_policy.0.use_ip_aliases": "true",
                            "logging_service": "logging.googleapis.com",
                            "maintenance_policy.#": "0",
                            "master_auth.#": "1",
                            "master_auth.0.client_certificate": "LS0tLS1CRUdJTiBDRVJUSUZJQ0FURS0tLS0tCk1JSUMyekNDQWNPZ0F3SUJBZ0lSQUtidWZ1aHVGTmFCOGtXY3lSejdxWHN3RFFZSktvWklodmNOQVFFTEJRQXcKTHpFdE1Dc0dBMVVFQXhNa016VmhPV1kzTkdNdE1EQTNPUzAwTkRBekxXRmpPVFV0Wmpoa00ySXdOVFZsTmpFMQpNQjRYRFRFNU1ETXhPVEE0TXpZeU9Gb1hEVEkwTURNeE56QTRNell5T0Zvd0VURVBNQTBHQTFVRUF4TUdZMnhwClpXNTBNSUlCSWpBTkJna3Foa2lHOXcwQkFRRUZBQU9DQVE4QU1JSUJDZ0tDQVFFQXhVejN5NFNCUm4waWhQdzUKV3RTN1hkOXRYRmt2dlZiRGNGeXFyQ0ZlNHRZWVFUdkIxdmhjeTJXUVIzdVZWRE1Gb0NqcU03NDl2QmRTVHh0SApqczdtS1Y4dFZEWm9FNytrdmVRUVlpQUJRaGJZeEdkeW1TN2J5WklFU3pwQnZGd2MvRkhNOHRJcjZoRk9nTWxwCk1qeGs5MHRXZWMwUFhra1F0UnZ1ZnNLcXluWnJEc1pHWnBGTnRxV25Nb0lzdDFiMVU3VExkYi9XbXdUOEZpUWUKWmszY2ZqcDdoZXB1Z2NlaFRkdGMxSWVqc3hWVjZWaDlubkptSzR4M2VtRG5ONmNHZFAxdWhJZDV5RzBUOGJ3LwpHb0pDU1ljd3dBKzM4K2g4eTNYbS9DS1A5TzltS3F4ZUFaa1RGbnFJdXBUbElUcExSWlRQOVlYaFJIR2ZibkkyCjZ3cFV3d0lEQVFBQm94QXdEakFNQmdOVkhSTUJBZjhFQWpBQU1BMEdDU3FHU0liM0RRRUJDd1VBQTRJQkFRQUsKVTBTeVIzaXVQNzd4bDBOckRvTU1XQkttUmNicVl6QUIvQUgzRDNTRENGV250U29BQ0ZrdnBBbnN3dzhqUnAxQwpCWFh0RDJ4cmVEalZHcTlDbDhMRm1aUDVGeGhaOVZqMERYZEdpc2FnZkVuMjlJSWJweTg5bFRkVEE2a3dsQkx0CjZsNHBrK1BLL0lZQUtjSkVKeTArSlFRZTZFeTRML2l3eEtqcGlodWJ5bkk4MVh2TUZvSVV4dUpDTEJHK1IxN3AKOTJSd1Nta2gvb2JVNEFXb1hyU1ByUFBhQndVV1pIOFVqTlkxZUZpcmQzUmpYclEweTFzNStqSTF3Q0cxYVFjRQpJRjFhZVNHVjlkTVN1bEJTWmpoWVRwTTM1YzRMUjZOY09GaFBDMDB0eS9sQWZWdjV5NWEyeDFwU1NZcjZEeDdLCmhaUlBZYjMxNXdOaHorU1F4SHAvCi0tLS0tRU5EIENFUlRJRklDQVRFLS0tLS0K",
                            "master_auth.0.client_certificate_config.#": "0",
                            "master_auth.0.client_key": "LS0tLS1CRUdJTiBSU0EgUFJJVkFURSBLRVktLS0tLQpNSUlFcEFJQkFBS0NBUUVBeFV6M3k0U0JSbjBpaFB3NVd0UzdYZDl0WEZrdnZWYkRjRnlxckNGZTR0WVlRVHZCCjF2aGN5MldRUjN1VlZETUZvQ2pxTTc0OXZCZFNUeHRIanM3bUtWOHRWRFpvRTcra3ZlUVFZaUFCUWhiWXhHZHkKbVM3YnlaSUVTenBCdkZ3Yy9GSE04dElyNmhGT2dNbHBNanhrOTB0V2VjMFBYa2tRdFJ2dWZzS3F5blpyRHNaRwpacEZOdHFXbk1vSXN0MWIxVTdUTGRiL1dtd1Q4RmlRZVprM2NmanA3aGVwdWdjZWhUZHRjMUllanN4VlY2Vmg5Cm5uSm1LNHgzZW1Ebk42Y0dkUDF1aElkNXlHMFQ4YncvR29KQ1NZY3d3QSszOCtoOHkzWG0vQ0tQOU85bUtxeGUKQVprVEZucUl1cFRsSVRwTFJaVFA5WVhoUkhHZmJuSTI2d3BVd3dJREFRQUJBb0lCQUVSZm5YbjJjL1J4Rmg3ZQo1Nk51R0haNklNU0JsZFU0TmFlQlBaWkVSRVU0NjVQanVST2Q0MDZMWmxvWFhsTWRFV1NFK1ZDd0syVzg4VVcvCnp1Y1RGVmtlQmkvcVlOd0RMSHl3QmV0emF1d3p6YkFXcDNTbGMvNWhMMExBc0JvdUU4OXZLNmEwcGdwS01CbmEKY3EyNWwwWEo0bkI0VzB5UjVvdlUzNnduR3hmcElQOTlZVktmRGwzeVVrYkhreHh1dlVqVkRxOUJ3eXI3TzFGSApYSWZTeWgwbE5VVmU0VXZNMTd6OWVqRGlXY0RIRGJXS3JiY2lubFBvY3M5QityNDJ1K3pRZFlrd1BPSldKUjF6ClFsSlpMdVU1a0RFTHJDYXhJbWs2dStEc2dOa3FGdW51dURaS0JTb2lMUHRweWw2UHBwd2prR3dDNDBjTTBjZnYKSzNpM2hKRUNnWUVBNHFVWitVSlppbDN4andUV3N3T0pTZkhLMTFBZGIvMStBTUVmdExrRDFxbmx1dWMzd0g2OApIMlRNNkkweitpcmZkcXVIbEhVR3k1RmE0bDRuRmxIYkRMM09qRDBCUE9iUjYwZ3JydDloWkE0K1FhOG96K0lmCktyajhtMVlsZExVcUk1OUtMNXVuWlNwaFBDVmprbkFRMEZZelc2NEZuU3kwcXhKbkZyRmhYL01DZ1lFQTN0cmsKN1cxQlJWOWhRczA1WWh3LzhrYWFvam02SEtudTNBa241ZzNDMWJwSE81bXAxRmhucDNoUU1mQ2JTQ2RDRHBsVgpUL2FCNDRPSXdadnRQRGhhRStlME9jSWkyK1hOOUxLOFdmTkdycXZSVHBPYkhrS2lvUCsrZVovWFhCTzg1VGFwCnVqM3k4cTh0S2hoNzJXQUZodHp3SWR2Znlwc1FwT0o3cU1BMk8vRUNnWUVBNGtrSFFzZk5FSW8xT0o4VElZNWgKVDFPN092aEJPK1F6SHR1ekpVUW9JZlpsYVJPYnBYU2pyUkIrU1oxWmpPZXJUeGQ1ZVc3U1J3TXNZNkN2aytoTQpOVTk0M3FtMkI3RkpXNGttSENYcFhmV2VrUVFxVWt3bzVBWG9KOHQrQUNVMUduWGFvdWZjM1BQUU96WDFVV3JVClRyNFI3dkl6cHJiUTk1Q2JIcHdoWmFNQ2dZQlhod21hNXVwWDROcEdibXczU0hrbEl1M2hBV05EbHNxbHlVTE8KYkdFMXFIQUp6SlNUUGhXWUJQMGFZREhjNk81YzVZUklYNzBzS3FFdnlab25xTXBZUHd6ZUVvMjJhRSszNSt0cQpPTTV1RkRXazh2eGRxalpObmFTbUNFMkJjSThrUjQvcUFpTEZobC9xeEtyLytXS3lVVnhQTUJoNWJ1WGVuTVdNCnhkR0hRUUtCZ1FDd3EwWnZ6bVBabHEzZm9LMURJaGZYSWlrV0dVaEV4RDlVeUFYZmk3M2pEYldTRkcwNGhYWkEKWGdTY3RtbXRXR3pyem9ldTBlMHRkN0ozQmhnNGNwcHlIY2VXYURiZFYySVpxZC9iTFFrQVZIYW02aUNFSWoyVwpUODNWc1BZbGFhWkowcFBIM2kvTHc5dzBRMGV6dzJ5eGFsWDhXd21LU05EalFIRkIyQ3lGbVE9PQotLS0tLUVORCBSU0EgUFJJVkFURSBLRVktLS0tLQo=",
                            "master_auth.0.cluster_ca_certificate": "LS0tLS1CRUdJTiBDRVJUSUZJQ0FURS0tLS0tCk1JSURDekNDQWZPZ0F3SUJBZ0lRRmtDZExCc0JCZk1qc1hjazc0TTJCakFOQmdrcWhraUc5dzBCQVFzRkFEQXYKTVMwd0t3WURWUVFERXlRek5XRTVaamMwWXkwd01EYzVMVFEwTURNdFlXTTVOUzFtT0dRellqQTFOV1UyTVRVdwpIaGNOTVRrd016RTVNRGN6TmpJNFdoY05NalF3TXpFM01EZ3pOakk0V2pBdk1TMHdLd1lEVlFRREV5UXpOV0U1ClpqYzBZeTB3TURjNUxUUTBNRE10WVdNNU5TMW1PR1F6WWpBMU5XVTJNVFV3Z2dFaU1BMEdDU3FHU0liM0RRRUIKQVFVQUE0SUJEd0F3Z2dFS0FvSUJBUUM0ekdVcnZCNzA1aGM2QUlqQ1kzV3owTHR2M1JvV2xCdzdoYi82dy9LRQp1SHg3Rk9ucDFpcURiSUM5YTFLYTRIRkxIWk05dDIxbUVNZE1ENjZuT1FyVlpwQStsakFRamd1YnFpRmxzUjIwCkxzK1JidFRPclh6VnZNUWNYSTRzWFgyNzRwd2R2ZVJLS1h4TkVkNzltTGtCcFdjeDY1eSttWkVXamdvOWU2NWIKanpqZDcvdzZxanpaQ1pqTkZZOFljTEx6blBuMjBRUk5HbVFRWEZDbWFwY20rYjdOOFh0ZTBLWDM4dXU0N1o5RwpvN1pZTGhIZVU0YzFUaUl3ejdMVkF3ZThia1dWN0o1djduOGs2U0Q4ekpTS1h1TEhIQkVZZloycHpab0pZZ25LCkRKNUZFYjV2MkNCZFJHVGRiRjNCa3lJclJpUC9LcDNpTmFnMzJrQndqMmRYQWdNQkFBR2pJekFoTUE0R0ExVWQKRHdFQi93UUVBd0lDQkRBUEJnTlZIUk1CQWY4RUJUQURBUUgvTUEwR0NTcUdTSWIzRFFFQkN3VUFBNElCQVFBNApuVVU5a0tCK2dFSE1ycWIwUlVJcklRa3l6UGt1SldXRzNGWWhQUVhrWmdaT0V3czBiK291TVJBdGV0cVphV3FHCm9JUkZWUlVhQ256SS9EVkpxSUF4VHcwM0pNUHVqRzFrbVVXNm1WS0trVndJZk9JTEZaVlJqZ0QzU2xjOG12UHUKMm5RaFppcGRNRFV5NExTbTh5Ly9oNUViVVZJbVY3SGtOTXBnRjhwRXlzbTFJZnU4MGpUTlcyQ1k2VWViTCtwQwpzUDZSdUV1VGdxbDJTWVZiL3ZxdDBjWDhSSCtjdmZUalNXaDU4M2dIdDRwb1EvVnc2bVFqSXBhYmkyUXdYL0hWCnNIUzk4YXFPeUQ3amlKKzRCcjBaWmxRN3NKRkVTS1ZzQWFTTC9sZEZlZHduWHhCekkzTEViRVZPdFJja095SFYKWEszaTNMOXcxYWx1ekNNaGVyTkoKLS0tLS1FTkQgQ0VSVElGSUNBVEUtLS0tLQo=",
                            "master_auth.0.password": "",
                            "master_auth.0.username": "",
                            "master_authorized_networks_config.#": "1",
                            "master_authorized_networks_config.0.cidr_blocks.#": "1",
                            "master_authorized_networks_config.0.cidr_blocks.90561943.cidr_block": "0.0.0.0/0",
                            "master_authorized_networks_config.0.cidr_blocks.90561943.display_name": "all",
                            "master_version": "1.11.7-gke.4",
                            "monitoring_service": "monitoring.googleapis.com",
                            "name": "rpa-dev-cluster",
                            "network": "projects/ca-rpa-dev/global/networks/terraform-network-dev",
                            "network_policy.#": "1",
                            "network_policy.0.enabled": "false",
                            "network_policy.0.provider": "PROVIDER_UNSPECIFIED",
                            "node_config.#": "0",
                            "node_pool.#": "0",
                            "node_version": "1.11.7-gke.4",
                            "private_cluster_config.#": "1",
                            "private_cluster_config.0.enable_private_endpoint": "false",
                            "private_cluster_config.0.enable_private_nodes": "true",
                            "private_cluster_config.0.master_ipv4_cidr_block": "172.16.0.0/28",
                            "private_cluster_config.0.private_endpoint": "172.16.0.2",
                            "private_cluster_config.0.public_endpoint": "34.85.112.189",
                            "project": "ca-rpa-dev",
                            "region": "asia-northeast1",
                            "remove_default_node_pool": "true",
                            "resource_labels.%": "0",
                            "subnetwork": "projects/ca-rpa-dev/regions/asia-northeast1/subnetworks/terrform-subnet1-dev",
                            "zone": "asia-northeast1"
                        },
                        "meta": {
                            "e2bfb730-ecaa-11e6-8f88-34363bc7c4c0": {
                                "create": 1800000000000,
                                "delete": 1800000000000,
                                "update": 1800000000000
                            },
                            "schema_version": "1"
                        },
                        "tainted": false
                    },
                    "deposed": [],
                    "provider": "provider.google"
                },
                "google_container_node_pool.primary_preemptible_nodes": {
                    "type": "google_container_node_pool",
                    "depends_on": [
                        "google_container_cluster.primary"
                    ],
                    "primary": {
                        "id": "asia-northeast1/rpa-dev-cluster/rpa-dev-node-pool",
                        "attributes": {
                            "cluster": "rpa-dev-cluster",
                            "id": "asia-northeast1/rpa-dev-cluster/rpa-dev-node-pool",
                            "initial_node_count": "1",
                            "instance_group_urls.#": "3",
                            "instance_group_urls.0": "https://www.googleapis.com/compute/v1/projects/ca-rpa-dev/zones/asia-northeast1-a/instanceGroupManagers/gke-rpa-dev-cluster-rpa-dev-node-pool-9d06ef45-grp",
                            "instance_group_urls.1": "https://www.googleapis.com/compute/v1/projects/ca-rpa-dev/zones/asia-northeast1-b/instanceGroupManagers/gke-rpa-dev-cluster-rpa-dev-node-pool-a0a0e0b7-grp",
                            "instance_group_urls.2": "https://www.googleapis.com/compute/v1/projects/ca-rpa-dev/zones/asia-northeast1-c/instanceGroupManagers/gke-rpa-dev-cluster-rpa-dev-node-pool-e5d68998-grp",
                            "management.#": "1",
                            "management.0.auto_repair": "false",
                            "management.0.auto_upgrade": "false",
                            "name": "rpa-dev-node-pool",
                            "name_prefix": "",
                            "node_config.#": "1",
                            "node_config.0.disk_size_gb": "100",
                            "node_config.0.disk_type": "pd-standard",
                            "node_config.0.guest_accelerator.#": "0",
                            "node_config.0.image_type": "COS",
                            "node_config.0.labels.%": "0",
                            "node_config.0.local_ssd_count": "0",
                            "node_config.0.machine_type": "n1-standard-1",
                            "node_config.0.metadata.%": "0",
                            "node_config.0.min_cpu_platform": "",
                            "node_config.0.oauth_scopes.#": "4",
                            "node_config.0.oauth_scopes.1277378754": "https://www.googleapis.com/auth/monitoring",
                            "node_config.0.oauth_scopes.1632638332": "https://www.googleapis.com/auth/devstorage.read_only",
                            "node_config.0.oauth_scopes.172152165": "https://www.googleapis.com/auth/logging.write",
                            "node_config.0.oauth_scopes.299962681": "https://www.googleapis.com/auth/compute",
                            "node_config.0.preemptible": "true",
                            "node_config.0.service_account": "default",
                            "node_config.0.tags.#": "0",
                            "node_config.0.taint.#": "0",
                            "node_config.0.workload_metadata_config.#": "0",
                            "node_count": "1",
                            "project": "ca-rpa-dev",
                            "region": "asia-northeast1",
                            "version": "1.11.7-gke.4"
                        },
                        "meta": {
                            "e2bfb730-ecaa-11e6-8f88-34363bc7c4c0": {
                                "create": 1800000000000,
                                "delete": 600000000000,
                                "update": 600000000000
                            },
                            "schema_version": "1"
                        },
                        "tainted": false
                    },
                    "deposed": [],
                    "provider": "provider.google"
                },
                "google_project_iam_binding.for-creating-container": {
                    "type": "google_project_iam_binding",
                    "depends_on": [],
                    "primary": {
                        "id": "ca-rpa-dev/roles/container.developer",
                        "attributes": {
                            "etag": "BwWEWKpm9aQ=",
                            "id": "ca-rpa-dev/roles/container.developer",
                            "members.#": "1",
                            "members.3197286295": "serviceAccount:619262707437@cloudbuild.gserviceaccount.com",
                            "project": "ca-rpa-dev",
                            "role": "roles/container.developer"
                        },
                        "meta": {},
                        "tainted": false
                    },
                    "deposed": [],
                    "provider": "provider.google"
                },
                "google_project_iam_binding.for-writting-source-codes": {
                    "type": "google_project_iam_binding",
                    "depends_on": [],
                    "primary": {
                        "id": "ca-rpa-dev/roles/source.writer",
                        "attributes": {
                            "etag": "BwWEWKpm9aQ=",
                            "id": "ca-rpa-dev/roles/source.writer",
                            "members.#": "1",
                            "members.3197286295": "serviceAccount:619262707437@cloudbuild.gserviceaccount.com",
                            "project": "ca-rpa-dev",
                            "role": "roles/source.writer"
                        },
                        "meta": {},
                        "tainted": false
                    },
                    "deposed": [],
                    "provider": "provider.google"
                },
                "google_sourcerepo_repository.envrepo-dev": {
                    "type": "google_sourcerepo_repository",
                    "depends_on": [],
                    "primary": {
                        "id": "ca-rpa-dev/terraform-env-repo-dev",
                        "attributes": {
                            "id": "ca-rpa-dev/terraform-env-repo-dev",
                            "name": "terraform-env-repo-dev",
                            "project": "ca-rpa-dev",
                            "size": "6468",
                            "url": "https://source.developers.google.com/p/ca-rpa-dev/r/terraform-env-repo-dev"
                        },
                        "meta": {
                            "e2bfb730-ecaa-11e6-8f88-34363bc7c4c0": {
                                "create": 240000000000,
                                "delete": 240000000000
                            }
                        },
                        "tainted": false
                    },
                    "deposed": [],
                    "provider": "provider.google"
                }
            },
            "depends_on": []
        }
    ]
}
