{
    "version": 3,
    "terraform_version": "0.11.13",
    "serial": 11,
    "lineage": "9daac4e0-a5e3-7b43-11e2-fac4b16a331e",
    "modules": [
        {
            "path": [
                "root"
            ],
            "outputs": {},
            "resources": {
                "google_compute_network.terraform-network-stg": {
                    "type": "google_compute_network",
                    "depends_on": [],
                    "primary": {
                        "id": "terraform-network-stg",
                        "attributes": {
                            "auto_create_subnetworks": "true",
                            "description": "",
                            "gateway_ipv4": "",
                            "id": "terraform-network-stg",
                            "ipv4_range": "",
                            "name": "terraform-network-stg",
                            "project": "ca-rpa-stg",
                            "routing_mode": "REGIONAL",
                            "self_link": "https://www.googleapis.com/compute/v1/projects/ca-rpa-stg/global/networks/terraform-network-stg"
                        },
                        "meta": {
                            "e2bfb730-ecaa-11e6-8f88-34363bc7c4c0": {
                                "create": 240000000000,
                                "delete": 240000000000,
                                "update": 240000000000
                            }
                        },
                        "tainted": false
                    },
                    "deposed": [],
                    "provider": "provider.google"
                },
                "google_compute_subnetwork.terrform-subnet1-stg": {
                    "type": "google_compute_subnetwork",
                    "depends_on": [
                        "google_compute_network.terraform-network-stg",
                        "local.region"
                    ],
                    "primary": {
                        "id": "asia-northeast1/terrform-subnet1-stg",
                        "attributes": {
                            "creation_timestamp": "2019-03-19T23:42:49.719-07:00",
                            "description": "",
                            "enable_flow_logs": "false",
                            "fingerprint": "-vwSM9Fdk30=",
                            "gateway_address": "192.168.10.1",
                            "id": "asia-northeast1/terrform-subnet1-stg",
                            "ip_cidr_range": "192.168.10.0/24",
                            "name": "terrform-subnet1-stg",
                            "network": "https://www.googleapis.com/compute/v1/projects/ca-rpa-stg/global/networks/terraform-network-stg",
                            "private_ip_google_access": "false",
                            "project": "ca-rpa-stg",
                            "region": "asia-northeast1",
                            "secondary_ip_range.#": "2",
                            "secondary_ip_range.0.ip_cidr_range": "10.0.0.0/20",
                            "secondary_ip_range.0.range_name": "gke-rpa-stg-cluster-services-4ea14338",
                            "secondary_ip_range.1.ip_cidr_range": "10.36.0.0/14",
                            "secondary_ip_range.1.range_name": "gke-rpa-stg-cluster-pods-4ea14338",
                            "self_link": "https://www.googleapis.com/compute/v1/projects/ca-rpa-stg/regions/asia-northeast1/subnetworks/terrform-subnet1-stg"
                        },
                        "meta": {
                            "e2bfb730-ecaa-11e6-8f88-34363bc7c4c0": {
                                "create": 360000000000,
                                "delete": 360000000000,
                                "update": 360000000000
                            }
                        },
                        "tainted": false
                    },
                    "deposed": [],
                    "provider": "provider.google"
                }
            },
            "depends_on": []
        }
    ]
}
