{
    "version": 3,
    "terraform_version": "0.11.13",
    "serial": 12,
    "lineage": "9daac4e0-a5e3-7b43-11e2-fac4b16a331e",
    "modules": [
        {
            "path": [
                "root"
            ],
            "outputs": {
                "client_certificate": {
                    "sensitive": false,
                    "type": "string",
                    "value": "LS0tLS1CRUdJTiBDRVJUSUZJQ0FURS0tLS0tCk1JSUMyakNDQWNLZ0F3SUJBZ0lRRTNzeDhLenJsT1BkUFRXaG5OaUJaREFOQmdrcWhraUc5dzBCQVFzRkFEQXYKTVMwd0t3WURWUVFERXlRM1pEUTBZVGcxWVMwM09XVmlMVFF3TXpZdE9UVmlOaTAyTnpVMU1XWTBNelkwT1RrdwpIaGNOTVRrd016SXdNRGN5T0RReVdoY05NalF3TXpFNE1EY3lPRFF5V2pBUk1ROHdEUVlEVlFRREV3WmpiR2xsCmJuUXdnZ0VpTUEwR0NTcUdTSWIzRFFFQkFRVUFBNElCRHdBd2dnRUtBb0lCQVFDb1lWTFN6bENkZUhCcDZYTU0KeGIvVTNQUVZVVllGd1BwYnlQSjhUbGFWT2gzWmJ4YUR2YnlMQnIzbEtPZEZKN3kyWWV6RUYvRUpjdS9udHBaNgpnKzVzV01wV1NCOEVBQ1JZdHNtNWhMN0dQUWQ5OUQ0T2l4OEpteGhFYnlXbWpTWlpnVHNmWmJKWHlBZFNFV3hUCnU2SHFuMXFVdnRDS25MYXF4VCtNRUtvSkNwVGRXZWF2VEJoQVhpVGdkU3hsWTZGM0Q0eXdYUjJyZ1lXQ1czWGgKN0E2OWp6ZmNDMkV0M05aMTNWamdiOXo1WGtxMGl1bFgzYzAxTkljc3NhY1B4RFRqWnd5UDdaUXN5Q0diYVRibgpPWDJSdVRyWUtNZ2RzMXN2N3FrNm1Qc1RHc3FWZUYwcVY4Z1ZseFNPaGtveVJXejUzamRHbVRXRnFPclk4STI4CmJBR3ZBZ01CQUFHakVEQU9NQXdHQTFVZEV3RUIvd1FDTUFBd0RRWUpLb1pJaHZjTkFRRUxCUUFEZ2dFQkFHc0oKUlZISTFKYk9pcFd3c1pWbUZYM3dSVXB1Mi9lRG9VSDFQbER6anY5bkJoa0JKUFcwdEFTN0trd0haTTVHVi9zRgpzbVdwbldzZ0M2YWwvck9Cem83ZWJhR1A1WjRiNlRPU2JVMmVsWHhPczVJRm9IWEprTUtIajdiUEZOWGo2RlY4Cmhta0YrcTA5dFRKdUcrWmJweE43clpYVDNkeW1KbXpFSVJ0b2NtVC9kTEZhRVE1Nm5VTkNnV1I3UDJJVUVpeU8Kb0U4dTVrQjIyMmZrd1Z3MTBWUmlNU2w3dXVBdGQyV2ozUHN6eC9kWVFqYk51RzNiK1NqT2I0RVZDdi9IdXlGcAo2R09ETldnWVRVZU15QjU2bXNrVG5VWjJUY3QrTWliUTlxazVFTjlhcHJNWUlYUDhHM0hZS0ZWR1B0eVJyT0JiCjN6V1E1dERBdllxcmZMb0dVYXc9Ci0tLS0tRU5EIENFUlRJRklDQVRFLS0tLS0K"
                },
                "client_key": {
                    "sensitive": false,
                    "type": "string",
                    "value": "LS0tLS1CRUdJTiBSU0EgUFJJVkFURSBLRVktLS0tLQpNSUlFcEFJQkFBS0NBUUVBcUdGUzBzNVFuWGh3YWVsekRNVy8xTnowRlZGV0JjRDZXOGp5ZkU1V2xUb2QyVzhXCmc3Mjhpd2E5NVNqblJTZTh0bUhzeEJmeENYTHY1N2FXZW9QdWJGaktWa2dmQkFBa1dMYkp1WVMreGowSGZmUSsKRG9zZkNac1lSRzhscG8wbVdZRTdIMld5VjhnSFVoRnNVN3VoNnA5YWxMN1FpcHkycXNVL2pCQ3FDUXFVM1ZubQpyMHdZUUY0azRIVXNaV09oZHcrTXNGMGRxNEdGZ2x0MTRld092WTgzM0F0aExkeldkZDFZNEcvYytWNUt0SXJwClY5M05OVFNITExHbkQ4UTA0MmNNaisyVUxNZ2htMmsyNXpsOWtiazYyQ2pJSGJOYkwrNnBPcGo3RXhyS2xYaGQKS2xmSUZaY1Vqb1pLTWtWcytkNDNScGsxaGFqcTJQQ052R3dCcndJREFRQUJBb0lCQUNWOU1jTVV3M2NrQ3lkUgpubGVBS2ROYmRJN1FncTRhUnNPcnpHMW54YmhJN2I5dEQ5NjZIbUgzMk16T1hCdVdHdHFpbCtRYkRvUVRqcDJSCkZoVG1EZTRhb01Zd0haTzI4bUM4SmRMRDN2UGxQNmRIKzQ4aVk0RXdnbWt1TS94T25mUzhwS3k3YUVkS0ZuTXIKeE9vcHN3VzVnQ0h4RUI1a2dQa3BuSm56VmVCWUdVeDJkeXBydGRWdU1KaktVd3pOSmtEQmFOUTBYSVB0OWIwUwpVdkt4SGFNaEZZY2JJT3NMbHN3UTVFNjhmT0ZKMCtsd3BndU9NWGVtVVZKNEhic3dFazdkTGxkM1R6SjdSdHB0ClFIeWI3RGNUa0ZydUYreXNVVGdRelhjclMySExJcit3bFpmc2hDNGFFNUhhczZLT3QxbW1acWlKRUozZXBNblkKdTNGMnZrRUNnWUVBNXhSTkw0WGMvZldoc2pvQkNoenM5bHpVczRUa1dhRDBzK2djVjJqTXJzS2N2Wmt4TjBDQwpPR3NDamREWS9xa24veGNBY2NhSkI5cSszUEFhc3UwVlczV2QvMjR3MlNHRmsrSGZMQ21vY1hwSi8wU2tZTmVYCmRDVGUvSDR2RjkzWCt5NU1PdHh0MnhGeHlkajBHNkxxZWdEbGlPdm1hYXE3VllHdktSaEE0ZThDZ1lFQXVvb0IKL2xtNk1FT1BYZXY1bHJKMnM5ZGRka21INU43ZFk0VHR6eE5OV21vVUpJU2RhQ25BS3Q1N1BWRWpseXBxN055aApOSGNmMGtLVG5TYjUyU2ZSZHZHenpTVUJzZTd0RnJNVy9LVmRsNmhoeHY1UHJSUWUzcEkvNitXRUJ5TTNXQmhRCkh4b3pGWnlzTnVsYmhiVWhrQk9tOGQzU1llZkVHd0RrZVBzTG5FRUNnWUVBMWFQWVpMcC9nYkNLU1V3RlVBTkUKTmRYSHRSMkZQVFJwYUxlTkZHZEk3YjN4eWYwTEdva2ltK1Nibk4vYzd6MFhSR2xRdU9BVUt0WGJwa3E2ZEhocgpTWDZwajlHaGllM0xJTmt3U3hWTXJYV2hXa2R0TGpmRXg5V2E3NWYrRkRPL2puUFVlSXI1YWhOcnYzRTg1eHd0CmFwVFBvbEp2V1h4RzdKd1VoSXJ1MmJNQ2dZQWZ0VDNKZ204SHJUUTlmdE1hTHBQRzFpRG83bTdQRktNRk81OUEKeDhNcVQwWEZQMVdTVXlaN0l2NUgyZmIyeHhzTjBDTUd6QWo0c0tCdTRpVXVLSHFPZ1Y5U3k2dVNGMDd0d050egpicGlPSXUwYjZqYVk4UWFlUnJYZTMxQ2w5ZkorWXdPYmhkU1JJK1NTSVBDUnRjeFN0VVIzY0lGR2F5TUdoQXhTCkZEcFJBUUtCZ1FDc3lrZ0h0ZG9pNFk5S1VlcVk2TUtIbXF3c2JzVWpkbndCbkcvWFVPSWhiTTRjbnJtRGxnV0QKRkN3MTFQaytqWTZlSXdVaXBMcGpxWFAybnZOaXExYkpIdHVsekNqK2VIMGZvc2t3ZDRzdWpLQ0tsa3Q0NWhOVQpxOWtFWW9pWDRaejdiTVVkYlAxQ01PVkhkd2gzamU5SUFoejBiYlhEbGhnWmNyMEhwcUNYSlE9PQotLS0tLUVORCBSU0EgUFJJVkFURSBLRVktLS0tLQo="
                },
                "cluster_ca_certificate": {
                    "sensitive": false,
                    "type": "string",
                    "value": "LS0tLS1CRUdJTiBDRVJUSUZJQ0FURS0tLS0tCk1JSURERENDQWZTZ0F3SUJBZ0lSQU11QnhlZjZtbE1wYjNQT0Z5c3V4WDR3RFFZSktvWklodmNOQVFFTEJRQXcKTHpFdE1Dc0dBMVVFQXhNa04yUTBOR0U0TldFdE56bGxZaTAwTURNMkxUazFZall0TmpjMU5URm1ORE0yTkRrNQpNQjRYRFRFNU1ETXlNREEyTWpnME1sb1hEVEkwTURNeE9EQTNNamcwTWxvd0x6RXRNQ3NHQTFVRUF4TWtOMlEwCk5HRTROV0V0TnpsbFlpMDBNRE0yTFRrMVlqWXROamMxTlRGbU5ETTJORGs1TUlJQklqQU5CZ2txaGtpRzl3MEIKQVFFRkFBT0NBUThBTUlJQkNnS0NBUUVBcTFkTEYxTk1pZHNXRXNjYWNzUjhOZ0l1SmJxTnhOTHBPck1ySEtqUApIY25oZXVPYVdabjh0YXhyeTdKNGlPMU4xcnZsMEhZRUJSbUtpRzN4WUVoUktVRWR6dGdZUXVQTzRhT0k5MEJ3Ckk5VnlaNHJxRXMzWVltU3JMTEVCWkk1Yk9KY2p5UDFVREZOcnp0dlZTZk5aenZJTzIvTkNUOUpMOXgya0QrYnYKRmVGYm8xUS9LeUhVcldiM3htQ1RvSUJQRTd6OTFQeTBTQTdOUXhoZks3MmpaRjhJRjkvWis4NUZtNk5NRFk3MgpoY0wyWE5lS3pQSWN3ZXJVY0diV3FEcG1BcXJNT1JiWXlhL21IMXJZdTlSUk1YYjYrY0wxekRwOC9BRVZKVGh2CnQ3NEtsa3IvdVg1eXgrbTVsTXhGOGtEb0x1VFRuY1lwODBJMjZsSW9OcXNwQXdJREFRQUJveU13SVRBT0JnTlYKSFE4QkFmOEVCQU1DQWdRd0R3WURWUjBUQVFIL0JBVXdBd0VCL3pBTkJna3Foa2lHOXcwQkFRc0ZBQU9DQVFFQQpaZ1hoNGl6ZndMVzNySzFvZDBqd25iRmNTQUlGNE50NFNkOWY3cEFZblNnWTE1TGR6b2lYekJwUm1xNDhIUitzCm9odmxqcVljcnQwNkt1SkNYSGdJSHJGU3JMcTByYUltWDl1WW05SmdTZDBaYzZ1TjJuTVJiaHlQTFgrdE5PYnMKUm9uVUk3M2kxTlhMS2VBd3hWZHRpYWEvbWtOd3VqajlSZURIeWxRcHVzL1BEcFNQVUFBeXlyN01ZQ0RJNGg5UwpRVmcvYlhxZDVpTFlXSTg1M0Q4RnZOUjIwRUNkb0pTdGZyTW1uT3JvZGxKZEdTOVpEejNsMEtvOEpoYnV5L3NtCmtqL1NJVHZiSFpYRGFXL0VLWk1lSGNTaUF2QkNsVm5tYTNMRzJ4SnFMYitCMmd6WHhuZFlubU1XMWg5aTlDMTYKVFRnd3VZOFRNSWNiQ1plQTZ5UVRhQT09Ci0tLS0tRU5EIENFUlRJRklDQVRFLS0tLS0K"
                }
            },
            "resources": {
                "data.google_project.project": {
                    "type": "google_project",
                    "depends_on": [],
                    "primary": {
                        "id": "ca-rpa-stg",
                        "attributes": {
                            "app_engine.#": "0",
                            "folder_id": "",
                            "id": "ca-rpa-stg",
                            "labels.%": "0",
                            "name": "ca-rpa-stg",
                            "number": "272180953638",
                            "org_id": "1051569445158",
                            "project_id": "ca-rpa-stg"
                        },
                        "meta": {},
                        "tainted": false
                    },
                    "deposed": [],
                    "provider": "provider.google"
                },
                "google_cloudbuild_trigger.cd-trigger": {
                    "type": "google_cloudbuild_trigger",
                    "depends_on": [
                        "google_container_cluster.primary"
                    ],
                    "primary": {
                        "id": "ca-rpa-stg/f65086e3-678b-4d98-814e-d545198792ef",
                        "attributes": {
                            "build.#": "0",
                            "create_time": "2019-03-20T07:34:55.557958728Z",
                            "description": "",
                            "disabled": "",
                            "filename": "cloudbuild.yaml",
                            "id": "ca-rpa-stg/f65086e3-678b-4d98-814e-d545198792ef",
                            "ignored_files.#": "0",
                            "included_files.#": "1",
                            "included_files.0": "manifests/*",
                            "project": "ca-rpa-stg",
                            "substitutions.%": "2",
                            "substitutions._CLUSTER": "rpa-stg-cluster",
                            "substitutions._REGION": "asia-northeast1",
                            "trigger_id": "f65086e3-678b-4d98-814e-d545198792ef",
                            "trigger_template.#": "1",
                            "trigger_template.0.branch_name": "dev",
                            "trigger_template.0.commit_sha": "",
                            "trigger_template.0.dir": "",
                            "trigger_template.0.project_id": "ca-rpa-stg",
                            "trigger_template.0.repo_name": "env",
                            "trigger_template.0.tag_name": ""
                        },
                        "meta": {
                            "e2bfb730-ecaa-11e6-8f88-34363bc7c4c0": {
                                "create": 240000000000,
                                "delete": 240000000000,
                                "update": 240000000000
                            },
                            "schema_version": "1"
                        },
                        "tainted": false
                    },
                    "deposed": [],
                    "provider": "provider.google"
                },
                "google_cloudbuild_trigger.ci-trigger.0": {
                    "type": "google_cloudbuild_trigger",
                    "depends_on": [],
                    "primary": {
                        "id": "ca-rpa-stg/3120769b-d421-4af7-bb6b-5ac5ea6fce6f",
                        "attributes": {
                            "build.#": "0",
                            "create_time": "2019-03-20T07:27:37.058509981Z",
                            "description": "",
                            "disabled": "",
                            "filename": "cloudbuild.yaml",
                            "id": "ca-rpa-stg/3120769b-d421-4af7-bb6b-5ac5ea6fce6f",
                            "ignored_files.#": "0",
                            "included_files.#": "0",
                            "project": "ca-rpa-stg",
                            "substitutions.%": "1",
                            "substitutions._MANIFESTS_REPO_NAME": "env",
                            "trigger_id": "3120769b-d421-4af7-bb6b-5ac5ea6fce6f",
                            "trigger_template.#": "1",
                            "trigger_template.0.branch_name": "master",
                            "trigger_template.0.commit_sha": "",
                            "trigger_template.0.dir": "",
                            "trigger_template.0.project_id": "ca-rpa-stg",
                            "trigger_template.0.repo_name": "terraform-app0-repo-stg",
                            "trigger_template.0.tag_name": ""
                        },
                        "meta": {
                            "e2bfb730-ecaa-11e6-8f88-34363bc7c4c0": {
                                "create": 240000000000,
                                "delete": 240000000000,
                                "update": 240000000000
                            },
                            "schema_version": "1"
                        },
                        "tainted": false
                    },
                    "deposed": [],
                    "provider": "provider.google"
                },
                "google_cloudbuild_trigger.ci-trigger.1": {
                    "type": "google_cloudbuild_trigger",
                    "depends_on": [],
                    "primary": {
                        "id": "ca-rpa-stg/c06ca2e4-20ed-4ed0-b4f5-a2dcaac601cb",
                        "attributes": {
                            "build.#": "0",
                            "create_time": "2019-03-20T07:27:37.053653425Z",
                            "description": "",
                            "disabled": "",
                            "filename": "cloudbuild.yaml",
                            "id": "ca-rpa-stg/c06ca2e4-20ed-4ed0-b4f5-a2dcaac601cb",
                            "ignored_files.#": "0",
                            "included_files.#": "0",
                            "project": "ca-rpa-stg",
                            "substitutions.%": "1",
                            "substitutions._MANIFESTS_REPO_NAME": "env",
                            "trigger_id": "c06ca2e4-20ed-4ed0-b4f5-a2dcaac601cb",
                            "trigger_template.#": "1",
                            "trigger_template.0.branch_name": "master",
                            "trigger_template.0.commit_sha": "",
                            "trigger_template.0.dir": "",
                            "trigger_template.0.project_id": "ca-rpa-stg",
                            "trigger_template.0.repo_name": "terraform-app1-repo-stg",
                            "trigger_template.0.tag_name": ""
                        },
                        "meta": {
                            "e2bfb730-ecaa-11e6-8f88-34363bc7c4c0": {
                                "create": 240000000000,
                                "delete": 240000000000,
                                "update": 240000000000
                            },
                            "schema_version": "1"
                        },
                        "tainted": false
                    },
                    "deposed": [],
                    "provider": "provider.google"
                },
                "google_cloudbuild_trigger.ci-trigger.2": {
                    "type": "google_cloudbuild_trigger",
                    "depends_on": [],
                    "primary": {
                        "id": "ca-rpa-stg/5ee1d298-cd1e-444b-8676-27e02fc1da14",
                        "attributes": {
                            "build.#": "0",
                            "create_time": "2019-03-20T07:27:37.044339503Z",
                            "description": "",
                            "disabled": "",
                            "filename": "cloudbuild.yaml",
                            "id": "ca-rpa-stg/5ee1d298-cd1e-444b-8676-27e02fc1da14",
                            "ignored_files.#": "0",
                            "included_files.#": "0",
                            "project": "ca-rpa-stg",
                            "substitutions.%": "1",
                            "substitutions._MANIFESTS_REPO_NAME": "env",
                            "trigger_id": "5ee1d298-cd1e-444b-8676-27e02fc1da14",
                            "trigger_template.#": "1",
                            "trigger_template.0.branch_name": "master",
                            "trigger_template.0.commit_sha": "",
                            "trigger_template.0.dir": "",
                            "trigger_template.0.project_id": "ca-rpa-stg",
                            "trigger_template.0.repo_name": "terraform-app2-repo-stg",
                            "trigger_template.0.tag_name": ""
                        },
                        "meta": {
                            "e2bfb730-ecaa-11e6-8f88-34363bc7c4c0": {
                                "create": 240000000000,
                                "delete": 240000000000,
                                "update": 240000000000
                            },
                            "schema_version": "1"
                        },
                        "tainted": false
                    },
                    "deposed": [],
                    "provider": "provider.google"
                },
                "google_compute_network.terraform-network-stg": {
                    "type": "google_compute_network",
                    "depends_on": [],
                    "primary": {
                        "id": "terraform-network-stg",
                        "attributes": {
                            "auto_create_subnetworks": "true",
                            "description": "",
                            "gateway_ipv4": "",
                            "id": "terraform-network-stg",
                            "ipv4_range": "",
                            "name": "terraform-network-stg",
                            "project": "ca-rpa-stg",
                            "routing_mode": "REGIONAL",
                            "self_link": "https://www.googleapis.com/compute/v1/projects/ca-rpa-stg/global/networks/terraform-network-stg"
                        },
                        "meta": {
                            "e2bfb730-ecaa-11e6-8f88-34363bc7c4c0": {
                                "create": 240000000000,
                                "delete": 240000000000,
                                "update": 240000000000
                            }
                        },
                        "tainted": false
                    },
                    "deposed": [],
                    "provider": "provider.google"
                },
                "google_compute_router.terraform-router-stg": {
                    "type": "google_compute_router",
                    "depends_on": [
                        "google_compute_network.terraform-network-stg",
                        "google_compute_subnetwork.terrform-subnet1-stg"
                    ],
                    "primary": {
                        "id": "asia-northeast1/terraform-router-stg",
                        "attributes": {
                            "bgp.#": "0",
                            "creation_timestamp": "2019-03-20T00:28:42.288-07:00",
                            "description": "",
                            "id": "asia-northeast1/terraform-router-stg",
                            "name": "terraform-router-stg",
                            "network": "https://www.googleapis.com/compute/v1/projects/ca-rpa-stg/global/networks/terraform-network-stg",
                            "project": "ca-rpa-stg",
                            "region": "asia-northeast1",
                            "self_link": "https://www.googleapis.com/compute/v1/projects/ca-rpa-stg/regions/asia-northeast1/routers/terraform-router-stg"
                        },
                        "meta": {
                            "e2bfb730-ecaa-11e6-8f88-34363bc7c4c0": {
                                "create": 240000000000,
                                "delete": 240000000000,
                                "update": 240000000000
                            }
                        },
                        "tainted": false
                    },
                    "deposed": [],
                    "provider": "provider.google"
                },
                "google_compute_router_nat.terraform-nat": {
                    "type": "google_compute_router_nat",
                    "depends_on": [
                        "google_compute_router.terraform-router-stg",
                        "local.region"
                    ],
                    "primary": {
                        "id": "asia-northeast1/terraform-router-stg/terraform-nat",
                        "attributes": {
                            "icmp_idle_timeout_sec": "0",
                            "id": "asia-northeast1/terraform-router-stg/terraform-nat",
                            "min_ports_per_vm": "0",
                            "name": "terraform-nat",
                            "nat_ip_allocate_option": "AUTO_ONLY",
                            "nat_ips.#": "0",
                            "project": "ca-rpa-stg",
                            "region": "asia-northeast1",
                            "router": "terraform-router-stg",
                            "source_subnetwork_ip_ranges_to_nat": "ALL_SUBNETWORKS_ALL_IP_RANGES",
                            "subnetwork.#": "0",
                            "tcp_established_idle_timeout_sec": "0",
                            "tcp_transitory_idle_timeout_sec": "0",
                            "udp_idle_timeout_sec": "0"
                        },
                        "meta": {
                            "e2bfb730-ecaa-11e6-8f88-34363bc7c4c0": {
                                "create": 600000000000,
                                "delete": 600000000000
                            }
                        },
                        "tainted": false
                    },
                    "deposed": [],
                    "provider": "provider.google"
                },
                "google_compute_subnetwork.terrform-subnet1-stg": {
                    "type": "google_compute_subnetwork",
                    "depends_on": [
                        "google_compute_network.terraform-network-stg",
                        "local.region"
                    ],
                    "primary": {
                        "id": "asia-northeast1/terrform-subnet1-stg",
                        "attributes": {
                            "creation_timestamp": "2019-03-20T00:28:24.898-07:00",
                            "description": "",
                            "enable_flow_logs": "false",
                            "fingerprint": "sb1UFpylpnw=",
                            "gateway_address": "192.168.10.1",
                            "id": "asia-northeast1/terrform-subnet1-stg",
                            "ip_cidr_range": "192.168.10.0/24",
                            "name": "terrform-subnet1-stg",
                            "network": "https://www.googleapis.com/compute/v1/projects/ca-rpa-stg/global/networks/terraform-network-stg",
                            "private_ip_google_access": "false",
                            "project": "ca-rpa-stg",
                            "region": "asia-northeast1",
                            "secondary_ip_range.#": "0",
                            "self_link": "https://www.googleapis.com/compute/v1/projects/ca-rpa-stg/regions/asia-northeast1/subnetworks/terrform-subnet1-stg"
                        },
                        "meta": {
                            "e2bfb730-ecaa-11e6-8f88-34363bc7c4c0": {
                                "create": 360000000000,
                                "delete": 360000000000,
                                "update": 360000000000
                            }
                        },
                        "tainted": false
                    },
                    "deposed": [],
                    "provider": "provider.google"
                },
                "google_container_cluster.primary": {
                    "type": "google_container_cluster",
                    "depends_on": [
                        "google_compute_network.terraform-network-stg",
                        "google_compute_subnetwork.terrform-subnet1-stg",
                        "local.region"
                    ],
                    "primary": {
                        "id": "rpa-stg-cluster",
                        "attributes": {
                            "additional_zones.#": "3",
                            "additional_zones.2275771321": "asia-northeast1-b",
                            "additional_zones.2663297784": "asia-northeast1-c",
                            "additional_zones.2894647418": "asia-northeast1-a",
                            "addons_config.#": "1",
                            "addons_config.0.horizontal_pod_autoscaling.#": "0",
                            "addons_config.0.http_load_balancing.#": "0",
                            "addons_config.0.kubernetes_dashboard.#": "1",
                            "addons_config.0.kubernetes_dashboard.0.disabled": "true",
                            "addons_config.0.network_policy_config.#": "1",
                            "addons_config.0.network_policy_config.0.disabled": "true",
                            "cluster_autoscaling.#": "0",
                            "cluster_ipv4_cidr": "10.36.0.0/14",
                            "description": "",
                            "enable_kubernetes_alpha": "false",
                            "enable_legacy_abac": "false",
                            "endpoint": "34.85.0.227",
                            "id": "rpa-stg-cluster",
                            "initial_node_count": "1",
                            "instance_group_urls.#": "0",
                            "ip_allocation_policy.#": "1",
                            "ip_allocation_policy.0.cluster_ipv4_cidr_block": "10.36.0.0/14",
                            "ip_allocation_policy.0.cluster_secondary_range_name": "gke-rpa-stg-cluster-pods-c9c53e8e",
                            "ip_allocation_policy.0.create_subnetwork": "false",
                            "ip_allocation_policy.0.node_ipv4_cidr_block": "",
                            "ip_allocation_policy.0.services_ipv4_cidr_block": "10.0.0.0/20",
                            "ip_allocation_policy.0.services_secondary_range_name": "gke-rpa-stg-cluster-services-c9c53e8e",
                            "ip_allocation_policy.0.subnetwork_name": "",
                            "ip_allocation_policy.0.use_ip_aliases": "true",
                            "logging_service": "logging.googleapis.com",
                            "maintenance_policy.#": "0",
                            "master_auth.#": "1",
                            "master_auth.0.client_certificate": "LS0tLS1CRUdJTiBDRVJUSUZJQ0FURS0tLS0tCk1JSUMyakNDQWNLZ0F3SUJBZ0lRRTNzeDhLenJsT1BkUFRXaG5OaUJaREFOQmdrcWhraUc5dzBCQVFzRkFEQXYKTVMwd0t3WURWUVFERXlRM1pEUTBZVGcxWVMwM09XVmlMVFF3TXpZdE9UVmlOaTAyTnpVMU1XWTBNelkwT1RrdwpIaGNOTVRrd016SXdNRGN5T0RReVdoY05NalF3TXpFNE1EY3lPRFF5V2pBUk1ROHdEUVlEVlFRREV3WmpiR2xsCmJuUXdnZ0VpTUEwR0NTcUdTSWIzRFFFQkFRVUFBNElCRHdBd2dnRUtBb0lCQVFDb1lWTFN6bENkZUhCcDZYTU0KeGIvVTNQUVZVVllGd1BwYnlQSjhUbGFWT2gzWmJ4YUR2YnlMQnIzbEtPZEZKN3kyWWV6RUYvRUpjdS9udHBaNgpnKzVzV01wV1NCOEVBQ1JZdHNtNWhMN0dQUWQ5OUQ0T2l4OEpteGhFYnlXbWpTWlpnVHNmWmJKWHlBZFNFV3hUCnU2SHFuMXFVdnRDS25MYXF4VCtNRUtvSkNwVGRXZWF2VEJoQVhpVGdkU3hsWTZGM0Q0eXdYUjJyZ1lXQ1czWGgKN0E2OWp6ZmNDMkV0M05aMTNWamdiOXo1WGtxMGl1bFgzYzAxTkljc3NhY1B4RFRqWnd5UDdaUXN5Q0diYVRibgpPWDJSdVRyWUtNZ2RzMXN2N3FrNm1Qc1RHc3FWZUYwcVY4Z1ZseFNPaGtveVJXejUzamRHbVRXRnFPclk4STI4CmJBR3ZBZ01CQUFHakVEQU9NQXdHQTFVZEV3RUIvd1FDTUFBd0RRWUpLb1pJaHZjTkFRRUxCUUFEZ2dFQkFHc0oKUlZISTFKYk9pcFd3c1pWbUZYM3dSVXB1Mi9lRG9VSDFQbER6anY5bkJoa0JKUFcwdEFTN0trd0haTTVHVi9zRgpzbVdwbldzZ0M2YWwvck9Cem83ZWJhR1A1WjRiNlRPU2JVMmVsWHhPczVJRm9IWEprTUtIajdiUEZOWGo2RlY4Cmhta0YrcTA5dFRKdUcrWmJweE43clpYVDNkeW1KbXpFSVJ0b2NtVC9kTEZhRVE1Nm5VTkNnV1I3UDJJVUVpeU8Kb0U4dTVrQjIyMmZrd1Z3MTBWUmlNU2w3dXVBdGQyV2ozUHN6eC9kWVFqYk51RzNiK1NqT2I0RVZDdi9IdXlGcAo2R09ETldnWVRVZU15QjU2bXNrVG5VWjJUY3QrTWliUTlxazVFTjlhcHJNWUlYUDhHM0hZS0ZWR1B0eVJyT0JiCjN6V1E1dERBdllxcmZMb0dVYXc9Ci0tLS0tRU5EIENFUlRJRklDQVRFLS0tLS0K",
                            "master_auth.0.client_certificate_config.#": "0",
                            "master_auth.0.client_key": "LS0tLS1CRUdJTiBSU0EgUFJJVkFURSBLRVktLS0tLQpNSUlFcEFJQkFBS0NBUUVBcUdGUzBzNVFuWGh3YWVsekRNVy8xTnowRlZGV0JjRDZXOGp5ZkU1V2xUb2QyVzhXCmc3Mjhpd2E5NVNqblJTZTh0bUhzeEJmeENYTHY1N2FXZW9QdWJGaktWa2dmQkFBa1dMYkp1WVMreGowSGZmUSsKRG9zZkNac1lSRzhscG8wbVdZRTdIMld5VjhnSFVoRnNVN3VoNnA5YWxMN1FpcHkycXNVL2pCQ3FDUXFVM1ZubQpyMHdZUUY0azRIVXNaV09oZHcrTXNGMGRxNEdGZ2x0MTRld092WTgzM0F0aExkeldkZDFZNEcvYytWNUt0SXJwClY5M05OVFNITExHbkQ4UTA0MmNNaisyVUxNZ2htMmsyNXpsOWtiazYyQ2pJSGJOYkwrNnBPcGo3RXhyS2xYaGQKS2xmSUZaY1Vqb1pLTWtWcytkNDNScGsxaGFqcTJQQ052R3dCcndJREFRQUJBb0lCQUNWOU1jTVV3M2NrQ3lkUgpubGVBS2ROYmRJN1FncTRhUnNPcnpHMW54YmhJN2I5dEQ5NjZIbUgzMk16T1hCdVdHdHFpbCtRYkRvUVRqcDJSCkZoVG1EZTRhb01Zd0haTzI4bUM4SmRMRDN2UGxQNmRIKzQ4aVk0RXdnbWt1TS94T25mUzhwS3k3YUVkS0ZuTXIKeE9vcHN3VzVnQ0h4RUI1a2dQa3BuSm56VmVCWUdVeDJkeXBydGRWdU1KaktVd3pOSmtEQmFOUTBYSVB0OWIwUwpVdkt4SGFNaEZZY2JJT3NMbHN3UTVFNjhmT0ZKMCtsd3BndU9NWGVtVVZKNEhic3dFazdkTGxkM1R6SjdSdHB0ClFIeWI3RGNUa0ZydUYreXNVVGdRelhjclMySExJcit3bFpmc2hDNGFFNUhhczZLT3QxbW1acWlKRUozZXBNblkKdTNGMnZrRUNnWUVBNXhSTkw0WGMvZldoc2pvQkNoenM5bHpVczRUa1dhRDBzK2djVjJqTXJzS2N2Wmt4TjBDQwpPR3NDamREWS9xa24veGNBY2NhSkI5cSszUEFhc3UwVlczV2QvMjR3MlNHRmsrSGZMQ21vY1hwSi8wU2tZTmVYCmRDVGUvSDR2RjkzWCt5NU1PdHh0MnhGeHlkajBHNkxxZWdEbGlPdm1hYXE3VllHdktSaEE0ZThDZ1lFQXVvb0IKL2xtNk1FT1BYZXY1bHJKMnM5ZGRka21INU43ZFk0VHR6eE5OV21vVUpJU2RhQ25BS3Q1N1BWRWpseXBxN055aApOSGNmMGtLVG5TYjUyU2ZSZHZHenpTVUJzZTd0RnJNVy9LVmRsNmhoeHY1UHJSUWUzcEkvNitXRUJ5TTNXQmhRCkh4b3pGWnlzTnVsYmhiVWhrQk9tOGQzU1llZkVHd0RrZVBzTG5FRUNnWUVBMWFQWVpMcC9nYkNLU1V3RlVBTkUKTmRYSHRSMkZQVFJwYUxlTkZHZEk3YjN4eWYwTEdva2ltK1Nibk4vYzd6MFhSR2xRdU9BVUt0WGJwa3E2ZEhocgpTWDZwajlHaGllM0xJTmt3U3hWTXJYV2hXa2R0TGpmRXg5V2E3NWYrRkRPL2puUFVlSXI1YWhOcnYzRTg1eHd0CmFwVFBvbEp2V1h4RzdKd1VoSXJ1MmJNQ2dZQWZ0VDNKZ204SHJUUTlmdE1hTHBQRzFpRG83bTdQRktNRk81OUEKeDhNcVQwWEZQMVdTVXlaN0l2NUgyZmIyeHhzTjBDTUd6QWo0c0tCdTRpVXVLSHFPZ1Y5U3k2dVNGMDd0d050egpicGlPSXUwYjZqYVk4UWFlUnJYZTMxQ2w5ZkorWXdPYmhkU1JJK1NTSVBDUnRjeFN0VVIzY0lGR2F5TUdoQXhTCkZEcFJBUUtCZ1FDc3lrZ0h0ZG9pNFk5S1VlcVk2TUtIbXF3c2JzVWpkbndCbkcvWFVPSWhiTTRjbnJtRGxnV0QKRkN3MTFQaytqWTZlSXdVaXBMcGpxWFAybnZOaXExYkpIdHVsekNqK2VIMGZvc2t3ZDRzdWpLQ0tsa3Q0NWhOVQpxOWtFWW9pWDRaejdiTVVkYlAxQ01PVkhkd2gzamU5SUFoejBiYlhEbGhnWmNyMEhwcUNYSlE9PQotLS0tLUVORCBSU0EgUFJJVkFURSBLRVktLS0tLQo=",
                            "master_auth.0.cluster_ca_certificate": "LS0tLS1CRUdJTiBDRVJUSUZJQ0FURS0tLS0tCk1JSURERENDQWZTZ0F3SUJBZ0lSQU11QnhlZjZtbE1wYjNQT0Z5c3V4WDR3RFFZSktvWklodmNOQVFFTEJRQXcKTHpFdE1Dc0dBMVVFQXhNa04yUTBOR0U0TldFdE56bGxZaTAwTURNMkxUazFZall0TmpjMU5URm1ORE0yTkRrNQpNQjRYRFRFNU1ETXlNREEyTWpnME1sb1hEVEkwTURNeE9EQTNNamcwTWxvd0x6RXRNQ3NHQTFVRUF4TWtOMlEwCk5HRTROV0V0TnpsbFlpMDBNRE0yTFRrMVlqWXROamMxTlRGbU5ETTJORGs1TUlJQklqQU5CZ2txaGtpRzl3MEIKQVFFRkFBT0NBUThBTUlJQkNnS0NBUUVBcTFkTEYxTk1pZHNXRXNjYWNzUjhOZ0l1SmJxTnhOTHBPck1ySEtqUApIY25oZXVPYVdabjh0YXhyeTdKNGlPMU4xcnZsMEhZRUJSbUtpRzN4WUVoUktVRWR6dGdZUXVQTzRhT0k5MEJ3Ckk5VnlaNHJxRXMzWVltU3JMTEVCWkk1Yk9KY2p5UDFVREZOcnp0dlZTZk5aenZJTzIvTkNUOUpMOXgya0QrYnYKRmVGYm8xUS9LeUhVcldiM3htQ1RvSUJQRTd6OTFQeTBTQTdOUXhoZks3MmpaRjhJRjkvWis4NUZtNk5NRFk3MgpoY0wyWE5lS3pQSWN3ZXJVY0diV3FEcG1BcXJNT1JiWXlhL21IMXJZdTlSUk1YYjYrY0wxekRwOC9BRVZKVGh2CnQ3NEtsa3IvdVg1eXgrbTVsTXhGOGtEb0x1VFRuY1lwODBJMjZsSW9OcXNwQXdJREFRQUJveU13SVRBT0JnTlYKSFE4QkFmOEVCQU1DQWdRd0R3WURWUjBUQVFIL0JBVXdBd0VCL3pBTkJna3Foa2lHOXcwQkFRc0ZBQU9DQVFFQQpaZ1hoNGl6ZndMVzNySzFvZDBqd25iRmNTQUlGNE50NFNkOWY3cEFZblNnWTE1TGR6b2lYekJwUm1xNDhIUitzCm9odmxqcVljcnQwNkt1SkNYSGdJSHJGU3JMcTByYUltWDl1WW05SmdTZDBaYzZ1TjJuTVJiaHlQTFgrdE5PYnMKUm9uVUk3M2kxTlhMS2VBd3hWZHRpYWEvbWtOd3VqajlSZURIeWxRcHVzL1BEcFNQVUFBeXlyN01ZQ0RJNGg5UwpRVmcvYlhxZDVpTFlXSTg1M0Q4RnZOUjIwRUNkb0pTdGZyTW1uT3JvZGxKZEdTOVpEejNsMEtvOEpoYnV5L3NtCmtqL1NJVHZiSFpYRGFXL0VLWk1lSGNTaUF2QkNsVm5tYTNMRzJ4SnFMYitCMmd6WHhuZFlubU1XMWg5aTlDMTYKVFRnd3VZOFRNSWNiQ1plQTZ5UVRhQT09Ci0tLS0tRU5EIENFUlRJRklDQVRFLS0tLS0K",
                            "master_auth.0.password": "",
                            "master_auth.0.username": "",
                            "master_authorized_networks_config.#": "1",
                            "master_authorized_networks_config.0.cidr_blocks.#": "1",
                            "master_authorized_networks_config.0.cidr_blocks.90561943.cidr_block": "0.0.0.0/0",
                            "master_authorized_networks_config.0.cidr_blocks.90561943.display_name": "all",
                            "master_version": "1.11.7-gke.4",
                            "monitoring_service": "monitoring.googleapis.com",
                            "name": "rpa-stg-cluster",
                            "network": "projects/ca-rpa-stg/global/networks/terraform-network-stg",
                            "network_policy.#": "1",
                            "network_policy.0.enabled": "false",
                            "network_policy.0.provider": "PROVIDER_UNSPECIFIED",
                            "node_config.#": "0",
                            "node_pool.#": "0",
                            "node_version": "1.11.7-gke.4",
                            "private_cluster_config.#": "1",
                            "private_cluster_config.0.enable_private_endpoint": "false",
                            "private_cluster_config.0.enable_private_nodes": "true",
                            "private_cluster_config.0.master_ipv4_cidr_block": "172.16.0.0/28",
                            "private_cluster_config.0.private_endpoint": "172.16.0.2",
                            "private_cluster_config.0.public_endpoint": "34.85.0.227",
                            "project": "ca-rpa-stg",
                            "region": "asia-northeast1",
                            "remove_default_node_pool": "true",
                            "resource_labels.%": "0",
                            "subnetwork": "projects/ca-rpa-stg/regions/asia-northeast1/subnetworks/terrform-subnet1-stg",
                            "zone": "asia-northeast1"
                        },
                        "meta": {
                            "e2bfb730-ecaa-11e6-8f88-34363bc7c4c0": {
                                "create": 1800000000000,
                                "delete": 1800000000000,
                                "update": 1800000000000
                            },
                            "schema_version": "1"
                        },
                        "tainted": false
                    },
                    "deposed": [],
                    "provider": "provider.google"
                },
                "google_container_node_pool.primary_preemptible_nodes": {
                    "type": "google_container_node_pool",
                    "depends_on": [
                        "google_container_cluster.primary",
                        "local.region"
                    ],
                    "primary": {
                        "id": "asia-northeast1/rpa-stg-cluster/rpa-stg-node-pool",
                        "attributes": {
                            "cluster": "rpa-stg-cluster",
                            "id": "asia-northeast1/rpa-stg-cluster/rpa-stg-node-pool",
                            "initial_node_count": "1",
                            "instance_group_urls.#": "3",
                            "instance_group_urls.0": "https://www.googleapis.com/compute/v1/projects/ca-rpa-stg/zones/asia-northeast1-a/instanceGroupManagers/gke-rpa-stg-cluster-rpa-stg-node-pool-2f679f4f-grp",
                            "instance_group_urls.1": "https://www.googleapis.com/compute/v1/projects/ca-rpa-stg/zones/asia-northeast1-b/instanceGroupManagers/gke-rpa-stg-cluster-rpa-stg-node-pool-125822e3-grp",
                            "instance_group_urls.2": "https://www.googleapis.com/compute/v1/projects/ca-rpa-stg/zones/asia-northeast1-c/instanceGroupManagers/gke-rpa-stg-cluster-rpa-stg-node-pool-d408afc8-grp",
                            "management.#": "1",
                            "management.0.auto_repair": "false",
                            "management.0.auto_upgrade": "false",
                            "name": "rpa-stg-node-pool",
                            "name_prefix": "",
                            "node_config.#": "1",
                            "node_config.0.disk_size_gb": "100",
                            "node_config.0.disk_type": "pd-standard",
                            "node_config.0.guest_accelerator.#": "0",
                            "node_config.0.image_type": "COS",
                            "node_config.0.labels.%": "0",
                            "node_config.0.local_ssd_count": "0",
                            "node_config.0.machine_type": "n1-standard-1",
                            "node_config.0.metadata.%": "0",
                            "node_config.0.min_cpu_platform": "",
                            "node_config.0.oauth_scopes.#": "4",
                            "node_config.0.oauth_scopes.1277378754": "https://www.googleapis.com/auth/monitoring",
                            "node_config.0.oauth_scopes.1632638332": "https://www.googleapis.com/auth/devstorage.read_only",
                            "node_config.0.oauth_scopes.172152165": "https://www.googleapis.com/auth/logging.write",
                            "node_config.0.oauth_scopes.299962681": "https://www.googleapis.com/auth/compute",
                            "node_config.0.preemptible": "true",
                            "node_config.0.service_account": "default",
                            "node_config.0.tags.#": "0",
                            "node_config.0.taint.#": "0",
                            "node_config.0.workload_metadata_config.#": "0",
                            "node_count": "1",
                            "project": "ca-rpa-stg",
                            "region": "asia-northeast1",
                            "version": "1.11.7-gke.4"
                        },
                        "meta": {
                            "e2bfb730-ecaa-11e6-8f88-34363bc7c4c0": {
                                "create": 1800000000000,
                                "delete": 600000000000,
                                "update": 600000000000
                            },
                            "schema_version": "1"
                        },
                        "tainted": false
                    },
                    "deposed": [],
                    "provider": "provider.google"
                },
                "google_project_iam_binding.for-creating-container": {
                    "type": "google_project_iam_binding",
                    "depends_on": [
                        "data.google_project.project"
                    ],
                    "primary": {
                        "id": "ca-rpa-stg/roles/container.developer",
                        "attributes": {
                            "etag": "BwWEgY5SCjk=",
                            "id": "ca-rpa-stg/roles/container.developer",
                            "members.#": "1",
                            "members.1844256801": "serviceAccount:272180953638@cloudbuild.gserviceaccount.com",
                            "project": "ca-rpa-stg",
                            "role": "roles/container.developer"
                        },
                        "meta": {},
                        "tainted": false
                    },
                    "deposed": [],
                    "provider": "provider.google"
                },
                "google_project_iam_binding.for-writting-source-codes": {
                    "type": "google_project_iam_binding",
                    "depends_on": [
                        "data.google_project.project"
                    ],
                    "primary": {
                        "id": "ca-rpa-stg/roles/source.writer",
                        "attributes": {
                            "etag": "BwWEgY6liGA=",
                            "id": "ca-rpa-stg/roles/source.writer",
                            "members.#": "1",
                            "members.1844256801": "serviceAccount:272180953638@cloudbuild.gserviceaccount.com",
                            "project": "ca-rpa-stg",
                            "role": "roles/source.writer"
                        },
                        "meta": {},
                        "tainted": false
                    },
                    "deposed": [],
                    "provider": "provider.google"
                },
                "google_sourcerepo_repository.apprepo-stg.0": {
                    "type": "google_sourcerepo_repository",
                    "depends_on": [],
                    "primary": {
                        "id": "ca-rpa-stg/terraform-app0-repo-stg",
                        "attributes": {
                            "id": "ca-rpa-stg/terraform-app0-repo-stg",
                            "name": "terraform-app0-repo-stg",
                            "project": "ca-rpa-stg",
                            "size": "0",
                            "url": "https://source.developers.google.com/p/ca-rpa-stg/r/terraform-app0-repo-stg"
                        },
                        "meta": {
                            "e2bfb730-ecaa-11e6-8f88-34363bc7c4c0": {
                                "create": 240000000000,
                                "delete": 240000000000
                            }
                        },
                        "tainted": false
                    },
                    "deposed": [],
                    "provider": "provider.google"
                },
                "google_sourcerepo_repository.apprepo-stg.1": {
                    "type": "google_sourcerepo_repository",
                    "depends_on": [],
                    "primary": {
                        "id": "ca-rpa-stg/terraform-app1-repo-stg",
                        "attributes": {
                            "id": "ca-rpa-stg/terraform-app1-repo-stg",
                            "name": "terraform-app1-repo-stg",
                            "project": "ca-rpa-stg",
                            "size": "0",
                            "url": "https://source.developers.google.com/p/ca-rpa-stg/r/terraform-app1-repo-stg"
                        },
                        "meta": {
                            "e2bfb730-ecaa-11e6-8f88-34363bc7c4c0": {
                                "create": 240000000000,
                                "delete": 240000000000
                            }
                        },
                        "tainted": false
                    },
                    "deposed": [],
                    "provider": "provider.google"
                },
                "google_sourcerepo_repository.apprepo-stg.2": {
                    "type": "google_sourcerepo_repository",
                    "depends_on": [],
                    "primary": {
                        "id": "ca-rpa-stg/terraform-app2-repo-stg",
                        "attributes": {
                            "id": "ca-rpa-stg/terraform-app2-repo-stg",
                            "name": "terraform-app2-repo-stg",
                            "project": "ca-rpa-stg",
                            "size": "0",
                            "url": "https://source.developers.google.com/p/ca-rpa-stg/r/terraform-app2-repo-stg"
                        },
                        "meta": {
                            "e2bfb730-ecaa-11e6-8f88-34363bc7c4c0": {
                                "create": 240000000000,
                                "delete": 240000000000
                            }
                        },
                        "tainted": false
                    },
                    "deposed": [],
                    "provider": "provider.google"
                },
                "google_sourcerepo_repository.envrepo-stg": {
                    "type": "google_sourcerepo_repository",
                    "depends_on": [],
                    "primary": {
                        "id": "ca-rpa-stg/env",
                        "attributes": {
                            "id": "ca-rpa-stg/env",
                            "name": "env",
                            "project": "ca-rpa-stg",
                            "size": "0",
                            "url": "https://source.developers.google.com/p/ca-rpa-stg/r/env"
                        },
                        "meta": {
                            "e2bfb730-ecaa-11e6-8f88-34363bc7c4c0": {
                                "create": 240000000000,
                                "delete": 240000000000
                            }
                        },
                        "tainted": false
                    },
                    "deposed": [],
                    "provider": "provider.google"
                }
            },
            "depends_on": []
        }
    ]
}
