{
    "version": 3,
    "terraform_version": "0.11.13",
    "serial": 9,
    "lineage": "010b4d2b-cb2f-b422-eed4-1036d0709a0e",
    "modules": [
        {
            "path": [
                "root"
            ],
            "outputs": {
                "client_certificate": {
                    "sensitive": false,
                    "type": "string",
                    "value": "LS0tLS1CRUdJTiBDRVJUSUZJQ0FURS0tLS0tCk1JSUMyakNDQWNLZ0F3SUJBZ0lRWGJPdGNWNHp6bThiSFlaY2x3SEFYVEFOQmdrcWhraUc5dzBCQVFzRkFEQXYKTVMwd0t3WURWUVFERXlRek1EQTNNRGsxTXkwNFpXVmhMVFF6TkdZdFlqTmpOeTB3TTJGaE1EQXhaakF3WkdRdwpIaGNOTVRrd016RTVNRGt6T1RVd1doY05NalF3TXpFM01Ea3pPVFV3V2pBUk1ROHdEUVlEVlFRREV3WmpiR2xsCmJuUXdnZ0VpTUEwR0NTcUdTSWIzRFFFQkFRVUFBNElCRHdBd2dnRUtBb0lCQVFEQlNKYURrbk0rTHZaNHVORDYKN09UQzJxTXVsa3RJdlljUXVHMElpR3d2S1BJSFBRbVhEMG5nZ0dSdk0xRVBLejVYTWVjeEFjZktkamdEcXRPRQphV1VYSGR1QlBmcmJvcHAxMnpxTVJlbDdPRnEwY2xiMzJIYVFVT2xOcHd1TWdQWEgzemFTY24zamdDbDE1NTlXCkFMY1ByOWY5dVZPdjJJNmJpVUYwT3M0SXc5aGlPL0RoWGdNTnpSRStpcEZnTjlEM2VsNy9JRTJXanpibEphRnEKNTVhbSswdlpSdENsMkRrazRsUE43ZHRXYmF2VENYelMrZWtzRHRTL3A0TktPdVBzUTBuTktyL0dkSURsU0FMMQpaYVY0dEtWd0JBeUJpNDdQNitqTkZzZFp4WGRmeVpCL3FBaHNha2NUVjgvZEFFT0QyK0Y2NHlJd2MrRmVvVHhsCndaTkRBZ01CQUFHakVEQU9NQXdHQTFVZEV3RUIvd1FDTUFBd0RRWUpLb1pJaHZjTkFRRUxCUUFEZ2dFQkFNNEIKN0h3bHNxU0RZakJvZHlJSlB0SFNZdWJxelE1Q3RuOU16bHVhL0toSGFObTI5UXg5V3pxdCtDTzZTN1E2czByUwpHNG85UGdNRnI2aGNCMndIdjRXZndXUlQyWjNSbVN1US9RRWtWSUlPcW15dVQ0QktLeDJLOWlna0VlU0tlc1RtCkpwaFFXbVVmSzZKbG0vMkJzK1pkdVdIQ1hweldmU2c2dktma09IVy8xRTBtZ3owUGQrUlhDcTdMZ3NWN0ZSSzMKL2dDV1U0cU1KMHlSWjNGVU9ITmhQOXRzSE5YcTlOQzZlZGJrd0VFc002RVZoRVVHTkRTeHZkK1BjdlZCWE5PNwpNRmdNMWNzekhXZEVOaExPd09IMnVqL1BHUTRoclU2WVB1b2VDa0ZkZEszZGRjdnN5ZFBFV3JuV0lsVnJkdW9HClRzWTJnSlZsK2k4MGZFTEd2RDQ9Ci0tLS0tRU5EIENFUlRJRklDQVRFLS0tLS0K"
                },
                "client_key": {
                    "sensitive": false,
                    "type": "string",
                    "value": "LS0tLS1CRUdJTiBSU0EgUFJJVkFURSBLRVktLS0tLQpNSUlFcEFJQkFBS0NBUUVBd1VpV2c1SnpQaTcyZUxqUSt1emt3dHFqTHBaTFNMMkhFTGh0Q0loc0x5anlCejBKCmx3OUo0SUJrYnpOUkR5cytWekhuTVFISHluWTRBNnJUaEdsbEZ4M2JnVDM2MjZLYWRkczZqRVhwZXpoYXRISlcKOTloMmtGRHBUYWNMaklEMXg5ODJrbko5NDRBcGRlZWZWZ0MzRDYvWC9ibFRyOWlPbTRsQmREck9DTVBZWWp2dwo0VjRERGMwUlBvcVJZRGZROTNwZS95Qk5sbzgyNVNXaGF1ZVdwdnRMMlViUXBkZzVKT0pUemUzYlZtMnIwd2w4CjB2bnBMQTdVdjZlRFNqcmo3RU5KelNxL3huU0E1VWdDOVdXbGVMU2xjQVFNZ1l1T3ordm96UmJIV2NWM1g4bVEKZjZnSWJHcEhFMWZQM1FCRGc5dmhldU1pTUhQaFhxRThaY0dUUXdJREFRQUJBb0lCQUU1T2NjaGhjM1lzZ2FlOApQTktFV2xRRlQxcG5BcDQ0UnZuRHRremdOSEJRMXVtTzFZMVJZTjFuTndtRVVXRmpaRERnWTJtTDdwMDhrd29OClVmK1IwYVp4YnNab1RYTmhaOUc2M1hnS05RTTZmQ2tpTDlEZTduNGVnYjczbitxdkxxUm83d3VhL2h6SEJrVWgKNzRCZzdzbVl0Tm16RlZBblhQTnZ3c2hyc0tDRXZzalRyV0JyZC8wbDV6YXFvU29oRVloRXU1aE5aYnFtMm03TQp3eHZGV1h6NTI1YU43MTNJSG91WXl6aTF1QUVmeG1SWEFnSFo0WmRHZ3JNbEF4YlZtaU9HWms5UjVlZHNtbnIxCmMybW1QZ0pDNmt5d1BKNjRGRzlVa0l0dm9lMVZrSWp5VGhOaEtDN2xXL3BTeFFFempsKzYvQ3hTQm8zWFJBVTgKUmorSElOVUNnWUVBOWNPeXJ2dGpsRTU5SVFqY2ZFM0hCd0JESnZpM1FYTjFaem11V3dLWFNhM1BiY2JYZXR2VgptRnI0a296L3YwOGR3dlBhOTJHQ2lXWDJUclorZnF0K21zUS9uZlk0R1lRbDNDM1ExWjg5K2hCMzU3aVZ6bmZvCmFtZmFRU0UzT1pBVUlLdHo3dHFWU3A4TTJsRC9TUE5DYjBadkcxRWxsbzRvaUhVS092clJTYVVDZ1lFQXlWVlkKeXJBc3NNYm11YXFQOHZGbGZNUkRDNjdML1ZkdlVuVUlPNitHK0puY1EvWDhyWEJzMDl6OFhxMXUwWWl3ekYvMAoyTERGQWxoRmoxYWw1aTJWalAwa2RaQ1NUdHE4bEF6c3hJemNNWHFkYm9KcnFRUlNvMHFXODZ2dDdSRWVPbEhBCkVmR3NmY0NWcEVKdXYzRTRibklRbGlLVm15MTFhNEdnUkRqRHhNY0NnWUVBNkIxSndMeExZNEh4Nm1aZEg4V3gKcVNvVlFsUjdlQVNkS0w0d3IySTJFdTltenM2VEswVS9hZUxaakVoQkw2V0FmV1VsTktuU3lRUVU2bWl2OWVEdwo5U2xPMEZrQXlSQ25WVm1zT0dacSthZmVKMnVOaVhCMGdUTE96dDZaTXZPaUh1enYxUEo3Ti93Wi9vT3JhSEhnCkdBcVUyMTc3dWtOUGd2blBqTDdoTmNVQ2dZRUFsbjg2d1VCU0Y4NkdsOUVjaTNEUStTUElMa3A2WjZUZExSa1kKajIwVkNtNFF6YWhxT2NlcFFmR1ZvTHdwODIwbkk0NnkrdXVnU0xGdFJjbHlkNDRwbFZ1QXpuVEVPVGVlOFZoOApBQ3gvU0drc2wzZmNQRnBqMzNZWlFvcUpic1YyQUFndDkvdmNnWi9jL0ExQXRkQlBhNWZPT0R3Zjh3QlhIb2FtCkkzai9OZThDZ1lBTzA3TWhIano3UFhyZmp3Q3RLeklwMk9lUFJmdGRNVElaMFYyOHJzMWEzclFieGdYb2p5bjUKWFRlWjZxYmYway9hdlY2S0hucFdmTnNCVmxYRE15ZlFTeUw2emo0OXZzdVBkL2RsQ2FNMUtwbkJMMURpRDR1bQpvd1A3d2xEVmptQzNuNFRJSm1pdG9GUkdPendHeGljb0FsT204S0hPVjA0YVIxenZqUVo4UVE9PQotLS0tLUVORCBSU0EgUFJJVkFURSBLRVktLS0tLQo="
                },
                "cluster_ca_certificate": {
                    "sensitive": false,
                    "type": "string",
                    "value": "LS0tLS1CRUdJTiBDRVJUSUZJQ0FURS0tLS0tCk1JSURERENDQWZTZ0F3SUJBZ0lSQU1mRTlnR1JTbnZDSUZidzQ5VHBFYTB3RFFZSktvWklodmNOQVFFTEJRQXcKTHpFdE1Dc0dBMVVFQXhNa016QXdOekE1TlRNdE9HVmxZUzAwTXpSbUxXSXpZemN0TUROaFlUQXdNV1l3TUdSawpNQjRYRFRFNU1ETXhPVEE0TXprMU1Gb1hEVEkwTURNeE56QTVNemsxTUZvd0x6RXRNQ3NHQTFVRUF4TWtNekF3Ck56QTVOVE10T0dWbFlTMDBNelJtTFdJell6Y3RNRE5oWVRBd01XWXdNR1JrTUlJQklqQU5CZ2txaGtpRzl3MEIKQVFFRkFBT0NBUThBTUlJQkNnS0NBUUVBMzR3dWQ5VG1PSGRKZ0JISFl2bUgxTnhuMW9ma1F0SUtQdjFrRlhMMAoyVStYc01xWmtzc2RoVHQ0dUE2OTRaTEU5dzBTK3loeEF3UjBFckZnZG03WVZRakM0TEpGaGdWVkNway83WTBpCnBRZWZ0bkhqMHNwUGVqLzQ3K3RKSWMwbVlLaFVCZW1hT0xiOEtNNDg1VkhESXRXWWJBL3JpN21OVmUzUVVYMGIKaC9ESFRESkJJU2NEeUQvSFl5WnZkWkxxR29jVkN1ZUpPbWk3QVZXOEt4U1Ixd0p0QWR1SHFlSHlrblViWHFQOQpSbmh2TElCcVJKYkNWTWFET0xlYklnNWQvRTRUeG5QL1piWHRCVWJ3cUtJMjNQZ2kwd2JSU0hXRVpHV0cxOFZGCmN2anBKSjljdlZqcEVCNnpPT0xLZm5jd2JqR2YyU1p3ZEpiY3ppSWZHMHdiZHdJREFRQUJveU13SVRBT0JnTlYKSFE4QkFmOEVCQU1DQWdRd0R3WURWUjBUQVFIL0JBVXdBd0VCL3pBTkJna3Foa2lHOXcwQkFRc0ZBQU9DQVFFQQpyeWdxc3Z5SGpqMm9ENldWdlB1UXRsT0ppcEJKQ2hPeXpKNFo0eGlPMzNPV3ZvazlVY2lPTjNickNXWEZrSnpTCmFFZUtoRGRGYVUyTk5IeVBOZVl4SXllNzBadWpldEhoQ3NyRWo2UkNXTnpiVkNiUWthdFpPWnNmQk1lL1QwaFcKUmxTN1Rnb0x4SVA0cDJ2Q2ZvcEZLaXY3V0JtWldIUkVkdW15cjgwTnR1Zk9jU0Q4ekRld0FTSnQ4cy8wMncxOQpYVXp0eVZ6S0RHRWkrN2R0enFpSnVEN2tSaFduYTdOVXJyY0l4ajFFcWxQNVZtd3FJR3o5eWIzV3ZaNUVUamJzCm52RStiTkVONGlZamhHQWhGb0RjOEFLZDYzUEp3NS9aaG5jY1Rrazg3cWVWRTVMdnBxT1B6VVRGbDFCcWMzQmUKWUNtazhiL1Y3T0JwblBNQ25wbUpVdz09Ci0tLS0tRU5EIENFUlRJRklDQVRFLS0tLS0K"
                }
            },
            "resources": {
                "data.google_project.project": {
                    "type": "google_project",
                    "depends_on": [],
                    "primary": {
                        "id": "ca-rpa-dev",
                        "attributes": {
                            "app_engine.#": "0",
                            "folder_id": "",
                            "id": "ca-rpa-dev",
                            "labels.%": "0",
                            "name": "ca-rpa-dev",
                            "number": "619262707437",
                            "org_id": "1051569445158",
                            "project_id": "ca-rpa-dev"
                        },
                        "meta": {},
                        "tainted": false
                    },
                    "deposed": [],
                    "provider": "provider.google"
                },
                "google_cloudbuild_trigger.cd-trigger": {
                    "type": "google_cloudbuild_trigger",
                    "depends_on": [
                        "google_container_cluster.primary",
                        "local.env-repo-name"
                    ],
                    "primary": {
                        "id": "ca-rpa-dev/f0e8bf63-5903-4a15-8fa4-9228d1ad53f8",
                        "attributes": {
                            "build.#": "0",
                            "create_time": "2019-03-19T09:45:54.580472936Z",
                            "description": "",
                            "disabled": "",
                            "filename": "cloudbuild.yaml",
                            "id": "ca-rpa-dev/f0e8bf63-5903-4a15-8fa4-9228d1ad53f8",
                            "ignored_files.#": "0",
                            "included_files.#": "1",
                            "included_files.0": "manifests/*",
                            "project": "ca-rpa-dev",
                            "substitutions.%": "2",
                            "substitutions._CLUSTER": "rpa-dev-cluster",
                            "substitutions._REGION": "asia-northeast1",
                            "trigger_id": "f0e8bf63-5903-4a15-8fa4-9228d1ad53f8",
                            "trigger_template.#": "1",
                            "trigger_template.0.branch_name": "dev",
                            "trigger_template.0.commit_sha": "",
                            "trigger_template.0.dir": "",
                            "trigger_template.0.project_id": "ca-rpa-dev",
                            "trigger_template.0.repo_name": "terraform-env-repo-dev",
                            "trigger_template.0.tag_name": ""
                        },
                        "meta": {
                            "e2bfb730-ecaa-11e6-8f88-34363bc7c4c0": {
                                "create": 240000000000,
                                "delete": 240000000000,
                                "update": 240000000000
                            },
                            "schema_version": "1"
                        },
                        "tainted": false
                    },
                    "deposed": [],
                    "provider": "provider.google"
                },
                "google_cloudbuild_trigger.ci-trigger": {
                    "type": "google_cloudbuild_trigger",
                    "depends_on": [
                        "local.env-repo-name"
                    ],
                    "primary": {
                        "id": "ca-rpa-dev/0a6d8473-eb51-4030-a45b-0cf5bc82b201",
                        "attributes": {
                            "build.#": "0",
                            "create_time": "2019-03-19T09:38:55.037779879Z",
                            "description": "",
                            "disabled": "",
                            "filename": "cloudbuild.yaml",
                            "id": "ca-rpa-dev/0a6d8473-eb51-4030-a45b-0cf5bc82b201",
                            "ignored_files.#": "0",
                            "included_files.#": "0",
                            "project": "ca-rpa-dev",
                            "substitutions.%": "1",
                            "substitutions._MANIFESTS_REPO_NAME": "terraform-env-repo-dev",
                            "trigger_id": "0a6d8473-eb51-4030-a45b-0cf5bc82b201",
                            "trigger_template.#": "1",
                            "trigger_template.0.branch_name": "master",
                            "trigger_template.0.commit_sha": "",
                            "trigger_template.0.dir": "",
                            "trigger_template.0.project_id": "ca-rpa-dev",
                            "trigger_template.0.repo_name": "terraform-app0-repo-dev",
                            "trigger_template.0.tag_name": ""
                        },
                        "meta": {
                            "e2bfb730-ecaa-11e6-8f88-34363bc7c4c0": {
                                "create": 240000000000,
                                "delete": 240000000000,
                                "update": 240000000000
                            },
                            "schema_version": "1"
                        },
                        "tainted": false
                    },
                    "deposed": [],
                    "provider": "provider.google"
                },
                "google_compute_network.terraform-network-dev": {
                    "type": "google_compute_network",
                    "depends_on": [],
                    "primary": {
                        "id": "terraform-network-dev",
                        "attributes": {
                            "auto_create_subnetworks": "true",
                            "description": "",
                            "gateway_ipv4": "",
                            "id": "terraform-network-dev",
                            "ipv4_range": "",
                            "name": "terraform-network-dev",
                            "project": "ca-rpa-dev",
                            "routing_mode": "REGIONAL",
                            "self_link": "https://www.googleapis.com/compute/v1/projects/ca-rpa-dev/global/networks/terraform-network-dev"
                        },
                        "meta": {
                            "e2bfb730-ecaa-11e6-8f88-34363bc7c4c0": {
                                "create": 240000000000,
                                "delete": 240000000000,
                                "update": 240000000000
                            }
                        },
                        "tainted": false
                    },
                    "deposed": [],
                    "provider": "provider.google"
                },
                "google_compute_router.terraform-router-dev": {
                    "type": "google_compute_router",
                    "depends_on": [
                        "google_compute_network.terraform-network-dev",
                        "google_compute_subnetwork.terrform-subnet1-dev"
                    ],
                    "primary": {
                        "id": "asia-northeast1/terraform-router-dev",
                        "attributes": {
                            "bgp.#": "0",
                            "creation_timestamp": "2019-03-19T02:39:50.579-07:00",
                            "description": "",
                            "id": "asia-northeast1/terraform-router-dev",
                            "name": "terraform-router-dev",
                            "network": "https://www.googleapis.com/compute/v1/projects/ca-rpa-dev/global/networks/terraform-network-dev",
                            "project": "ca-rpa-dev",
                            "region": "asia-northeast1",
                            "self_link": "https://www.googleapis.com/compute/v1/projects/ca-rpa-dev/regions/asia-northeast1/routers/terraform-router-dev"
                        },
                        "meta": {
                            "e2bfb730-ecaa-11e6-8f88-34363bc7c4c0": {
                                "create": 240000000000,
                                "delete": 240000000000,
                                "update": 240000000000
                            }
                        },
                        "tainted": false
                    },
                    "deposed": [],
                    "provider": "provider.google"
                },
                "google_compute_router_nat.terraform-nat": {
                    "type": "google_compute_router_nat",
                    "depends_on": [
                        "google_compute_router.terraform-router-dev",
                        "local.region"
                    ],
                    "primary": {
                        "id": "asia-northeast1/terraform-router-dev/terraform-nat",
                        "attributes": {
                            "icmp_idle_timeout_sec": "0",
                            "id": "asia-northeast1/terraform-router-dev/terraform-nat",
                            "min_ports_per_vm": "0",
                            "name": "terraform-nat",
                            "nat_ip_allocate_option": "AUTO_ONLY",
                            "nat_ips.#": "0",
                            "project": "ca-rpa-dev",
                            "region": "asia-northeast1",
                            "router": "terraform-router-dev",
                            "source_subnetwork_ip_ranges_to_nat": "ALL_SUBNETWORKS_ALL_IP_RANGES",
                            "subnetwork.#": "0",
                            "tcp_established_idle_timeout_sec": "0",
                            "tcp_transitory_idle_timeout_sec": "0",
                            "udp_idle_timeout_sec": "0"
                        },
                        "meta": {
                            "e2bfb730-ecaa-11e6-8f88-34363bc7c4c0": {
                                "create": 600000000000,
                                "delete": 600000000000
                            }
                        },
                        "tainted": false
                    },
                    "deposed": [],
                    "provider": "provider.google"
                },
                "google_compute_subnetwork.terrform-subnet1-dev": {
                    "type": "google_compute_subnetwork",
                    "depends_on": [
                        "google_compute_network.terraform-network-dev",
                        "local.region"
                    ],
                    "primary": {
                        "id": "asia-northeast1/terrform-subnet1-dev",
                        "attributes": {
                            "creation_timestamp": "2019-03-19T02:39:32.823-07:00",
                            "description": "",
                            "enable_flow_logs": "false",
                            "fingerprint": "tMws-DJ4aiQ=",
                            "gateway_address": "192.168.10.1",
                            "id": "asia-northeast1/terrform-subnet1-dev",
                            "ip_cidr_range": "192.168.10.0/24",
                            "name": "terrform-subnet1-dev",
                            "network": "https://www.googleapis.com/compute/v1/projects/ca-rpa-dev/global/networks/terraform-network-dev",
                            "private_ip_google_access": "false",
                            "project": "ca-rpa-dev",
                            "region": "asia-northeast1",
                            "secondary_ip_range.#": "0",
                            "self_link": "https://www.googleapis.com/compute/v1/projects/ca-rpa-dev/regions/asia-northeast1/subnetworks/terrform-subnet1-dev"
                        },
                        "meta": {
                            "e2bfb730-ecaa-11e6-8f88-34363bc7c4c0": {
                                "create": 360000000000,
                                "delete": 360000000000,
                                "update": 360000000000
                            }
                        },
                        "tainted": false
                    },
                    "deposed": [],
                    "provider": "provider.google"
                },
                "google_container_cluster.primary": {
                    "type": "google_container_cluster",
                    "depends_on": [
                        "google_compute_network.terraform-network-dev",
                        "google_compute_subnetwork.terrform-subnet1-dev",
                        "local.cluster-name",
                        "local.region"
                    ],
                    "primary": {
                        "id": "rpa-dev-cluster",
                        "attributes": {
                            "additional_zones.#": "3",
                            "additional_zones.2275771321": "asia-northeast1-b",
                            "additional_zones.2663297784": "asia-northeast1-c",
                            "additional_zones.2894647418": "asia-northeast1-a",
                            "addons_config.#": "1",
                            "addons_config.0.horizontal_pod_autoscaling.#": "0",
                            "addons_config.0.http_load_balancing.#": "0",
                            "addons_config.0.kubernetes_dashboard.#": "1",
                            "addons_config.0.kubernetes_dashboard.0.disabled": "true",
                            "addons_config.0.network_policy_config.#": "1",
                            "addons_config.0.network_policy_config.0.disabled": "true",
                            "cluster_autoscaling.#": "0",
                            "cluster_ipv4_cidr": "10.4.0.0/14",
                            "description": "",
                            "enable_kubernetes_alpha": "false",
                            "enable_legacy_abac": "false",
                            "endpoint": "34.85.56.124",
                            "id": "rpa-dev-cluster",
                            "initial_node_count": "1",
                            "instance_group_urls.#": "0",
                            "ip_allocation_policy.#": "1",
                            "ip_allocation_policy.0.cluster_ipv4_cidr_block": "10.4.0.0/14",
                            "ip_allocation_policy.0.cluster_secondary_range_name": "gke-rpa-dev-cluster-pods-0187e99b",
                            "ip_allocation_policy.0.create_subnetwork": "false",
                            "ip_allocation_policy.0.node_ipv4_cidr_block": "",
                            "ip_allocation_policy.0.services_ipv4_cidr_block": "10.70.0.0/20",
                            "ip_allocation_policy.0.services_secondary_range_name": "gke-rpa-dev-cluster-services-0187e99b",
                            "ip_allocation_policy.0.subnetwork_name": "",
                            "ip_allocation_policy.0.use_ip_aliases": "true",
                            "logging_service": "logging.googleapis.com",
                            "maintenance_policy.#": "0",
                            "master_auth.#": "1",
                            "master_auth.0.client_certificate": "LS0tLS1CRUdJTiBDRVJUSUZJQ0FURS0tLS0tCk1JSUMyakNDQWNLZ0F3SUJBZ0lRWGJPdGNWNHp6bThiSFlaY2x3SEFYVEFOQmdrcWhraUc5dzBCQVFzRkFEQXYKTVMwd0t3WURWUVFERXlRek1EQTNNRGsxTXkwNFpXVmhMVFF6TkdZdFlqTmpOeTB3TTJGaE1EQXhaakF3WkdRdwpIaGNOTVRrd016RTVNRGt6T1RVd1doY05NalF3TXpFM01Ea3pPVFV3V2pBUk1ROHdEUVlEVlFRREV3WmpiR2xsCmJuUXdnZ0VpTUEwR0NTcUdTSWIzRFFFQkFRVUFBNElCRHdBd2dnRUtBb0lCQVFEQlNKYURrbk0rTHZaNHVORDYKN09UQzJxTXVsa3RJdlljUXVHMElpR3d2S1BJSFBRbVhEMG5nZ0dSdk0xRVBLejVYTWVjeEFjZktkamdEcXRPRQphV1VYSGR1QlBmcmJvcHAxMnpxTVJlbDdPRnEwY2xiMzJIYVFVT2xOcHd1TWdQWEgzemFTY24zamdDbDE1NTlXCkFMY1ByOWY5dVZPdjJJNmJpVUYwT3M0SXc5aGlPL0RoWGdNTnpSRStpcEZnTjlEM2VsNy9JRTJXanpibEphRnEKNTVhbSswdlpSdENsMkRrazRsUE43ZHRXYmF2VENYelMrZWtzRHRTL3A0TktPdVBzUTBuTktyL0dkSURsU0FMMQpaYVY0dEtWd0JBeUJpNDdQNitqTkZzZFp4WGRmeVpCL3FBaHNha2NUVjgvZEFFT0QyK0Y2NHlJd2MrRmVvVHhsCndaTkRBZ01CQUFHakVEQU9NQXdHQTFVZEV3RUIvd1FDTUFBd0RRWUpLb1pJaHZjTkFRRUxCUUFEZ2dFQkFNNEIKN0h3bHNxU0RZakJvZHlJSlB0SFNZdWJxelE1Q3RuOU16bHVhL0toSGFObTI5UXg5V3pxdCtDTzZTN1E2czByUwpHNG85UGdNRnI2aGNCMndIdjRXZndXUlQyWjNSbVN1US9RRWtWSUlPcW15dVQ0QktLeDJLOWlna0VlU0tlc1RtCkpwaFFXbVVmSzZKbG0vMkJzK1pkdVdIQ1hweldmU2c2dktma09IVy8xRTBtZ3owUGQrUlhDcTdMZ3NWN0ZSSzMKL2dDV1U0cU1KMHlSWjNGVU9ITmhQOXRzSE5YcTlOQzZlZGJrd0VFc002RVZoRVVHTkRTeHZkK1BjdlZCWE5PNwpNRmdNMWNzekhXZEVOaExPd09IMnVqL1BHUTRoclU2WVB1b2VDa0ZkZEszZGRjdnN5ZFBFV3JuV0lsVnJkdW9HClRzWTJnSlZsK2k4MGZFTEd2RDQ9Ci0tLS0tRU5EIENFUlRJRklDQVRFLS0tLS0K",
                            "master_auth.0.client_certificate_config.#": "0",
                            "master_auth.0.client_key": "LS0tLS1CRUdJTiBSU0EgUFJJVkFURSBLRVktLS0tLQpNSUlFcEFJQkFBS0NBUUVBd1VpV2c1SnpQaTcyZUxqUSt1emt3dHFqTHBaTFNMMkhFTGh0Q0loc0x5anlCejBKCmx3OUo0SUJrYnpOUkR5cytWekhuTVFISHluWTRBNnJUaEdsbEZ4M2JnVDM2MjZLYWRkczZqRVhwZXpoYXRISlcKOTloMmtGRHBUYWNMaklEMXg5ODJrbko5NDRBcGRlZWZWZ0MzRDYvWC9ibFRyOWlPbTRsQmREck9DTVBZWWp2dwo0VjRERGMwUlBvcVJZRGZROTNwZS95Qk5sbzgyNVNXaGF1ZVdwdnRMMlViUXBkZzVKT0pUemUzYlZtMnIwd2w4CjB2bnBMQTdVdjZlRFNqcmo3RU5KelNxL3huU0E1VWdDOVdXbGVMU2xjQVFNZ1l1T3ordm96UmJIV2NWM1g4bVEKZjZnSWJHcEhFMWZQM1FCRGc5dmhldU1pTUhQaFhxRThaY0dUUXdJREFRQUJBb0lCQUU1T2NjaGhjM1lzZ2FlOApQTktFV2xRRlQxcG5BcDQ0UnZuRHRremdOSEJRMXVtTzFZMVJZTjFuTndtRVVXRmpaRERnWTJtTDdwMDhrd29OClVmK1IwYVp4YnNab1RYTmhaOUc2M1hnS05RTTZmQ2tpTDlEZTduNGVnYjczbitxdkxxUm83d3VhL2h6SEJrVWgKNzRCZzdzbVl0Tm16RlZBblhQTnZ3c2hyc0tDRXZzalRyV0JyZC8wbDV6YXFvU29oRVloRXU1aE5aYnFtMm03TQp3eHZGV1h6NTI1YU43MTNJSG91WXl6aTF1QUVmeG1SWEFnSFo0WmRHZ3JNbEF4YlZtaU9HWms5UjVlZHNtbnIxCmMybW1QZ0pDNmt5d1BKNjRGRzlVa0l0dm9lMVZrSWp5VGhOaEtDN2xXL3BTeFFFempsKzYvQ3hTQm8zWFJBVTgKUmorSElOVUNnWUVBOWNPeXJ2dGpsRTU5SVFqY2ZFM0hCd0JESnZpM1FYTjFaem11V3dLWFNhM1BiY2JYZXR2VgptRnI0a296L3YwOGR3dlBhOTJHQ2lXWDJUclorZnF0K21zUS9uZlk0R1lRbDNDM1ExWjg5K2hCMzU3aVZ6bmZvCmFtZmFRU0UzT1pBVUlLdHo3dHFWU3A4TTJsRC9TUE5DYjBadkcxRWxsbzRvaUhVS092clJTYVVDZ1lFQXlWVlkKeXJBc3NNYm11YXFQOHZGbGZNUkRDNjdML1ZkdlVuVUlPNitHK0puY1EvWDhyWEJzMDl6OFhxMXUwWWl3ekYvMAoyTERGQWxoRmoxYWw1aTJWalAwa2RaQ1NUdHE4bEF6c3hJemNNWHFkYm9KcnFRUlNvMHFXODZ2dDdSRWVPbEhBCkVmR3NmY0NWcEVKdXYzRTRibklRbGlLVm15MTFhNEdnUkRqRHhNY0NnWUVBNkIxSndMeExZNEh4Nm1aZEg4V3gKcVNvVlFsUjdlQVNkS0w0d3IySTJFdTltenM2VEswVS9hZUxaakVoQkw2V0FmV1VsTktuU3lRUVU2bWl2OWVEdwo5U2xPMEZrQXlSQ25WVm1zT0dacSthZmVKMnVOaVhCMGdUTE96dDZaTXZPaUh1enYxUEo3Ti93Wi9vT3JhSEhnCkdBcVUyMTc3dWtOUGd2blBqTDdoTmNVQ2dZRUFsbjg2d1VCU0Y4NkdsOUVjaTNEUStTUElMa3A2WjZUZExSa1kKajIwVkNtNFF6YWhxT2NlcFFmR1ZvTHdwODIwbkk0NnkrdXVnU0xGdFJjbHlkNDRwbFZ1QXpuVEVPVGVlOFZoOApBQ3gvU0drc2wzZmNQRnBqMzNZWlFvcUpic1YyQUFndDkvdmNnWi9jL0ExQXRkQlBhNWZPT0R3Zjh3QlhIb2FtCkkzai9OZThDZ1lBTzA3TWhIano3UFhyZmp3Q3RLeklwMk9lUFJmdGRNVElaMFYyOHJzMWEzclFieGdYb2p5bjUKWFRlWjZxYmYway9hdlY2S0hucFdmTnNCVmxYRE15ZlFTeUw2emo0OXZzdVBkL2RsQ2FNMUtwbkJMMURpRDR1bQpvd1A3d2xEVmptQzNuNFRJSm1pdG9GUkdPendHeGljb0FsT204S0hPVjA0YVIxenZqUVo4UVE9PQotLS0tLUVORCBSU0EgUFJJVkFURSBLRVktLS0tLQo=",
                            "master_auth.0.cluster_ca_certificate": "LS0tLS1CRUdJTiBDRVJUSUZJQ0FURS0tLS0tCk1JSURERENDQWZTZ0F3SUJBZ0lSQU1mRTlnR1JTbnZDSUZidzQ5VHBFYTB3RFFZSktvWklodmNOQVFFTEJRQXcKTHpFdE1Dc0dBMVVFQXhNa016QXdOekE1TlRNdE9HVmxZUzAwTXpSbUxXSXpZemN0TUROaFlUQXdNV1l3TUdSawpNQjRYRFRFNU1ETXhPVEE0TXprMU1Gb1hEVEkwTURNeE56QTVNemsxTUZvd0x6RXRNQ3NHQTFVRUF4TWtNekF3Ck56QTVOVE10T0dWbFlTMDBNelJtTFdJell6Y3RNRE5oWVRBd01XWXdNR1JrTUlJQklqQU5CZ2txaGtpRzl3MEIKQVFFRkFBT0NBUThBTUlJQkNnS0NBUUVBMzR3dWQ5VG1PSGRKZ0JISFl2bUgxTnhuMW9ma1F0SUtQdjFrRlhMMAoyVStYc01xWmtzc2RoVHQ0dUE2OTRaTEU5dzBTK3loeEF3UjBFckZnZG03WVZRakM0TEpGaGdWVkNway83WTBpCnBRZWZ0bkhqMHNwUGVqLzQ3K3RKSWMwbVlLaFVCZW1hT0xiOEtNNDg1VkhESXRXWWJBL3JpN21OVmUzUVVYMGIKaC9ESFRESkJJU2NEeUQvSFl5WnZkWkxxR29jVkN1ZUpPbWk3QVZXOEt4U1Ixd0p0QWR1SHFlSHlrblViWHFQOQpSbmh2TElCcVJKYkNWTWFET0xlYklnNWQvRTRUeG5QL1piWHRCVWJ3cUtJMjNQZ2kwd2JSU0hXRVpHV0cxOFZGCmN2anBKSjljdlZqcEVCNnpPT0xLZm5jd2JqR2YyU1p3ZEpiY3ppSWZHMHdiZHdJREFRQUJveU13SVRBT0JnTlYKSFE4QkFmOEVCQU1DQWdRd0R3WURWUjBUQVFIL0JBVXdBd0VCL3pBTkJna3Foa2lHOXcwQkFRc0ZBQU9DQVFFQQpyeWdxc3Z5SGpqMm9ENldWdlB1UXRsT0ppcEJKQ2hPeXpKNFo0eGlPMzNPV3ZvazlVY2lPTjNickNXWEZrSnpTCmFFZUtoRGRGYVUyTk5IeVBOZVl4SXllNzBadWpldEhoQ3NyRWo2UkNXTnpiVkNiUWthdFpPWnNmQk1lL1QwaFcKUmxTN1Rnb0x4SVA0cDJ2Q2ZvcEZLaXY3V0JtWldIUkVkdW15cjgwTnR1Zk9jU0Q4ekRld0FTSnQ4cy8wMncxOQpYVXp0eVZ6S0RHRWkrN2R0enFpSnVEN2tSaFduYTdOVXJyY0l4ajFFcWxQNVZtd3FJR3o5eWIzV3ZaNUVUamJzCm52RStiTkVONGlZamhHQWhGb0RjOEFLZDYzUEp3NS9aaG5jY1Rrazg3cWVWRTVMdnBxT1B6VVRGbDFCcWMzQmUKWUNtazhiL1Y3T0JwblBNQ25wbUpVdz09Ci0tLS0tRU5EIENFUlRJRklDQVRFLS0tLS0K",
                            "master_auth.0.password": "",
                            "master_auth.0.username": "",
                            "master_authorized_networks_config.#": "1",
                            "master_authorized_networks_config.0.cidr_blocks.#": "1",
                            "master_authorized_networks_config.0.cidr_blocks.90561943.cidr_block": "0.0.0.0/0",
                            "master_authorized_networks_config.0.cidr_blocks.90561943.display_name": "all",
                            "master_version": "1.11.7-gke.4",
                            "monitoring_service": "monitoring.googleapis.com",
                            "name": "rpa-dev-cluster",
                            "network": "projects/ca-rpa-dev/global/networks/terraform-network-dev",
                            "network_policy.#": "1",
                            "network_policy.0.enabled": "false",
                            "network_policy.0.provider": "PROVIDER_UNSPECIFIED",
                            "node_config.#": "0",
                            "node_pool.#": "0",
                            "node_version": "1.11.7-gke.4",
                            "private_cluster_config.#": "1",
                            "private_cluster_config.0.enable_private_endpoint": "false",
                            "private_cluster_config.0.enable_private_nodes": "true",
                            "private_cluster_config.0.master_ipv4_cidr_block": "172.16.0.0/28",
                            "private_cluster_config.0.private_endpoint": "172.16.0.2",
                            "private_cluster_config.0.public_endpoint": "34.85.56.124",
                            "project": "ca-rpa-dev",
                            "region": "asia-northeast1",
                            "remove_default_node_pool": "true",
                            "resource_labels.%": "0",
                            "subnetwork": "projects/ca-rpa-dev/regions/asia-northeast1/subnetworks/terrform-subnet1-dev",
                            "zone": "asia-northeast1"
                        },
                        "meta": {
                            "e2bfb730-ecaa-11e6-8f88-34363bc7c4c0": {
                                "create": 1800000000000,
                                "delete": 1800000000000,
                                "update": 1800000000000
                            },
                            "schema_version": "1"
                        },
                        "tainted": false
                    },
                    "deposed": [],
                    "provider": "provider.google"
                },
                "google_container_node_pool.primary_preemptible_nodes": {
                    "type": "google_container_node_pool",
                    "depends_on": [
                        "google_container_cluster.primary"
                    ],
                    "primary": {
                        "id": "asia-northeast1/rpa-dev-cluster/rpa-dev-node-pool",
                        "attributes": {
                            "cluster": "rpa-dev-cluster",
                            "id": "asia-northeast1/rpa-dev-cluster/rpa-dev-node-pool",
                            "initial_node_count": "1",
                            "instance_group_urls.#": "3",
                            "instance_group_urls.0": "https://www.googleapis.com/compute/v1/projects/ca-rpa-dev/zones/asia-northeast1-b/instanceGroupManagers/gke-rpa-dev-cluster-rpa-dev-node-pool-7837386b-grp",
                            "instance_group_urls.1": "https://www.googleapis.com/compute/v1/projects/ca-rpa-dev/zones/asia-northeast1-a/instanceGroupManagers/gke-rpa-dev-cluster-rpa-dev-node-pool-39d767f2-grp",
                            "instance_group_urls.2": "https://www.googleapis.com/compute/v1/projects/ca-rpa-dev/zones/asia-northeast1-c/instanceGroupManagers/gke-rpa-dev-cluster-rpa-dev-node-pool-7b83884b-grp",
                            "management.#": "1",
                            "management.0.auto_repair": "false",
                            "management.0.auto_upgrade": "false",
                            "name": "rpa-dev-node-pool",
                            "name_prefix": "",
                            "node_config.#": "1",
                            "node_config.0.disk_size_gb": "100",
                            "node_config.0.disk_type": "pd-standard",
                            "node_config.0.guest_accelerator.#": "0",
                            "node_config.0.image_type": "COS",
                            "node_config.0.labels.%": "0",
                            "node_config.0.local_ssd_count": "0",
                            "node_config.0.machine_type": "n1-standard-1",
                            "node_config.0.metadata.%": "0",
                            "node_config.0.min_cpu_platform": "",
                            "node_config.0.oauth_scopes.#": "4",
                            "node_config.0.oauth_scopes.1277378754": "https://www.googleapis.com/auth/monitoring",
                            "node_config.0.oauth_scopes.1632638332": "https://www.googleapis.com/auth/devstorage.read_only",
                            "node_config.0.oauth_scopes.172152165": "https://www.googleapis.com/auth/logging.write",
                            "node_config.0.oauth_scopes.299962681": "https://www.googleapis.com/auth/compute",
                            "node_config.0.preemptible": "true",
                            "node_config.0.service_account": "default",
                            "node_config.0.tags.#": "0",
                            "node_config.0.taint.#": "0",
                            "node_config.0.workload_metadata_config.#": "0",
                            "node_count": "1",
                            "project": "ca-rpa-dev",
                            "region": "asia-northeast1",
                            "version": "1.11.7-gke.4"
                        },
                        "meta": {
                            "e2bfb730-ecaa-11e6-8f88-34363bc7c4c0": {
                                "create": 1800000000000,
                                "delete": 600000000000,
                                "update": 600000000000
                            },
                            "schema_version": "1"
                        },
                        "tainted": false
                    },
                    "deposed": [],
                    "provider": "provider.google"
                },
                "google_project_iam_binding.for-creating-container": {
                    "type": "google_project_iam_binding",
                    "depends_on": [
                        "data.google_project.project"
                    ],
                    "primary": {
                        "id": "ca-rpa-dev/roles/container.developer",
                        "attributes": {
                            "etag": "BwWEb0YMdsA=",
                            "id": "ca-rpa-dev/roles/container.developer",
                            "members.#": "1",
                            "members.3197286295": "serviceAccount:619262707437@cloudbuild.gserviceaccount.com",
                            "project": "ca-rpa-dev",
                            "role": "roles/container.developer"
                        },
                        "meta": {},
                        "tainted": false
                    },
                    "deposed": [],
                    "provider": "provider.google"
                },
                "google_project_iam_binding.for-writting-source-codes": {
                    "type": "google_project_iam_binding",
                    "depends_on": [
                        "data.google_project.project"
                    ],
                    "primary": {
                        "id": "ca-rpa-dev/roles/source.writer",
                        "attributes": {
                            "etag": "BwWEb0ZfwFo=",
                            "id": "ca-rpa-dev/roles/source.writer",
                            "members.#": "1",
                            "members.3197286295": "serviceAccount:619262707437@cloudbuild.gserviceaccount.com",
                            "project": "ca-rpa-dev",
                            "role": "roles/source.writer"
                        },
                        "meta": {},
                        "tainted": false
                    },
                    "deposed": [],
                    "provider": "provider.google"
                },
                "google_sourcerepo_repository.apprepo-dev": {
                    "type": "google_sourcerepo_repository",
                    "depends_on": [],
                    "primary": {
                        "id": "ca-rpa-dev/terraform-app0-repo-dev",
                        "attributes": {
                            "id": "ca-rpa-dev/terraform-app0-repo-dev",
                            "name": "terraform-app0-repo-dev",
                            "project": "ca-rpa-dev",
                            "size": "0",
                            "url": "https://source.developers.google.com/p/ca-rpa-dev/r/terraform-app0-repo-dev"
                        },
                        "meta": {
                            "e2bfb730-ecaa-11e6-8f88-34363bc7c4c0": {
                                "create": 240000000000,
                                "delete": 240000000000
                            }
                        },
                        "tainted": false
                    },
                    "deposed": [],
                    "provider": "provider.google"
                },
                "google_sourcerepo_repository.envrepo-dev": {
                    "type": "google_sourcerepo_repository",
                    "depends_on": [
                        "local.env-repo-name"
                    ],
                    "primary": {
                        "id": "ca-rpa-dev/terraform-env-repo-dev",
                        "attributes": {
                            "id": "ca-rpa-dev/terraform-env-repo-dev",
                            "name": "terraform-env-repo-dev",
                            "project": "ca-rpa-dev",
                            "size": "0",
                            "url": "https://source.developers.google.com/p/ca-rpa-dev/r/terraform-env-repo-dev"
                        },
                        "meta": {
                            "e2bfb730-ecaa-11e6-8f88-34363bc7c4c0": {
                                "create": 240000000000,
                                "delete": 240000000000
                            }
                        },
                        "tainted": false
                    },
                    "deposed": [],
                    "provider": "provider.google"
                }
            },
            "depends_on": []
        }
    ]
}
